
Microsoft Visual Studio Solution File, Format Version 12.00
# Visual Studio 15
VisualStudioVersion = 15.0.26730.8
MinimumVisualStudioVersion = 10.0.40219.1
Project("{2150E333-8FDC-42A3-9474-1A3956D46DE8}") = "Infrastructure", "Infrastructure", "{5B1011EC-CEE5-47AA-B336-99381D573679}"
EndProject
Project("{2150E333-8FDC-42A3-9474-1A3956D46DE8}") = "AzureFunctions", "AzureFunctions", "{106B787C-2CFF-4484-8C07-D14589859E94}"
EndProject
Project("{9A19103F-16F7-4668-BE54-9A1E7A4F7556}") = "marketing-functions", "src\Services\Marketing\Infrastructure\AzureFunctions\marketing-functions.csproj", "{B363EF31-DD1A-46C8-ADDF-CD30A756E97B}"
EndProject
Global
	GlobalSection(SolutionConfigurationPlatforms) = preSolution
		Ad-Hoc|Any CPU = Ad-Hoc|Any CPU
		Ad-Hoc|ARM = Ad-Hoc|ARM
		Ad-Hoc|iPhone = Ad-Hoc|iPhone
		Ad-Hoc|iPhoneSimulator = Ad-Hoc|iPhoneSimulator
		Ad-Hoc|x64 = Ad-Hoc|x64
		Ad-Hoc|x86 = Ad-Hoc|x86
		AppStore|Any CPU = AppStore|Any CPU
		AppStore|ARM = AppStore|ARM
		AppStore|iPhone = AppStore|iPhone
		AppStore|iPhoneSimulator = AppStore|iPhoneSimulator
		AppStore|x64 = AppStore|x64
		AppStore|x86 = AppStore|x86
		Debug|Any CPU = Debug|Any CPU
		Debug|ARM = Debug|ARM
		Debug|iPhone = Debug|iPhone
		Debug|iPhoneSimulator = Debug|iPhoneSimulator
		Debug|x64 = Debug|x64
		Debug|x86 = Debug|x86
		Release|Any CPU = Release|Any CPU
		Release|ARM = Release|ARM
		Release|iPhone = Release|iPhone
		Release|iPhoneSimulator = Release|iPhoneSimulator
		Release|x64 = Release|x64
		Release|x86 = Release|x86
	EndGlobalSection
	GlobalSection(ProjectConfigurationPlatforms) = postSolution
		{B363EF31-DD1A-46C8-ADDF-CD30A756E97B}.Ad-Hoc|Any CPU.ActiveCfg = Debug|Any CPU
		{B363EF31-DD1A-46C8-ADDF-CD30A756E97B}.Ad-Hoc|Any CPU.Build.0 = Debug|Any CPU
		{B363EF31-DD1A-46C8-ADDF-CD30A756E97B}.Ad-Hoc|ARM.ActiveCfg = Debug|Any CPU
		{B363EF31-DD1A-46C8-ADDF-CD30A756E97B}.Ad-Hoc|ARM.Build.0 = Debug|Any CPU
		{B363EF31-DD1A-46C8-ADDF-CD30A756E97B}.Ad-Hoc|iPhone.ActiveCfg = Debug|Any CPU
		{B363EF31-DD1A-46C8-ADDF-CD30A756E97B}.Ad-Hoc|iPhone.Build.0 = Debug|Any CPU
		{B363EF31-DD1A-46C8-ADDF-CD30A756E97B}.Ad-Hoc|iPhoneSimulator.ActiveCfg = Debug|Any CPU
		{B363EF31-DD1A-46C8-ADDF-CD30A756E97B}.Ad-Hoc|iPhoneSimulator.Build.0 = Debug|Any CPU
		{B363EF31-DD1A-46C8-ADDF-CD30A756E97B}.Ad-Hoc|x64.ActiveCfg = Debug|Any CPU
		{B363EF31-DD1A-46C8-ADDF-CD30A756E97B}.Ad-Hoc|x64.Build.0 = Debug|Any CPU
		{B363EF31-DD1A-46C8-ADDF-CD30A756E97B}.Ad-Hoc|x86.ActiveCfg = Debug|Any CPU
		{B363EF31-DD1A-46C8-ADDF-CD30A756E97B}.Ad-Hoc|x86.Build.0 = Debug|Any CPU
		{B363EF31-DD1A-46C8-ADDF-CD30A756E97B}.AppStore|Any CPU.ActiveCfg = Debug|Any CPU
		{B363EF31-DD1A-46C8-ADDF-CD30A756E97B}.AppStore|Any CPU.Build.0 = Debug|Any CPU
		{B363EF31-DD1A-46C8-ADDF-CD30A756E97B}.AppStore|ARM.ActiveCfg = Debug|Any CPU
		{B363EF31-DD1A-46C8-ADDF-CD30A756E97B}.AppStore|ARM.Build.0 = Debug|Any CPU
		{B363EF31-DD1A-46C8-ADDF-CD30A756E97B}.AppStore|iPhone.ActiveCfg = Debug|Any CPU
		{B363EF31-DD1A-46C8-ADDF-CD30A756E97B}.AppStore|iPhone.Build.0 = Debug|Any CPU
		{B363EF31-DD1A-46C8-ADDF-CD30A756E97B}.AppStore|iPhoneSimulator.ActiveCfg = Debug|Any CPU
		{B363EF31-DD1A-46C8-ADDF-CD30A756E97B}.AppStore|iPhoneSimulator.Build.0 = Debug|Any CPU
		{B363EF31-DD1A-46C8-ADDF-CD30A756E97B}.AppStore|x64.ActiveCfg = Debug|Any CPU
		{B363EF31-DD1A-46C8-ADDF-CD30A756E97B}.AppStore|x64.Build.0 = Debug|Any CPU
		{B363EF31-DD1A-46C8-ADDF-CD30A756E97B}.AppStore|x86.ActiveCfg = Debug|Any CPU
		{B363EF31-DD1A-46C8-ADDF-CD30A756E97B}.AppStore|x86.Build.0 = Debug|Any CPU
		{B363EF31-DD1A-46C8-ADDF-CD30A756E97B}.Debug|Any CPU.ActiveCfg = Debug|Any CPU
		{B363EF31-DD1A-46C8-ADDF-CD30A756E97B}.Debug|Any CPU.Build.0 = Debug|Any CPU
		{B363EF31-DD1A-46C8-ADDF-CD30A756E97B}.Debug|ARM.ActiveCfg = Debug|Any CPU
		{B363EF31-DD1A-46C8-ADDF-CD30A756E97B}.Debug|ARM.Build.0 = Debug|Any CPU
		{B363EF31-DD1A-46C8-ADDF-CD30A756E97B}.Debug|iPhone.ActiveCfg = Debug|Any CPU
		{B363EF31-DD1A-46C8-ADDF-CD30A756E97B}.Debug|iPhone.Build.0 = Debug|Any CPU
		{B363EF31-DD1A-46C8-ADDF-CD30A756E97B}.Debug|iPhoneSimulator.ActiveCfg = Debug|Any CPU
		{B363EF31-DD1A-46C8-ADDF-CD30A756E97B}.Debug|iPhoneSimulator.Build.0 = Debug|Any CPU
		{B363EF31-DD1A-46C8-ADDF-CD30A756E97B}.Debug|x64.ActiveCfg = Debug|Any CPU
		{B363EF31-DD1A-46C8-ADDF-CD30A756E97B}.Debug|x64.Build.0 = Debug|Any CPU
		{B363EF31-DD1A-46C8-ADDF-CD30A756E97B}.Debug|x86.ActiveCfg = Debug|Any CPU
		{B363EF31-DD1A-46C8-ADDF-CD30A756E97B}.Debug|x86.Build.0 = Debug|Any CPU
		{B363EF31-DD1A-46C8-ADDF-CD30A756E97B}.Release|Any CPU.ActiveCfg = Release|Any CPU
		{B363EF31-DD1A-46C8-ADDF-CD30A756E97B}.Release|Any CPU.Build.0 = Release|Any CPU
		{B363EF31-DD1A-46C8-ADDF-CD30A756E97B}.Release|ARM.ActiveCfg = Release|Any CPU
		{B363EF31-DD1A-46C8-ADDF-CD30A756E97B}.Release|ARM.Build.0 = Release|Any CPU
		{B363EF31-DD1A-46C8-ADDF-CD30A756E97B}.Release|iPhone.ActiveCfg = Release|Any CPU
		{B363EF31-DD1A-46C8-ADDF-CD30A756E97B}.Release|iPhone.Build.0 = Release|Any CPU
		{B363EF31-DD1A-46C8-ADDF-CD30A756E97B}.Release|iPhoneSimulator.ActiveCfg = Release|Any CPU
		{B363EF31-DD1A-46C8-ADDF-CD30A756E97B}.Release|iPhoneSimulator.Build.0 = Release|Any CPU
		{B363EF31-DD1A-46C8-ADDF-CD30A756E97B}.Release|x64.ActiveCfg = Release|Any CPU
		{B363EF31-DD1A-46C8-ADDF-CD30A756E97B}.Release|x64.Build.0 = Release|Any CPU
		{B363EF31-DD1A-46C8-ADDF-CD30A756E97B}.Release|x86.ActiveCfg = Release|Any CPU
		{B363EF31-DD1A-46C8-ADDF-CD30A756E97B}.Release|x86.Build.0 = Release|Any CPU
	EndGlobalSection
	GlobalSection(SolutionProperties) = preSolution
		HideSolutionNode = FALSE
	EndGlobalSection
	GlobalSection(NestedProjects) = preSolution
		{106B787C-2CFF-4484-8C07-D14589859E94} = {5B1011EC-CEE5-47AA-B336-99381D573679}
		{B363EF31-DD1A-46C8-ADDF-CD30A756E97B} = {106B787C-2CFF-4484-8C07-D14589859E94}
	EndGlobalSection
EndGlobal
