
Microsoft Visual Studio Solution File, Format Version 12.00
# Visual Studio 14
VisualStudioVersion = 14.0.25420.1
MinimumVisualStudioVersion = 10.0.40219.1
Project("{2150E333-8FDC-42A3-9474-1A3956D46DE8}") = "src", "src", "{932D8224-11F6-4D07-B109-DA28AD288A63}"
EndProject
Project("{2150E333-8FDC-42A3-9474-1A3956D46DE8}") = "Solution Items", "Solution Items", "{3AF739CD-81D8-428D-A08A-0A58372DEBF6}"
	ProjectSection(SolutionItems) = preProject
		docker-compose.yml = docker-compose.yml
		global.json = global.json
		NuGet.config = NuGet.config
	EndProjectSection
EndProject
Project("{2150E333-8FDC-42A3-9474-1A3956D46DE8}") = "Services", "Services", "{91CF7717-08AB-4E65-B10E-0B426F01E2E8}"
EndProject
Project("{2150E333-8FDC-42A3-9474-1A3956D46DE8}") = "Web Apps", "Web Apps", "{E279BF0F-7F66-4F3A-A3AB-2CDA66C1CD04}"
EndProject
Project("{2150E333-8FDC-42A3-9474-1A3956D46DE8}") = "Mobile Apps", "Mobile Apps", "{F61357CE-1CC2-410E-8776-B16EEBC98EB8}"
	ProjectSection(SolutionItems) = preProject
		src\Mobile\Xamarin projects when created.txt = src\Mobile\Xamarin projects when created.txt
	EndProjectSection
EndProject
Project("{2150E333-8FDC-42A3-9474-1A3956D46DE8}") = "Catalog", "Catalog", "{326A7FB3-5295-468C-A4FE-67DCB823E1E5}"
EndProject
Project("{2150E333-8FDC-42A3-9474-1A3956D46DE8}") = "Basket", "Basket", "{BF3EF4F3-E4F5-41DA-9D2D-57223687D1A8}"
EndProject
Project("{2150E333-8FDC-42A3-9474-1A3956D46DE8}") = "Ordering", "Ordering", "{0BD0DB92-2D98-44D9-9AC0-C59186D59B0B}"
EndProject
Project("{8BB2217D-0F2D-49D1-97BC-3654ED321F3B}") = "eShopOnContainers.WebMVC", "src\Web\Microsoft.eShopOnContainers.WebMVC\eShopOnContainers.WebMVC.xproj", "{F0333D8E-0B27-42B7-B2C6-78F3657624E2}"
EndProject
Project("{8BB2217D-0F2D-49D1-97BC-3654ED321F3B}") = "Basket.API", "src\Services\Basket\Basket.API\Basket.API.xproj", "{2110CBB0-3B38-4EE4-A743-DF6968D80D90}"
EndProject
Project("{8BB2217D-0F2D-49D1-97BC-3654ED321F3B}") = "Catalog.API", "src\Services\Catalog\Catalog.API\Catalog.API.xproj", "{42681D9D-750A-4DF7-BD9F-9292CFD5C253}"
EndProject
Project("{8BB2217D-0F2D-49D1-97BC-3654ED321F3B}") = "Ordering.API", "src\Services\Ordering\Ordering.API\Ordering.API.xproj", "{231226CE-690B-4979-8870-9A79D80928E2}"
EndProject
Project("{8BB2217D-0F2D-49D1-97BC-3654ED321F3B}") = "Ordering.Domain", "src\Services\Ordering\Ordering.Domain\Ordering.Domain.xproj", "{F5598DCB-6DDE-4661-AD9D-A55612DA7E76}"
EndProject
Project("{8BB2217D-0F2D-49D1-97BC-3654ED321F3B}") = "Ordering.SqlData", "src\Services\Ordering\Ordering.SqlData\Ordering.SqlData.xproj", "{5DA6EF13-C7E0-4EC4-8599-A61C6AC2628D}"
EndProject
Project("{2150E333-8FDC-42A3-9474-1A3956D46DE8}") = "test", "test", "{A857AD10-40FF-4303-BEC2-FF1C58D5735E}"
EndProject
Project("{2150E333-8FDC-42A3-9474-1A3956D46DE8}") = "Services", "Services", "{EF0337F2-ED00-4643-89FD-EE10863F1870}"
EndProject
Project("{8BB2217D-0F2D-49D1-97BC-3654ED321F3B}") = "Ordering.Test", "test\Services\Ordering.Test\Ordering.Test.xproj", "{A0AFC432-3846-4B4E-BD8E-3C8C896F4967}"
EndProject
Project("{2150E333-8FDC-42A3-9474-1A3956D46DE8}") = "Console App", "Console App", "{48FC45C5-223F-4B59-AC77-6CBB1C561E85}"
EndProject
Project("{8BB2217D-0F2D-49D1-97BC-3654ED321F3B}") = "eShopConsole", "src\Console\eShopConsole\eShopConsole.xproj", "{C10C7B69-CE4F-4167-928E-33B7FA1DFFC7}"
EndProject
Global
	GlobalSection(SolutionConfigurationPlatforms) = preSolution
		Debug|Any CPU = Debug|Any CPU
		Release|Any CPU = Release|Any CPU
	EndGlobalSection
	GlobalSection(ProjectConfigurationPlatforms) = postSolution
		{F0333D8E-0B27-42B7-B2C6-78F3657624E2}.Debug|Any CPU.ActiveCfg = Debug|Any CPU
		{F0333D8E-0B27-42B7-B2C6-78F3657624E2}.Debug|Any CPU.Build.0 = Debug|Any CPU
		{F0333D8E-0B27-42B7-B2C6-78F3657624E2}.Release|Any CPU.ActiveCfg = Release|Any CPU
		{F0333D8E-0B27-42B7-B2C6-78F3657624E2}.Release|Any CPU.Build.0 = Release|Any CPU
		{2110CBB0-3B38-4EE4-A743-DF6968D80D90}.Debug|Any CPU.ActiveCfg = Debug|Any CPU
		{2110CBB0-3B38-4EE4-A743-DF6968D80D90}.Debug|Any CPU.Build.0 = Debug|Any CPU
		{2110CBB0-3B38-4EE4-A743-DF6968D80D90}.Release|Any CPU.ActiveCfg = Release|Any CPU
		{2110CBB0-3B38-4EE4-A743-DF6968D80D90}.Release|Any CPU.Build.0 = Release|Any CPU
		{42681D9D-750A-4DF7-BD9F-9292CFD5C253}.Debug|Any CPU.ActiveCfg = Debug|Any CPU
		{42681D9D-750A-4DF7-BD9F-9292CFD5C253}.Debug|Any CPU.Build.0 = Debug|Any CPU
		{42681D9D-750A-4DF7-BD9F-9292CFD5C253}.Release|Any CPU.ActiveCfg = Release|Any CPU
		{42681D9D-750A-4DF7-BD9F-9292CFD5C253}.Release|Any CPU.Build.0 = Release|Any CPU
		{231226CE-690B-4979-8870-9A79D80928E2}.Debug|Any CPU.ActiveCfg = Debug|Any CPU
		{231226CE-690B-4979-8870-9A79D80928E2}.Debug|Any CPU.Build.0 = Debug|Any CPU
		{231226CE-690B-4979-8870-9A79D80928E2}.Release|Any CPU.ActiveCfg = Release|Any CPU
		{231226CE-690B-4979-8870-9A79D80928E2}.Release|Any CPU.Build.0 = Release|Any CPU
		{F5598DCB-6DDE-4661-AD9D-A55612DA7E76}.Debug|Any CPU.ActiveCfg = Debug|Any CPU
		{F5598DCB-6DDE-4661-AD9D-A55612DA7E76}.Debug|Any CPU.Build.0 = Debug|Any CPU
		{F5598DCB-6DDE-4661-AD9D-A55612DA7E76}.Release|Any CPU.ActiveCfg = Release|Any CPU
		{F5598DCB-6DDE-4661-AD9D-A55612DA7E76}.Release|Any CPU.Build.0 = Release|Any CPU
		{5DA6EF13-C7E0-4EC4-8599-A61C6AC2628D}.Debug|Any CPU.ActiveCfg = Debug|Any CPU
		{5DA6EF13-C7E0-4EC4-8599-A61C6AC2628D}.Debug|Any CPU.Build.0 = Debug|Any CPU
		{5DA6EF13-C7E0-4EC4-8599-A61C6AC2628D}.Release|Any CPU.ActiveCfg = Release|Any CPU
		{5DA6EF13-C7E0-4EC4-8599-A61C6AC2628D}.Release|Any CPU.Build.0 = Release|Any CPU
		{A0AFC432-3846-4B4E-BD8E-3C8C896F4967}.Debug|Any CPU.ActiveCfg = Debug|Any CPU
		{A0AFC432-3846-4B4E-BD8E-3C8C896F4967}.Debug|Any CPU.Build.0 = Debug|Any CPU
		{A0AFC432-3846-4B4E-BD8E-3C8C896F4967}.Release|Any CPU.ActiveCfg = Release|Any CPU
		{A0AFC432-3846-4B4E-BD8E-3C8C896F4967}.Release|Any CPU.Build.0 = Release|Any CPU
		{C10C7B69-CE4F-4167-928E-33B7FA1DFFC7}.Debug|Any CPU.ActiveCfg = Debug|Any CPU
		{C10C7B69-CE4F-4167-928E-33B7FA1DFFC7}.Debug|Any CPU.Build.0 = Debug|Any CPU
		{C10C7B69-CE4F-4167-928E-33B7FA1DFFC7}.Release|Any CPU.ActiveCfg = Release|Any CPU
		{C10C7B69-CE4F-4167-928E-33B7FA1DFFC7}.Release|Any CPU.Build.0 = Release|Any CPU
	EndGlobalSection
	GlobalSection(SolutionProperties) = preSolution
		HideSolutionNode = FALSE
	EndGlobalSection
	GlobalSection(NestedProjects) = preSolution
		{91CF7717-08AB-4E65-B10E-0B426F01E2E8} = {932D8224-11F6-4D07-B109-DA28AD288A63}
		{E279BF0F-7F66-4F3A-A3AB-2CDA66C1CD04} = {932D8224-11F6-4D07-B109-DA28AD288A63}
		{F61357CE-1CC2-410E-8776-B16EEBC98EB8} = {932D8224-11F6-4D07-B109-DA28AD288A63}
		{326A7FB3-5295-468C-A4FE-67DCB823E1E5} = {91CF7717-08AB-4E65-B10E-0B426F01E2E8}
		{BF3EF4F3-E4F5-41DA-9D2D-57223687D1A8} = {91CF7717-08AB-4E65-B10E-0B426F01E2E8}
		{0BD0DB92-2D98-44D9-9AC0-C59186D59B0B} = {91CF7717-08AB-4E65-B10E-0B426F01E2E8}
		{F0333D8E-0B27-42B7-B2C6-78F3657624E2} = {E279BF0F-7F66-4F3A-A3AB-2CDA66C1CD04}
		{2110CBB0-3B38-4EE4-A743-DF6968D80D90} = {BF3EF4F3-E4F5-41DA-9D2D-57223687D1A8}
		{42681D9D-750A-4DF7-BD9F-9292CFD5C253} = {326A7FB3-5295-468C-A4FE-67DCB823E1E5}
		{231226CE-690B-4979-8870-9A79D80928E2} = {0BD0DB92-2D98-44D9-9AC0-C59186D59B0B}
		{F5598DCB-6DDE-4661-AD9D-A55612DA7E76} = {0BD0DB92-2D98-44D9-9AC0-C59186D59B0B}
		{5DA6EF13-C7E0-4EC4-8599-A61C6AC2628D} = {0BD0DB92-2D98-44D9-9AC0-C59186D59B0B}
		{EF0337F2-ED00-4643-89FD-EE10863F1870} = {A857AD10-40FF-4303-BEC2-FF1C58D5735E}
		{A0AFC432-3846-4B4E-BD8E-3C8C896F4967} = {EF0337F2-ED00-4643-89FD-EE10863F1870}
		{48FC45C5-223F-4B59-AC77-6CBB1C561E85} = {932D8224-11F6-4D07-B109-DA28AD288A63}
		{C10C7B69-CE4F-4167-928E-33B7FA1DFFC7} = {48FC45C5-223F-4B59-AC77-6CBB1C561E85}
	EndGlobalSection
EndGlobal
