
Microsoft Visual Studio Solution File, Format Version 12.00
# Visual Studio 15
VisualStudioVersion = 15.0.26228.0
MinimumVisualStudioVersion = 10.0.40219.1
Project("{2150E333-8FDC-42A3-9474-1A3956D46DE8}") = "src", "src", "{932D8224-11F6-4D07-B109-DA28AD288A63}"
EndProject
Project("{2150E333-8FDC-42A3-9474-1A3956D46DE8}") = "Solution Items", "Solution Items", "{3AF739CD-81D8-428D-A08A-0A58372DEBF6}"
	ProjectSection(SolutionItems) = preProject
		NuGet.config = NuGet.config
	EndProjectSection
EndProject
Project("{2150E333-8FDC-42A3-9474-1A3956D46DE8}") = "Services", "Services", "{91CF7717-08AB-4E65-B10E-0B426F01E2E8}"
EndProject
Project("{2150E333-8FDC-42A3-9474-1A3956D46DE8}") = "Web Apps", "Web Apps", "{E279BF0F-7F66-4F3A-A3AB-2CDA66C1CD04}"
EndProject
Project("{2150E333-8FDC-42A3-9474-1A3956D46DE8}") = "Catalog", "Catalog", "{326A7FB3-5295-468C-A4FE-67DCB823E1E5}"
EndProject
Project("{2150E333-8FDC-42A3-9474-1A3956D46DE8}") = "Basket", "Basket", "{BF3EF4F3-E4F5-41DA-9D2D-57223687D1A8}"
EndProject
Project("{2150E333-8FDC-42A3-9474-1A3956D46DE8}") = "Ordering", "Ordering", "{0BD0DB92-2D98-44D9-9AC0-C59186D59B0B}"
EndProject
Project("{2150E333-8FDC-42A3-9474-1A3956D46DE8}") = "test", "test", "{A857AD10-40FF-4303-BEC2-FF1C58D5735E}"
EndProject
Project("{2150E333-8FDC-42A3-9474-1A3956D46DE8}") = "Services", "Services", "{EF0337F2-ED00-4643-89FD-EE10863F1870}"
EndProject
Project("{2150E333-8FDC-42A3-9474-1A3956D46DE8}") = "Identity", "Identity", "{24CD3B53-141E-4A07-9B0D-796641E1CF78}"
EndProject
Project("{9A19103F-16F7-4668-BE54-9A1E7A4F7556}") = "Basket.API", "src\Services\Basket\Basket.API\Basket.API.csproj", "{2110CBB0-3B38-4EE4-A743-DF6968D80D90}"
EndProject
Project("{9A19103F-16F7-4668-BE54-9A1E7A4F7556}") = "Catalog.API", "src\Services\Catalog\Catalog.API\Catalog.API.csproj", "{42681D9D-750A-4DF7-BD9F-9292CFD5C253}"
EndProject
Project("{9A19103F-16F7-4668-BE54-9A1E7A4F7556}") = "Ordering.API", "src\Services\Ordering\Ordering.API\Ordering.API.csproj", "{231226CE-690B-4979-8870-9A79D80928E2}"
EndProject
Project("{9A19103F-16F7-4668-BE54-9A1E7A4F7556}") = "Ordering.Domain", "src\Services\Ordering\Ordering.Domain\Ordering.Domain.csproj", "{F5598DCB-6DDE-4661-AD9D-A55612DA7E76}"
EndProject
Project("{9A19103F-16F7-4668-BE54-9A1E7A4F7556}") = "WebMVC", "src\Web\WebMVC\WebMVC.csproj", "{F0333D8E-0B27-42B7-B2C6-78F3657624E2}"
EndProject
Project("{9A19103F-16F7-4668-BE54-9A1E7A4F7556}") = "Ordering.Infrastructure", "src\Services\Ordering\Ordering.Infrastructure\Ordering.Infrastructure.csproj", "{95F1F07C-4D92-4742-BD07-E5B805AAB651}"
EndProject
Project("{9A19103F-16F7-4668-BE54-9A1E7A4F7556}") = "UnitTest", "test\Services\UnitTest\UnitTest.csproj", "{7796F5D8-31FC-45A4-B673-19DE5BA194CF}"
EndProject
Project("{9A19103F-16F7-4668-BE54-9A1E7A4F7556}") = "Identity.API", "src\Services\Identity\Identity.API\Identity.API.csproj", "{A579E108-5445-403D-A407-339AC4D1611B}"
EndProject
Project("{E53339B2-1760-4266-BCC7-CA923CBCF16C}") = "docker-compose", "docker-compose.dcproj", "{FEA0C318-FFED-4D39-8781-265718CA43DD}"
EndProject
Project("{9A19103F-16F7-4668-BE54-9A1E7A4F7556}") = "WebSPA", "src\Web\WebSPA\WebSPA.csproj", "{F16E3C6A-1C94-4EAB-BE91-099618060B68}"
EndProject
Project("{9A19103F-16F7-4668-BE54-9A1E7A4F7556}") = "IntegrationTests", "test\Services\IntegrationTests\IntegrationTests.csproj", "{5B810E3D-112E-4857-B197-F09D2FD41E27}"
EndProject
Project("{9A19103F-16F7-4668-BE54-9A1E7A4F7556}") = "FunctionalTests", "test\Services\FunctionalTests\FunctionalTests.csproj", "{CFE2FACB-4538-4B99-8A10-306F3882952D}"
EndProject
Global
	GlobalSection(SolutionConfigurationPlatforms) = preSolution
		Ad-Hoc|Any CPU = Ad-Hoc|Any CPU
		Ad-Hoc|ARM = Ad-Hoc|ARM
		Ad-Hoc|iPhone = Ad-Hoc|iPhone
		Ad-Hoc|iPhoneSimulator = Ad-Hoc|iPhoneSimulator
		Ad-Hoc|x64 = Ad-Hoc|x64
		Ad-Hoc|x86 = Ad-Hoc|x86
		AppStore|Any CPU = AppStore|Any CPU
		AppStore|ARM = AppStore|ARM
		AppStore|iPhone = AppStore|iPhone
		AppStore|iPhoneSimulator = AppStore|iPhoneSimulator
		AppStore|x64 = AppStore|x64
		AppStore|x86 = AppStore|x86
		Debug|Any CPU = Debug|Any CPU
		Debug|ARM = Debug|ARM
		Debug|iPhone = Debug|iPhone
		Debug|iPhoneSimulator = Debug|iPhoneSimulator
		Debug|x64 = Debug|x64
		Debug|x86 = Debug|x86
		Release|Any CPU = Release|Any CPU
		Release|ARM = Release|ARM
		Release|iPhone = Release|iPhone
		Release|iPhoneSimulator = Release|iPhoneSimulator
		Release|x64 = Release|x64
		Release|x86 = Release|x86
	EndGlobalSection
	GlobalSection(ProjectConfigurationPlatforms) = postSolution
		{2110CBB0-3B38-4EE4-A743-DF6968D80D90}.Ad-Hoc|Any CPU.ActiveCfg = Release|Any CPU
		{2110CBB0-3B38-4EE4-A743-DF6968D80D90}.Ad-Hoc|ARM.ActiveCfg = Release|Any CPU
		{2110CBB0-3B38-4EE4-A743-DF6968D80D90}.Ad-Hoc|iPhone.ActiveCfg = Release|Any CPU
		{2110CBB0-3B38-4EE4-A743-DF6968D80D90}.Ad-Hoc|iPhoneSimulator.ActiveCfg = Release|Any CPU
		{2110CBB0-3B38-4EE4-A743-DF6968D80D90}.Ad-Hoc|x64.ActiveCfg = Release|Any CPU
		{2110CBB0-3B38-4EE4-A743-DF6968D80D90}.Ad-Hoc|x86.ActiveCfg = Release|Any CPU
		{2110CBB0-3B38-4EE4-A743-DF6968D80D90}.AppStore|Any CPU.ActiveCfg = Release|Any CPU
		{2110CBB0-3B38-4EE4-A743-DF6968D80D90}.AppStore|ARM.ActiveCfg = Release|Any CPU
		{2110CBB0-3B38-4EE4-A743-DF6968D80D90}.AppStore|iPhone.ActiveCfg = Release|Any CPU
		{2110CBB0-3B38-4EE4-A743-DF6968D80D90}.AppStore|iPhoneSimulator.ActiveCfg = Release|Any CPU
		{2110CBB0-3B38-4EE4-A743-DF6968D80D90}.AppStore|x64.ActiveCfg = Release|Any CPU
		{2110CBB0-3B38-4EE4-A743-DF6968D80D90}.AppStore|x86.ActiveCfg = Release|Any CPU
		{2110CBB0-3B38-4EE4-A743-DF6968D80D90}.Debug|Any CPU.ActiveCfg = Debug|Any CPU
		{2110CBB0-3B38-4EE4-A743-DF6968D80D90}.Debug|Any CPU.Build.0 = Debug|Any CPU
		{2110CBB0-3B38-4EE4-A743-DF6968D80D90}.Debug|ARM.ActiveCfg = Debug|Any CPU
		{2110CBB0-3B38-4EE4-A743-DF6968D80D90}.Debug|iPhone.ActiveCfg = Debug|Any CPU
		{2110CBB0-3B38-4EE4-A743-DF6968D80D90}.Debug|iPhoneSimulator.ActiveCfg = Debug|Any CPU
		{2110CBB0-3B38-4EE4-A743-DF6968D80D90}.Debug|x64.ActiveCfg = Debug|Any CPU
		{2110CBB0-3B38-4EE4-A743-DF6968D80D90}.Debug|x86.ActiveCfg = Debug|Any CPU
		{2110CBB0-3B38-4EE4-A743-DF6968D80D90}.Release|Any CPU.ActiveCfg = Release|Any CPU
		{2110CBB0-3B38-4EE4-A743-DF6968D80D90}.Release|Any CPU.Build.0 = Release|Any CPU
		{2110CBB0-3B38-4EE4-A743-DF6968D80D90}.Release|ARM.ActiveCfg = Release|Any CPU
		{2110CBB0-3B38-4EE4-A743-DF6968D80D90}.Release|iPhone.ActiveCfg = Release|Any CPU
		{2110CBB0-3B38-4EE4-A743-DF6968D80D90}.Release|iPhoneSimulator.ActiveCfg = Release|Any CPU
		{2110CBB0-3B38-4EE4-A743-DF6968D80D90}.Release|x64.ActiveCfg = Release|Any CPU
		{2110CBB0-3B38-4EE4-A743-DF6968D80D90}.Release|x86.ActiveCfg = Release|Any CPU
		{42681D9D-750A-4DF7-BD9F-9292CFD5C253}.Ad-Hoc|Any CPU.ActiveCfg = Release|Any CPU
		{42681D9D-750A-4DF7-BD9F-9292CFD5C253}.Ad-Hoc|ARM.ActiveCfg = Release|Any CPU
		{42681D9D-750A-4DF7-BD9F-9292CFD5C253}.Ad-Hoc|iPhone.ActiveCfg = Release|Any CPU
		{42681D9D-750A-4DF7-BD9F-9292CFD5C253}.Ad-Hoc|iPhoneSimulator.ActiveCfg = Release|Any CPU
		{42681D9D-750A-4DF7-BD9F-9292CFD5C253}.Ad-Hoc|x64.ActiveCfg = Release|Any CPU
		{42681D9D-750A-4DF7-BD9F-9292CFD5C253}.Ad-Hoc|x86.ActiveCfg = Release|Any CPU
		{42681D9D-750A-4DF7-BD9F-9292CFD5C253}.AppStore|Any CPU.ActiveCfg = Release|Any CPU
		{42681D9D-750A-4DF7-BD9F-9292CFD5C253}.AppStore|ARM.ActiveCfg = Release|Any CPU
		{42681D9D-750A-4DF7-BD9F-9292CFD5C253}.AppStore|iPhone.ActiveCfg = Release|Any CPU
		{42681D9D-750A-4DF7-BD9F-9292CFD5C253}.AppStore|iPhoneSimulator.ActiveCfg = Release|Any CPU
		{42681D9D-750A-4DF7-BD9F-9292CFD5C253}.AppStore|x64.ActiveCfg = Release|Any CPU
		{42681D9D-750A-4DF7-BD9F-9292CFD5C253}.AppStore|x86.ActiveCfg = Release|Any CPU
		{42681D9D-750A-4DF7-BD9F-9292CFD5C253}.Debug|Any CPU.ActiveCfg = Debug|Any CPU
		{42681D9D-750A-4DF7-BD9F-9292CFD5C253}.Debug|Any CPU.Build.0 = Debug|Any CPU
		{42681D9D-750A-4DF7-BD9F-9292CFD5C253}.Debug|ARM.ActiveCfg = Debug|Any CPU
		{42681D9D-750A-4DF7-BD9F-9292CFD5C253}.Debug|iPhone.ActiveCfg = Debug|Any CPU
		{42681D9D-750A-4DF7-BD9F-9292CFD5C253}.Debug|iPhoneSimulator.ActiveCfg = Debug|Any CPU
		{42681D9D-750A-4DF7-BD9F-9292CFD5C253}.Debug|x64.ActiveCfg = Debug|Any CPU
		{42681D9D-750A-4DF7-BD9F-9292CFD5C253}.Debug|x86.ActiveCfg = Debug|Any CPU
		{42681D9D-750A-4DF7-BD9F-9292CFD5C253}.Release|Any CPU.ActiveCfg = Release|Any CPU
		{42681D9D-750A-4DF7-BD9F-9292CFD5C253}.Release|Any CPU.Build.0 = Release|Any CPU
		{42681D9D-750A-4DF7-BD9F-9292CFD5C253}.Release|ARM.ActiveCfg = Release|Any CPU
		{42681D9D-750A-4DF7-BD9F-9292CFD5C253}.Release|iPhone.ActiveCfg = Release|Any CPU
		{42681D9D-750A-4DF7-BD9F-9292CFD5C253}.Release|iPhoneSimulator.ActiveCfg = Release|Any CPU
		{42681D9D-750A-4DF7-BD9F-9292CFD5C253}.Release|x64.ActiveCfg = Release|Any CPU
		{42681D9D-750A-4DF7-BD9F-9292CFD5C253}.Release|x86.ActiveCfg = Release|Any CPU
		{231226CE-690B-4979-8870-9A79D80928E2}.Ad-Hoc|Any CPU.ActiveCfg = Release|Any CPU
		{231226CE-690B-4979-8870-9A79D80928E2}.Ad-Hoc|ARM.ActiveCfg = Release|Any CPU
		{231226CE-690B-4979-8870-9A79D80928E2}.Ad-Hoc|iPhone.ActiveCfg = Release|Any CPU
		{231226CE-690B-4979-8870-9A79D80928E2}.Ad-Hoc|iPhoneSimulator.ActiveCfg = Release|Any CPU
		{231226CE-690B-4979-8870-9A79D80928E2}.Ad-Hoc|x64.ActiveCfg = Release|Any CPU
		{231226CE-690B-4979-8870-9A79D80928E2}.Ad-Hoc|x86.ActiveCfg = Release|Any CPU
		{231226CE-690B-4979-8870-9A79D80928E2}.AppStore|Any CPU.ActiveCfg = Release|Any CPU
		{231226CE-690B-4979-8870-9A79D80928E2}.AppStore|ARM.ActiveCfg = Release|Any CPU
		{231226CE-690B-4979-8870-9A79D80928E2}.AppStore|iPhone.ActiveCfg = Release|Any CPU
		{231226CE-690B-4979-8870-9A79D80928E2}.AppStore|iPhoneSimulator.ActiveCfg = Release|Any CPU
		{231226CE-690B-4979-8870-9A79D80928E2}.AppStore|x64.ActiveCfg = Release|Any CPU
		{231226CE-690B-4979-8870-9A79D80928E2}.AppStore|x86.ActiveCfg = Release|Any CPU
		{231226CE-690B-4979-8870-9A79D80928E2}.Debug|Any CPU.ActiveCfg = Debug|Any CPU
		{231226CE-690B-4979-8870-9A79D80928E2}.Debug|Any CPU.Build.0 = Debug|Any CPU
		{231226CE-690B-4979-8870-9A79D80928E2}.Debug|ARM.ActiveCfg = Debug|Any CPU
		{231226CE-690B-4979-8870-9A79D80928E2}.Debug|iPhone.ActiveCfg = Debug|Any CPU
		{231226CE-690B-4979-8870-9A79D80928E2}.Debug|iPhoneSimulator.ActiveCfg = Debug|Any CPU
		{231226CE-690B-4979-8870-9A79D80928E2}.Debug|x64.ActiveCfg = Debug|Any CPU
		{231226CE-690B-4979-8870-9A79D80928E2}.Debug|x86.ActiveCfg = Debug|Any CPU
		{231226CE-690B-4979-8870-9A79D80928E2}.Release|Any CPU.ActiveCfg = Release|Any CPU
		{231226CE-690B-4979-8870-9A79D80928E2}.Release|Any CPU.Build.0 = Release|Any CPU
		{231226CE-690B-4979-8870-9A79D80928E2}.Release|ARM.ActiveCfg = Release|Any CPU
		{231226CE-690B-4979-8870-9A79D80928E2}.Release|iPhone.ActiveCfg = Release|Any CPU
		{231226CE-690B-4979-8870-9A79D80928E2}.Release|iPhoneSimulator.ActiveCfg = Release|Any CPU
		{231226CE-690B-4979-8870-9A79D80928E2}.Release|x64.ActiveCfg = Release|Any CPU
		{231226CE-690B-4979-8870-9A79D80928E2}.Release|x86.ActiveCfg = Release|Any CPU
		{F5598DCB-6DDE-4661-AD9D-A55612DA7E76}.Ad-Hoc|Any CPU.ActiveCfg = Release|Any CPU
		{F5598DCB-6DDE-4661-AD9D-A55612DA7E76}.Ad-Hoc|ARM.ActiveCfg = Release|Any CPU
		{F5598DCB-6DDE-4661-AD9D-A55612DA7E76}.Ad-Hoc|iPhone.ActiveCfg = Release|Any CPU
		{F5598DCB-6DDE-4661-AD9D-A55612DA7E76}.Ad-Hoc|iPhoneSimulator.ActiveCfg = Release|Any CPU
		{F5598DCB-6DDE-4661-AD9D-A55612DA7E76}.Ad-Hoc|x64.ActiveCfg = Release|Any CPU
		{F5598DCB-6DDE-4661-AD9D-A55612DA7E76}.Ad-Hoc|x86.ActiveCfg = Release|Any CPU
		{F5598DCB-6DDE-4661-AD9D-A55612DA7E76}.AppStore|Any CPU.ActiveCfg = Release|Any CPU
		{F5598DCB-6DDE-4661-AD9D-A55612DA7E76}.AppStore|ARM.ActiveCfg = Release|Any CPU
		{F5598DCB-6DDE-4661-AD9D-A55612DA7E76}.AppStore|iPhone.ActiveCfg = Release|Any CPU
		{F5598DCB-6DDE-4661-AD9D-A55612DA7E76}.AppStore|iPhoneSimulator.ActiveCfg = Release|Any CPU
		{F5598DCB-6DDE-4661-AD9D-A55612DA7E76}.AppStore|x64.ActiveCfg = Release|Any CPU
		{F5598DCB-6DDE-4661-AD9D-A55612DA7E76}.AppStore|x86.ActiveCfg = Release|Any CPU
		{F5598DCB-6DDE-4661-AD9D-A55612DA7E76}.Debug|Any CPU.ActiveCfg = Debug|Any CPU
		{F5598DCB-6DDE-4661-AD9D-A55612DA7E76}.Debug|Any CPU.Build.0 = Debug|Any CPU
		{F5598DCB-6DDE-4661-AD9D-A55612DA7E76}.Debug|ARM.ActiveCfg = Debug|Any CPU
		{F5598DCB-6DDE-4661-AD9D-A55612DA7E76}.Debug|iPhone.ActiveCfg = Debug|Any CPU
		{F5598DCB-6DDE-4661-AD9D-A55612DA7E76}.Debug|iPhoneSimulator.ActiveCfg = Debug|Any CPU
		{F5598DCB-6DDE-4661-AD9D-A55612DA7E76}.Debug|x64.ActiveCfg = Debug|Any CPU
		{F5598DCB-6DDE-4661-AD9D-A55612DA7E76}.Debug|x86.ActiveCfg = Debug|Any CPU
		{F5598DCB-6DDE-4661-AD9D-A55612DA7E76}.Release|Any CPU.ActiveCfg = Release|Any CPU
		{F5598DCB-6DDE-4661-AD9D-A55612DA7E76}.Release|Any CPU.Build.0 = Release|Any CPU
		{F5598DCB-6DDE-4661-AD9D-A55612DA7E76}.Release|ARM.ActiveCfg = Release|Any CPU
		{F5598DCB-6DDE-4661-AD9D-A55612DA7E76}.Release|iPhone.ActiveCfg = Release|Any CPU
		{F5598DCB-6DDE-4661-AD9D-A55612DA7E76}.Release|iPhoneSimulator.ActiveCfg = Release|Any CPU
		{F5598DCB-6DDE-4661-AD9D-A55612DA7E76}.Release|x64.ActiveCfg = Release|Any CPU
		{F5598DCB-6DDE-4661-AD9D-A55612DA7E76}.Release|x86.ActiveCfg = Release|Any CPU
		{F0333D8E-0B27-42B7-B2C6-78F3657624E2}.Ad-Hoc|Any CPU.ActiveCfg = Release|Any CPU
		{F0333D8E-0B27-42B7-B2C6-78F3657624E2}.Ad-Hoc|ARM.ActiveCfg = Release|Any CPU
		{F0333D8E-0B27-42B7-B2C6-78F3657624E2}.Ad-Hoc|iPhone.ActiveCfg = Release|Any CPU
		{F0333D8E-0B27-42B7-B2C6-78F3657624E2}.Ad-Hoc|iPhoneSimulator.ActiveCfg = Release|Any CPU
		{F0333D8E-0B27-42B7-B2C6-78F3657624E2}.Ad-Hoc|x64.ActiveCfg = Release|Any CPU
		{F0333D8E-0B27-42B7-B2C6-78F3657624E2}.Ad-Hoc|x86.ActiveCfg = Release|Any CPU
		{F0333D8E-0B27-42B7-B2C6-78F3657624E2}.AppStore|Any CPU.ActiveCfg = Release|Any CPU
		{F0333D8E-0B27-42B7-B2C6-78F3657624E2}.AppStore|ARM.ActiveCfg = Release|Any CPU
		{F0333D8E-0B27-42B7-B2C6-78F3657624E2}.AppStore|iPhone.ActiveCfg = Release|Any CPU
		{F0333D8E-0B27-42B7-B2C6-78F3657624E2}.AppStore|iPhoneSimulator.ActiveCfg = Release|Any CPU
		{F0333D8E-0B27-42B7-B2C6-78F3657624E2}.AppStore|x64.ActiveCfg = Release|Any CPU
		{F0333D8E-0B27-42B7-B2C6-78F3657624E2}.AppStore|x86.ActiveCfg = Release|Any CPU
		{F0333D8E-0B27-42B7-B2C6-78F3657624E2}.Debug|Any CPU.ActiveCfg = Debug|Any CPU
		{F0333D8E-0B27-42B7-B2C6-78F3657624E2}.Debug|Any CPU.Build.0 = Debug|Any CPU
		{F0333D8E-0B27-42B7-B2C6-78F3657624E2}.Debug|ARM.ActiveCfg = Debug|Any CPU
		{F0333D8E-0B27-42B7-B2C6-78F3657624E2}.Debug|iPhone.ActiveCfg = Debug|Any CPU
		{F0333D8E-0B27-42B7-B2C6-78F3657624E2}.Debug|iPhoneSimulator.ActiveCfg = Debug|Any CPU
		{F0333D8E-0B27-42B7-B2C6-78F3657624E2}.Debug|x64.ActiveCfg = Debug|Any CPU
		{F0333D8E-0B27-42B7-B2C6-78F3657624E2}.Debug|x86.ActiveCfg = Debug|Any CPU
		{F0333D8E-0B27-42B7-B2C6-78F3657624E2}.Release|Any CPU.ActiveCfg = Release|Any CPU
		{F0333D8E-0B27-42B7-B2C6-78F3657624E2}.Release|Any CPU.Build.0 = Release|Any CPU
		{F0333D8E-0B27-42B7-B2C6-78F3657624E2}.Release|ARM.ActiveCfg = Release|Any CPU
		{F0333D8E-0B27-42B7-B2C6-78F3657624E2}.Release|iPhone.ActiveCfg = Release|Any CPU
		{F0333D8E-0B27-42B7-B2C6-78F3657624E2}.Release|iPhoneSimulator.ActiveCfg = Release|Any CPU
		{F0333D8E-0B27-42B7-B2C6-78F3657624E2}.Release|x64.ActiveCfg = Release|Any CPU
		{F0333D8E-0B27-42B7-B2C6-78F3657624E2}.Release|x86.ActiveCfg = Release|Any CPU
		{95F1F07C-4D92-4742-BD07-E5B805AAB651}.Ad-Hoc|Any CPU.ActiveCfg = Debug|Any CPU
		{95F1F07C-4D92-4742-BD07-E5B805AAB651}.Ad-Hoc|Any CPU.Build.0 = Debug|Any CPU
		{95F1F07C-4D92-4742-BD07-E5B805AAB651}.Ad-Hoc|ARM.ActiveCfg = Debug|Any CPU
		{95F1F07C-4D92-4742-BD07-E5B805AAB651}.Ad-Hoc|ARM.Build.0 = Debug|Any CPU
		{95F1F07C-4D92-4742-BD07-E5B805AAB651}.Ad-Hoc|iPhone.ActiveCfg = Debug|Any CPU
		{95F1F07C-4D92-4742-BD07-E5B805AAB651}.Ad-Hoc|iPhone.Build.0 = Debug|Any CPU
		{95F1F07C-4D92-4742-BD07-E5B805AAB651}.Ad-Hoc|iPhoneSimulator.ActiveCfg = Debug|Any CPU
		{95F1F07C-4D92-4742-BD07-E5B805AAB651}.Ad-Hoc|iPhoneSimulator.Build.0 = Debug|Any CPU
		{95F1F07C-4D92-4742-BD07-E5B805AAB651}.Ad-Hoc|x64.ActiveCfg = Debug|Any CPU
		{95F1F07C-4D92-4742-BD07-E5B805AAB651}.Ad-Hoc|x64.Build.0 = Debug|Any CPU
		{95F1F07C-4D92-4742-BD07-E5B805AAB651}.Ad-Hoc|x86.ActiveCfg = Debug|Any CPU
		{95F1F07C-4D92-4742-BD07-E5B805AAB651}.Ad-Hoc|x86.Build.0 = Debug|Any CPU
		{95F1F07C-4D92-4742-BD07-E5B805AAB651}.AppStore|Any CPU.ActiveCfg = Debug|Any CPU
		{95F1F07C-4D92-4742-BD07-E5B805AAB651}.AppStore|Any CPU.Build.0 = Debug|Any CPU
		{95F1F07C-4D92-4742-BD07-E5B805AAB651}.AppStore|ARM.ActiveCfg = Debug|Any CPU
		{95F1F07C-4D92-4742-BD07-E5B805AAB651}.AppStore|ARM.Build.0 = Debug|Any CPU
		{95F1F07C-4D92-4742-BD07-E5B805AAB651}.AppStore|iPhone.ActiveCfg = Debug|Any CPU
		{95F1F07C-4D92-4742-BD07-E5B805AAB651}.AppStore|iPhone.Build.0 = Debug|Any CPU
		{95F1F07C-4D92-4742-BD07-E5B805AAB651}.AppStore|iPhoneSimulator.ActiveCfg = Debug|Any CPU
		{95F1F07C-4D92-4742-BD07-E5B805AAB651}.AppStore|iPhoneSimulator.Build.0 = Debug|Any CPU
		{95F1F07C-4D92-4742-BD07-E5B805AAB651}.AppStore|x64.ActiveCfg = Debug|Any CPU
		{95F1F07C-4D92-4742-BD07-E5B805AAB651}.AppStore|x64.Build.0 = Debug|Any CPU
		{95F1F07C-4D92-4742-BD07-E5B805AAB651}.AppStore|x86.ActiveCfg = Debug|Any CPU
		{95F1F07C-4D92-4742-BD07-E5B805AAB651}.AppStore|x86.Build.0 = Debug|Any CPU
		{95F1F07C-4D92-4742-BD07-E5B805AAB651}.Debug|Any CPU.ActiveCfg = Debug|Any CPU
		{95F1F07C-4D92-4742-BD07-E5B805AAB651}.Debug|Any CPU.Build.0 = Debug|Any CPU
		{95F1F07C-4D92-4742-BD07-E5B805AAB651}.Debug|ARM.ActiveCfg = Debug|Any CPU
		{95F1F07C-4D92-4742-BD07-E5B805AAB651}.Debug|ARM.Build.0 = Debug|Any CPU
		{95F1F07C-4D92-4742-BD07-E5B805AAB651}.Debug|iPhone.ActiveCfg = Debug|Any CPU
		{95F1F07C-4D92-4742-BD07-E5B805AAB651}.Debug|iPhone.Build.0 = Debug|Any CPU
		{95F1F07C-4D92-4742-BD07-E5B805AAB651}.Debug|iPhoneSimulator.ActiveCfg = Debug|Any CPU
		{95F1F07C-4D92-4742-BD07-E5B805AAB651}.Debug|iPhoneSimulator.Build.0 = Debug|Any CPU
		{95F1F07C-4D92-4742-BD07-E5B805AAB651}.Debug|x64.ActiveCfg = Debug|Any CPU
		{95F1F07C-4D92-4742-BD07-E5B805AAB651}.Debug|x64.Build.0 = Debug|Any CPU
		{95F1F07C-4D92-4742-BD07-E5B805AAB651}.Debug|x86.ActiveCfg = Debug|Any CPU
		{95F1F07C-4D92-4742-BD07-E5B805AAB651}.Debug|x86.Build.0 = Debug|Any CPU
		{95F1F07C-4D92-4742-BD07-E5B805AAB651}.Release|Any CPU.ActiveCfg = Release|Any CPU
		{95F1F07C-4D92-4742-BD07-E5B805AAB651}.Release|Any CPU.Build.0 = Release|Any CPU
		{95F1F07C-4D92-4742-BD07-E5B805AAB651}.Release|ARM.ActiveCfg = Release|Any CPU
		{95F1F07C-4D92-4742-BD07-E5B805AAB651}.Release|ARM.Build.0 = Release|Any CPU
		{95F1F07C-4D92-4742-BD07-E5B805AAB651}.Release|iPhone.ActiveCfg = Release|Any CPU
		{95F1F07C-4D92-4742-BD07-E5B805AAB651}.Release|iPhone.Build.0 = Release|Any CPU
		{95F1F07C-4D92-4742-BD07-E5B805AAB651}.Release|iPhoneSimulator.ActiveCfg = Release|Any CPU
		{95F1F07C-4D92-4742-BD07-E5B805AAB651}.Release|iPhoneSimulator.Build.0 = Release|Any CPU
		{95F1F07C-4D92-4742-BD07-E5B805AAB651}.Release|x64.ActiveCfg = Release|Any CPU
		{95F1F07C-4D92-4742-BD07-E5B805AAB651}.Release|x64.Build.0 = Release|Any CPU
		{95F1F07C-4D92-4742-BD07-E5B805AAB651}.Release|x86.ActiveCfg = Release|Any CPU
		{95F1F07C-4D92-4742-BD07-E5B805AAB651}.Release|x86.Build.0 = Release|Any CPU
		{7796F5D8-31FC-45A4-B673-19DE5BA194CF}.Ad-Hoc|Any CPU.ActiveCfg = Debug|Any CPU
		{7796F5D8-31FC-45A4-B673-19DE5BA194CF}.Ad-Hoc|Any CPU.Build.0 = Debug|Any CPU
		{7796F5D8-31FC-45A4-B673-19DE5BA194CF}.Ad-Hoc|ARM.ActiveCfg = Debug|Any CPU
		{7796F5D8-31FC-45A4-B673-19DE5BA194CF}.Ad-Hoc|ARM.Build.0 = Debug|Any CPU
		{7796F5D8-31FC-45A4-B673-19DE5BA194CF}.Ad-Hoc|iPhone.ActiveCfg = Debug|Any CPU
		{7796F5D8-31FC-45A4-B673-19DE5BA194CF}.Ad-Hoc|iPhone.Build.0 = Debug|Any CPU
		{7796F5D8-31FC-45A4-B673-19DE5BA194CF}.Ad-Hoc|iPhoneSimulator.ActiveCfg = Debug|Any CPU
		{7796F5D8-31FC-45A4-B673-19DE5BA194CF}.Ad-Hoc|iPhoneSimulator.Build.0 = Debug|Any CPU
		{7796F5D8-31FC-45A4-B673-19DE5BA194CF}.Ad-Hoc|x64.ActiveCfg = Debug|Any CPU
		{7796F5D8-31FC-45A4-B673-19DE5BA194CF}.Ad-Hoc|x64.Build.0 = Debug|Any CPU
		{7796F5D8-31FC-45A4-B673-19DE5BA194CF}.Ad-Hoc|x86.ActiveCfg = Debug|Any CPU
		{7796F5D8-31FC-45A4-B673-19DE5BA194CF}.Ad-Hoc|x86.Build.0 = Debug|Any CPU
		{7796F5D8-31FC-45A4-B673-19DE5BA194CF}.AppStore|Any CPU.ActiveCfg = Debug|Any CPU
		{7796F5D8-31FC-45A4-B673-19DE5BA194CF}.AppStore|Any CPU.Build.0 = Debug|Any CPU
		{7796F5D8-31FC-45A4-B673-19DE5BA194CF}.AppStore|ARM.ActiveCfg = Debug|Any CPU
		{7796F5D8-31FC-45A4-B673-19DE5BA194CF}.AppStore|ARM.Build.0 = Debug|Any CPU
		{7796F5D8-31FC-45A4-B673-19DE5BA194CF}.AppStore|iPhone.ActiveCfg = Debug|Any CPU
		{7796F5D8-31FC-45A4-B673-19DE5BA194CF}.AppStore|iPhone.Build.0 = Debug|Any CPU
		{7796F5D8-31FC-45A4-B673-19DE5BA194CF}.AppStore|iPhoneSimulator.ActiveCfg = Debug|Any CPU
		{7796F5D8-31FC-45A4-B673-19DE5BA194CF}.AppStore|iPhoneSimulator.Build.0 = Debug|Any CPU
		{7796F5D8-31FC-45A4-B673-19DE5BA194CF}.AppStore|x64.ActiveCfg = Debug|Any CPU
		{7796F5D8-31FC-45A4-B673-19DE5BA194CF}.AppStore|x64.Build.0 = Debug|Any CPU
		{7796F5D8-31FC-45A4-B673-19DE5BA194CF}.AppStore|x86.ActiveCfg = Debug|Any CPU
		{7796F5D8-31FC-45A4-B673-19DE5BA194CF}.AppStore|x86.Build.0 = Debug|Any CPU
		{7796F5D8-31FC-45A4-B673-19DE5BA194CF}.Debug|Any CPU.ActiveCfg = Debug|Any CPU
		{7796F5D8-31FC-45A4-B673-19DE5BA194CF}.Debug|Any CPU.Build.0 = Debug|Any CPU
		{7796F5D8-31FC-45A4-B673-19DE5BA194CF}.Debug|ARM.ActiveCfg = Debug|Any CPU
		{7796F5D8-31FC-45A4-B673-19DE5BA194CF}.Debug|ARM.Build.0 = Debug|Any CPU
		{7796F5D8-31FC-45A4-B673-19DE5BA194CF}.Debug|iPhone.ActiveCfg = Debug|Any CPU
		{7796F5D8-31FC-45A4-B673-19DE5BA194CF}.Debug|iPhone.Build.0 = Debug|Any CPU
		{7796F5D8-31FC-45A4-B673-19DE5BA194CF}.Debug|iPhoneSimulator.ActiveCfg = Debug|Any CPU
		{7796F5D8-31FC-45A4-B673-19DE5BA194CF}.Debug|iPhoneSimulator.Build.0 = Debug|Any CPU
		{7796F5D8-31FC-45A4-B673-19DE5BA194CF}.Debug|x64.ActiveCfg = Debug|Any CPU
		{7796F5D8-31FC-45A4-B673-19DE5BA194CF}.Debug|x64.Build.0 = Debug|Any CPU
		{7796F5D8-31FC-45A4-B673-19DE5BA194CF}.Debug|x86.ActiveCfg = Debug|Any CPU
		{7796F5D8-31FC-45A4-B673-19DE5BA194CF}.Debug|x86.Build.0 = Debug|Any CPU
		{7796F5D8-31FC-45A4-B673-19DE5BA194CF}.Release|Any CPU.ActiveCfg = Release|Any CPU
		{7796F5D8-31FC-45A4-B673-19DE5BA194CF}.Release|Any CPU.Build.0 = Release|Any CPU
		{7796F5D8-31FC-45A4-B673-19DE5BA194CF}.Release|ARM.ActiveCfg = Release|Any CPU
		{7796F5D8-31FC-45A4-B673-19DE5BA194CF}.Release|ARM.Build.0 = Release|Any CPU
		{7796F5D8-31FC-45A4-B673-19DE5BA194CF}.Release|iPhone.ActiveCfg = Release|Any CPU
		{7796F5D8-31FC-45A4-B673-19DE5BA194CF}.Release|iPhone.Build.0 = Release|Any CPU
		{7796F5D8-31FC-45A4-B673-19DE5BA194CF}.Release|iPhoneSimulator.ActiveCfg = Release|Any CPU
		{7796F5D8-31FC-45A4-B673-19DE5BA194CF}.Release|iPhoneSimulator.Build.0 = Release|Any CPU
		{7796F5D8-31FC-45A4-B673-19DE5BA194CF}.Release|x64.ActiveCfg = Release|Any CPU
		{7796F5D8-31FC-45A4-B673-19DE5BA194CF}.Release|x64.Build.0 = Release|Any CPU
		{7796F5D8-31FC-45A4-B673-19DE5BA194CF}.Release|x86.ActiveCfg = Release|Any CPU
		{7796F5D8-31FC-45A4-B673-19DE5BA194CF}.Release|x86.Build.0 = Release|Any CPU
		{A579E108-5445-403D-A407-339AC4D1611B}.Ad-Hoc|Any CPU.ActiveCfg = Debug|Any CPU
		{A579E108-5445-403D-A407-339AC4D1611B}.Ad-Hoc|Any CPU.Build.0 = Debug|Any CPU
		{A579E108-5445-403D-A407-339AC4D1611B}.Ad-Hoc|ARM.ActiveCfg = Debug|Any CPU
		{A579E108-5445-403D-A407-339AC4D1611B}.Ad-Hoc|ARM.Build.0 = Debug|Any CPU
		{A579E108-5445-403D-A407-339AC4D1611B}.Ad-Hoc|iPhone.ActiveCfg = Debug|Any CPU
		{A579E108-5445-403D-A407-339AC4D1611B}.Ad-Hoc|iPhone.Build.0 = Debug|Any CPU
		{A579E108-5445-403D-A407-339AC4D1611B}.Ad-Hoc|iPhoneSimulator.ActiveCfg = Debug|Any CPU
		{A579E108-5445-403D-A407-339AC4D1611B}.Ad-Hoc|iPhoneSimulator.Build.0 = Debug|Any CPU
		{A579E108-5445-403D-A407-339AC4D1611B}.Ad-Hoc|x64.ActiveCfg = Debug|Any CPU
		{A579E108-5445-403D-A407-339AC4D1611B}.Ad-Hoc|x64.Build.0 = Debug|Any CPU
		{A579E108-5445-403D-A407-339AC4D1611B}.Ad-Hoc|x86.ActiveCfg = Debug|Any CPU
		{A579E108-5445-403D-A407-339AC4D1611B}.Ad-Hoc|x86.Build.0 = Debug|Any CPU
		{A579E108-5445-403D-A407-339AC4D1611B}.AppStore|Any CPU.ActiveCfg = Debug|Any CPU
		{A579E108-5445-403D-A407-339AC4D1611B}.AppStore|Any CPU.Build.0 = Debug|Any CPU
		{A579E108-5445-403D-A407-339AC4D1611B}.AppStore|ARM.ActiveCfg = Debug|Any CPU
		{A579E108-5445-403D-A407-339AC4D1611B}.AppStore|ARM.Build.0 = Debug|Any CPU
		{A579E108-5445-403D-A407-339AC4D1611B}.AppStore|iPhone.ActiveCfg = Debug|Any CPU
		{A579E108-5445-403D-A407-339AC4D1611B}.AppStore|iPhone.Build.0 = Debug|Any CPU
		{A579E108-5445-403D-A407-339AC4D1611B}.AppStore|iPhoneSimulator.ActiveCfg = Debug|Any CPU
		{A579E108-5445-403D-A407-339AC4D1611B}.AppStore|iPhoneSimulator.Build.0 = Debug|Any CPU
		{A579E108-5445-403D-A407-339AC4D1611B}.AppStore|x64.ActiveCfg = Debug|Any CPU
		{A579E108-5445-403D-A407-339AC4D1611B}.AppStore|x64.Build.0 = Debug|Any CPU
		{A579E108-5445-403D-A407-339AC4D1611B}.AppStore|x86.ActiveCfg = Debug|Any CPU
		{A579E108-5445-403D-A407-339AC4D1611B}.AppStore|x86.Build.0 = Debug|Any CPU
		{A579E108-5445-403D-A407-339AC4D1611B}.Debug|Any CPU.ActiveCfg = Debug|Any CPU
		{A579E108-5445-403D-A407-339AC4D1611B}.Debug|Any CPU.Build.0 = Debug|Any CPU
		{A579E108-5445-403D-A407-339AC4D1611B}.Debug|ARM.ActiveCfg = Debug|Any CPU
		{A579E108-5445-403D-A407-339AC4D1611B}.Debug|ARM.Build.0 = Debug|Any CPU
		{A579E108-5445-403D-A407-339AC4D1611B}.Debug|iPhone.ActiveCfg = Debug|Any CPU
		{A579E108-5445-403D-A407-339AC4D1611B}.Debug|iPhone.Build.0 = Debug|Any CPU
		{A579E108-5445-403D-A407-339AC4D1611B}.Debug|iPhoneSimulator.ActiveCfg = Debug|Any CPU
		{A579E108-5445-403D-A407-339AC4D1611B}.Debug|iPhoneSimulator.Build.0 = Debug|Any CPU
		{A579E108-5445-403D-A407-339AC4D1611B}.Debug|x64.ActiveCfg = Debug|Any CPU
		{A579E108-5445-403D-A407-339AC4D1611B}.Debug|x64.Build.0 = Debug|Any CPU
		{A579E108-5445-403D-A407-339AC4D1611B}.Debug|x86.ActiveCfg = Debug|Any CPU
		{A579E108-5445-403D-A407-339AC4D1611B}.Debug|x86.Build.0 = Debug|Any CPU
		{A579E108-5445-403D-A407-339AC4D1611B}.Release|Any CPU.ActiveCfg = Release|Any CPU
		{A579E108-5445-403D-A407-339AC4D1611B}.Release|Any CPU.Build.0 = Release|Any CPU
		{A579E108-5445-403D-A407-339AC4D1611B}.Release|ARM.ActiveCfg = Release|Any CPU
		{A579E108-5445-403D-A407-339AC4D1611B}.Release|ARM.Build.0 = Release|Any CPU
		{A579E108-5445-403D-A407-339AC4D1611B}.Release|iPhone.ActiveCfg = Release|Any CPU
		{A579E108-5445-403D-A407-339AC4D1611B}.Release|iPhone.Build.0 = Release|Any CPU
		{A579E108-5445-403D-A407-339AC4D1611B}.Release|iPhoneSimulator.ActiveCfg = Release|Any CPU
		{A579E108-5445-403D-A407-339AC4D1611B}.Release|iPhoneSimulator.Build.0 = Release|Any CPU
		{A579E108-5445-403D-A407-339AC4D1611B}.Release|x64.ActiveCfg = Release|Any CPU
		{A579E108-5445-403D-A407-339AC4D1611B}.Release|x64.Build.0 = Release|Any CPU
		{A579E108-5445-403D-A407-339AC4D1611B}.Release|x86.ActiveCfg = Release|Any CPU
		{A579E108-5445-403D-A407-339AC4D1611B}.Release|x86.Build.0 = Release|Any CPU
		{FEA0C318-FFED-4D39-8781-265718CA43DD}.Ad-Hoc|Any CPU.ActiveCfg = Debug|Any CPU
		{FEA0C318-FFED-4D39-8781-265718CA43DD}.Ad-Hoc|Any CPU.Build.0 = Debug|Any CPU
		{FEA0C318-FFED-4D39-8781-265718CA43DD}.Ad-Hoc|ARM.ActiveCfg = Debug|Any CPU
		{FEA0C318-FFED-4D39-8781-265718CA43DD}.Ad-Hoc|ARM.Build.0 = Debug|Any CPU
		{FEA0C318-FFED-4D39-8781-265718CA43DD}.Ad-Hoc|iPhone.ActiveCfg = Debug|Any CPU
		{FEA0C318-FFED-4D39-8781-265718CA43DD}.Ad-Hoc|iPhone.Build.0 = Debug|Any CPU
		{FEA0C318-FFED-4D39-8781-265718CA43DD}.Ad-Hoc|iPhoneSimulator.ActiveCfg = Debug|Any CPU
		{FEA0C318-FFED-4D39-8781-265718CA43DD}.Ad-Hoc|iPhoneSimulator.Build.0 = Debug|Any CPU
		{FEA0C318-FFED-4D39-8781-265718CA43DD}.Ad-Hoc|x64.ActiveCfg = Debug|Any CPU
		{FEA0C318-FFED-4D39-8781-265718CA43DD}.Ad-Hoc|x64.Build.0 = Debug|Any CPU
		{FEA0C318-FFED-4D39-8781-265718CA43DD}.Ad-Hoc|x86.ActiveCfg = Debug|Any CPU
		{FEA0C318-FFED-4D39-8781-265718CA43DD}.Ad-Hoc|x86.Build.0 = Debug|Any CPU
		{FEA0C318-FFED-4D39-8781-265718CA43DD}.AppStore|Any CPU.ActiveCfg = Debug|Any CPU
		{FEA0C318-FFED-4D39-8781-265718CA43DD}.AppStore|Any CPU.Build.0 = Debug|Any CPU
		{FEA0C318-FFED-4D39-8781-265718CA43DD}.AppStore|ARM.ActiveCfg = Debug|Any CPU
		{FEA0C318-FFED-4D39-8781-265718CA43DD}.AppStore|ARM.Build.0 = Debug|Any CPU
		{FEA0C318-FFED-4D39-8781-265718CA43DD}.AppStore|iPhone.ActiveCfg = Debug|Any CPU
		{FEA0C318-FFED-4D39-8781-265718CA43DD}.AppStore|iPhone.Build.0 = Debug|Any CPU
		{FEA0C318-FFED-4D39-8781-265718CA43DD}.AppStore|iPhoneSimulator.ActiveCfg = Debug|Any CPU
		{FEA0C318-FFED-4D39-8781-265718CA43DD}.AppStore|iPhoneSimulator.Build.0 = Debug|Any CPU
		{FEA0C318-FFED-4D39-8781-265718CA43DD}.AppStore|x64.ActiveCfg = Debug|Any CPU
		{FEA0C318-FFED-4D39-8781-265718CA43DD}.AppStore|x64.Build.0 = Debug|Any CPU
		{FEA0C318-FFED-4D39-8781-265718CA43DD}.AppStore|x86.ActiveCfg = Debug|Any CPU
		{FEA0C318-FFED-4D39-8781-265718CA43DD}.AppStore|x86.Build.0 = Debug|Any CPU
		{FEA0C318-FFED-4D39-8781-265718CA43DD}.Debug|Any CPU.ActiveCfg = Debug|Any CPU
		{FEA0C318-FFED-4D39-8781-265718CA43DD}.Debug|Any CPU.Build.0 = Debug|Any CPU
		{FEA0C318-FFED-4D39-8781-265718CA43DD}.Debug|ARM.ActiveCfg = Debug|Any CPU
		{FEA0C318-FFED-4D39-8781-265718CA43DD}.Debug|ARM.Build.0 = Debug|Any CPU
		{FEA0C318-FFED-4D39-8781-265718CA43DD}.Debug|iPhone.ActiveCfg = Debug|Any CPU
		{FEA0C318-FFED-4D39-8781-265718CA43DD}.Debug|iPhone.Build.0 = Debug|Any CPU
		{FEA0C318-FFED-4D39-8781-265718CA43DD}.Debug|iPhoneSimulator.ActiveCfg = Debug|Any CPU
		{FEA0C318-FFED-4D39-8781-265718CA43DD}.Debug|iPhoneSimulator.Build.0 = Debug|Any CPU
		{FEA0C318-FFED-4D39-8781-265718CA43DD}.Debug|x64.ActiveCfg = Debug|Any CPU
		{FEA0C318-FFED-4D39-8781-265718CA43DD}.Debug|x64.Build.0 = Debug|Any CPU
		{FEA0C318-FFED-4D39-8781-265718CA43DD}.Debug|x86.ActiveCfg = Debug|Any CPU
		{FEA0C318-FFED-4D39-8781-265718CA43DD}.Debug|x86.Build.0 = Debug|Any CPU
		{FEA0C318-FFED-4D39-8781-265718CA43DD}.Release|Any CPU.ActiveCfg = Release|Any CPU
		{FEA0C318-FFED-4D39-8781-265718CA43DD}.Release|Any CPU.Build.0 = Release|Any CPU
		{FEA0C318-FFED-4D39-8781-265718CA43DD}.Release|ARM.ActiveCfg = Release|Any CPU
		{FEA0C318-FFED-4D39-8781-265718CA43DD}.Release|ARM.Build.0 = Release|Any CPU
		{FEA0C318-FFED-4D39-8781-265718CA43DD}.Release|iPhone.ActiveCfg = Release|Any CPU
		{FEA0C318-FFED-4D39-8781-265718CA43DD}.Release|iPhone.Build.0 = Release|Any CPU
		{FEA0C318-FFED-4D39-8781-265718CA43DD}.Release|iPhoneSimulator.ActiveCfg = Release|Any CPU
		{FEA0C318-FFED-4D39-8781-265718CA43DD}.Release|iPhoneSimulator.Build.0 = Release|Any CPU
		{FEA0C318-FFED-4D39-8781-265718CA43DD}.Release|x64.ActiveCfg = Release|Any CPU
		{FEA0C318-FFED-4D39-8781-265718CA43DD}.Release|x64.Build.0 = Release|Any CPU
		{FEA0C318-FFED-4D39-8781-265718CA43DD}.Release|x86.ActiveCfg = Release|Any CPU
		{FEA0C318-FFED-4D39-8781-265718CA43DD}.Release|x86.Build.0 = Release|Any CPU
		{F16E3C6A-1C94-4EAB-BE91-099618060B68}.Ad-Hoc|Any CPU.ActiveCfg = Debug|Any CPU
		{F16E3C6A-1C94-4EAB-BE91-099618060B68}.Ad-Hoc|Any CPU.Build.0 = Debug|Any CPU
		{F16E3C6A-1C94-4EAB-BE91-099618060B68}.Ad-Hoc|ARM.ActiveCfg = Debug|Any CPU
		{F16E3C6A-1C94-4EAB-BE91-099618060B68}.Ad-Hoc|ARM.Build.0 = Debug|Any CPU
		{F16E3C6A-1C94-4EAB-BE91-099618060B68}.Ad-Hoc|iPhone.ActiveCfg = Debug|Any CPU
		{F16E3C6A-1C94-4EAB-BE91-099618060B68}.Ad-Hoc|iPhone.Build.0 = Debug|Any CPU
		{F16E3C6A-1C94-4EAB-BE91-099618060B68}.Ad-Hoc|iPhoneSimulator.ActiveCfg = Debug|Any CPU
		{F16E3C6A-1C94-4EAB-BE91-099618060B68}.Ad-Hoc|iPhoneSimulator.Build.0 = Debug|Any CPU
		{F16E3C6A-1C94-4EAB-BE91-099618060B68}.Ad-Hoc|x64.ActiveCfg = Release|Any CPU
		{F16E3C6A-1C94-4EAB-BE91-099618060B68}.Ad-Hoc|x64.Build.0 = Release|Any CPU
		{F16E3C6A-1C94-4EAB-BE91-099618060B68}.Ad-Hoc|x86.ActiveCfg = Release|Any CPU
		{F16E3C6A-1C94-4EAB-BE91-099618060B68}.Ad-Hoc|x86.Build.0 = Release|Any CPU
		{F16E3C6A-1C94-4EAB-BE91-099618060B68}.AppStore|Any CPU.ActiveCfg = Debug|Any CPU
		{F16E3C6A-1C94-4EAB-BE91-099618060B68}.AppStore|Any CPU.Build.0 = Debug|Any CPU
		{F16E3C6A-1C94-4EAB-BE91-099618060B68}.AppStore|ARM.ActiveCfg = Debug|Any CPU
		{F16E3C6A-1C94-4EAB-BE91-099618060B68}.AppStore|ARM.Build.0 = Debug|Any CPU
		{F16E3C6A-1C94-4EAB-BE91-099618060B68}.AppStore|iPhone.ActiveCfg = Debug|Any CPU
		{F16E3C6A-1C94-4EAB-BE91-099618060B68}.AppStore|iPhone.Build.0 = Debug|Any CPU
		{F16E3C6A-1C94-4EAB-BE91-099618060B68}.AppStore|iPhoneSimulator.ActiveCfg = Debug|Any CPU
		{F16E3C6A-1C94-4EAB-BE91-099618060B68}.AppStore|iPhoneSimulator.Build.0 = Debug|Any CPU
		{F16E3C6A-1C94-4EAB-BE91-099618060B68}.AppStore|x64.ActiveCfg = Release|Any CPU
		{F16E3C6A-1C94-4EAB-BE91-099618060B68}.AppStore|x64.Build.0 = Release|Any CPU
		{F16E3C6A-1C94-4EAB-BE91-099618060B68}.AppStore|x86.ActiveCfg = Release|Any CPU
		{F16E3C6A-1C94-4EAB-BE91-099618060B68}.AppStore|x86.Build.0 = Release|Any CPU
		{F16E3C6A-1C94-4EAB-BE91-099618060B68}.Debug|Any CPU.ActiveCfg = Debug|Any CPU
		{F16E3C6A-1C94-4EAB-BE91-099618060B68}.Debug|Any CPU.Build.0 = Debug|Any CPU
		{F16E3C6A-1C94-4EAB-BE91-099618060B68}.Debug|ARM.ActiveCfg = Debug|Any CPU
		{F16E3C6A-1C94-4EAB-BE91-099618060B68}.Debug|ARM.Build.0 = Debug|Any CPU
		{F16E3C6A-1C94-4EAB-BE91-099618060B68}.Debug|iPhone.ActiveCfg = Debug|Any CPU
		{F16E3C6A-1C94-4EAB-BE91-099618060B68}.Debug|iPhone.Build.0 = Debug|Any CPU
		{F16E3C6A-1C94-4EAB-BE91-099618060B68}.Debug|iPhoneSimulator.ActiveCfg = Debug|Any CPU
		{F16E3C6A-1C94-4EAB-BE91-099618060B68}.Debug|iPhoneSimulator.Build.0 = Debug|Any CPU
		{F16E3C6A-1C94-4EAB-BE91-099618060B68}.Debug|x64.ActiveCfg = Debug|Any CPU
		{F16E3C6A-1C94-4EAB-BE91-099618060B68}.Debug|x64.Build.0 = Debug|Any CPU
		{F16E3C6A-1C94-4EAB-BE91-099618060B68}.Debug|x86.ActiveCfg = Debug|Any CPU
		{F16E3C6A-1C94-4EAB-BE91-099618060B68}.Debug|x86.Build.0 = Debug|Any CPU
		{F16E3C6A-1C94-4EAB-BE91-099618060B68}.Release|Any CPU.ActiveCfg = Release|Any CPU
		{F16E3C6A-1C94-4EAB-BE91-099618060B68}.Release|Any CPU.Build.0 = Release|Any CPU
		{F16E3C6A-1C94-4EAB-BE91-099618060B68}.Release|ARM.ActiveCfg = Release|Any CPU
		{F16E3C6A-1C94-4EAB-BE91-099618060B68}.Release|ARM.Build.0 = Release|Any CPU
		{F16E3C6A-1C94-4EAB-BE91-099618060B68}.Release|iPhone.ActiveCfg = Release|Any CPU
		{F16E3C6A-1C94-4EAB-BE91-099618060B68}.Release|iPhone.Build.0 = Release|Any CPU
		{F16E3C6A-1C94-4EAB-BE91-099618060B68}.Release|iPhoneSimulator.ActiveCfg = Release|Any CPU
		{F16E3C6A-1C94-4EAB-BE91-099618060B68}.Release|iPhoneSimulator.Build.0 = Release|Any CPU
		{F16E3C6A-1C94-4EAB-BE91-099618060B68}.Release|x64.ActiveCfg = Release|Any CPU
		{F16E3C6A-1C94-4EAB-BE91-099618060B68}.Release|x64.Build.0 = Release|Any CPU
		{F16E3C6A-1C94-4EAB-BE91-099618060B68}.Release|x86.ActiveCfg = Release|Any CPU
		{F16E3C6A-1C94-4EAB-BE91-099618060B68}.Release|x86.Build.0 = Release|Any CPU
		{5B810E3D-112E-4857-B197-F09D2FD41E27}.Ad-Hoc|Any CPU.ActiveCfg = Debug|Any CPU
		{5B810E3D-112E-4857-B197-F09D2FD41E27}.Ad-Hoc|Any CPU.Build.0 = Debug|Any CPU
		{5B810E3D-112E-4857-B197-F09D2FD41E27}.Ad-Hoc|ARM.ActiveCfg = Debug|Any CPU
		{5B810E3D-112E-4857-B197-F09D2FD41E27}.Ad-Hoc|ARM.Build.0 = Debug|Any CPU
		{5B810E3D-112E-4857-B197-F09D2FD41E27}.Ad-Hoc|iPhone.ActiveCfg = Debug|Any CPU
		{5B810E3D-112E-4857-B197-F09D2FD41E27}.Ad-Hoc|iPhone.Build.0 = Debug|Any CPU
		{5B810E3D-112E-4857-B197-F09D2FD41E27}.Ad-Hoc|iPhoneSimulator.ActiveCfg = Debug|Any CPU
		{5B810E3D-112E-4857-B197-F09D2FD41E27}.Ad-Hoc|iPhoneSimulator.Build.0 = Debug|Any CPU
		{5B810E3D-112E-4857-B197-F09D2FD41E27}.Ad-Hoc|x64.ActiveCfg = Debug|Any CPU
		{5B810E3D-112E-4857-B197-F09D2FD41E27}.Ad-Hoc|x64.Build.0 = Debug|Any CPU
		{5B810E3D-112E-4857-B197-F09D2FD41E27}.Ad-Hoc|x86.ActiveCfg = Debug|Any CPU
		{5B810E3D-112E-4857-B197-F09D2FD41E27}.Ad-Hoc|x86.Build.0 = Debug|Any CPU
		{5B810E3D-112E-4857-B197-F09D2FD41E27}.AppStore|Any CPU.ActiveCfg = Debug|Any CPU
		{5B810E3D-112E-4857-B197-F09D2FD41E27}.AppStore|Any CPU.Build.0 = Debug|Any CPU
		{5B810E3D-112E-4857-B197-F09D2FD41E27}.AppStore|ARM.ActiveCfg = Debug|Any CPU
		{5B810E3D-112E-4857-B197-F09D2FD41E27}.AppStore|ARM.Build.0 = Debug|Any CPU
		{5B810E3D-112E-4857-B197-F09D2FD41E27}.AppStore|iPhone.ActiveCfg = Debug|Any CPU
		{5B810E3D-112E-4857-B197-F09D2FD41E27}.AppStore|iPhone.Build.0 = Debug|Any CPU
		{5B810E3D-112E-4857-B197-F09D2FD41E27}.AppStore|iPhoneSimulator.ActiveCfg = Debug|Any CPU
		{5B810E3D-112E-4857-B197-F09D2FD41E27}.AppStore|iPhoneSimulator.Build.0 = Debug|Any CPU
		{5B810E3D-112E-4857-B197-F09D2FD41E27}.AppStore|x64.ActiveCfg = Debug|Any CPU
		{5B810E3D-112E-4857-B197-F09D2FD41E27}.AppStore|x64.Build.0 = Debug|Any CPU
		{5B810E3D-112E-4857-B197-F09D2FD41E27}.AppStore|x86.ActiveCfg = Debug|Any CPU
		{5B810E3D-112E-4857-B197-F09D2FD41E27}.AppStore|x86.Build.0 = Debug|Any CPU
		{5B810E3D-112E-4857-B197-F09D2FD41E27}.Debug|Any CPU.ActiveCfg = Debug|Any CPU
		{5B810E3D-112E-4857-B197-F09D2FD41E27}.Debug|Any CPU.Build.0 = Debug|Any CPU
		{5B810E3D-112E-4857-B197-F09D2FD41E27}.Debug|ARM.ActiveCfg = Debug|Any CPU
		{5B810E3D-112E-4857-B197-F09D2FD41E27}.Debug|ARM.Build.0 = Debug|Any CPU
		{5B810E3D-112E-4857-B197-F09D2FD41E27}.Debug|iPhone.ActiveCfg = Debug|Any CPU
		{5B810E3D-112E-4857-B197-F09D2FD41E27}.Debug|iPhone.Build.0 = Debug|Any CPU
		{5B810E3D-112E-4857-B197-F09D2FD41E27}.Debug|iPhoneSimulator.ActiveCfg = Debug|Any CPU
		{5B810E3D-112E-4857-B197-F09D2FD41E27}.Debug|iPhoneSimulator.Build.0 = Debug|Any CPU
		{5B810E3D-112E-4857-B197-F09D2FD41E27}.Debug|x64.ActiveCfg = Debug|Any CPU
		{5B810E3D-112E-4857-B197-F09D2FD41E27}.Debug|x64.Build.0 = Debug|Any CPU
		{5B810E3D-112E-4857-B197-F09D2FD41E27}.Debug|x86.ActiveCfg = Debug|Any CPU
		{5B810E3D-112E-4857-B197-F09D2FD41E27}.Debug|x86.Build.0 = Debug|Any CPU
		{5B810E3D-112E-4857-B197-F09D2FD41E27}.Release|Any CPU.ActiveCfg = Release|Any CPU
		{5B810E3D-112E-4857-B197-F09D2FD41E27}.Release|Any CPU.Build.0 = Release|Any CPU
		{5B810E3D-112E-4857-B197-F09D2FD41E27}.Release|ARM.ActiveCfg = Release|Any CPU
		{5B810E3D-112E-4857-B197-F09D2FD41E27}.Release|ARM.Build.0 = Release|Any CPU
		{5B810E3D-112E-4857-B197-F09D2FD41E27}.Release|iPhone.ActiveCfg = Release|Any CPU
		{5B810E3D-112E-4857-B197-F09D2FD41E27}.Release|iPhone.Build.0 = Release|Any CPU
		{5B810E3D-112E-4857-B197-F09D2FD41E27}.Release|iPhoneSimulator.ActiveCfg = Release|Any CPU
		{5B810E3D-112E-4857-B197-F09D2FD41E27}.Release|iPhoneSimulator.Build.0 = Release|Any CPU
		{5B810E3D-112E-4857-B197-F09D2FD41E27}.Release|x64.ActiveCfg = Release|Any CPU
		{5B810E3D-112E-4857-B197-F09D2FD41E27}.Release|x64.Build.0 = Release|Any CPU
		{5B810E3D-112E-4857-B197-F09D2FD41E27}.Release|x86.ActiveCfg = Release|Any CPU
		{5B810E3D-112E-4857-B197-F09D2FD41E27}.Release|x86.Build.0 = Release|Any CPU
		{CFE2FACB-4538-4B99-8A10-306F3882952D}.Ad-Hoc|Any CPU.ActiveCfg = Debug|Any CPU
		{CFE2FACB-4538-4B99-8A10-306F3882952D}.Ad-Hoc|Any CPU.Build.0 = Debug|Any CPU
		{CFE2FACB-4538-4B99-8A10-306F3882952D}.Ad-Hoc|ARM.ActiveCfg = Debug|Any CPU
		{CFE2FACB-4538-4B99-8A10-306F3882952D}.Ad-Hoc|ARM.Build.0 = Debug|Any CPU
		{CFE2FACB-4538-4B99-8A10-306F3882952D}.Ad-Hoc|iPhone.ActiveCfg = Debug|Any CPU
		{CFE2FACB-4538-4B99-8A10-306F3882952D}.Ad-Hoc|iPhone.Build.0 = Debug|Any CPU
		{CFE2FACB-4538-4B99-8A10-306F3882952D}.Ad-Hoc|iPhoneSimulator.ActiveCfg = Debug|Any CPU
		{CFE2FACB-4538-4B99-8A10-306F3882952D}.Ad-Hoc|iPhoneSimulator.Build.0 = Debug|Any CPU
		{CFE2FACB-4538-4B99-8A10-306F3882952D}.Ad-Hoc|x64.ActiveCfg = Debug|Any CPU
		{CFE2FACB-4538-4B99-8A10-306F3882952D}.Ad-Hoc|x64.Build.0 = Debug|Any CPU
		{CFE2FACB-4538-4B99-8A10-306F3882952D}.Ad-Hoc|x86.ActiveCfg = Debug|Any CPU
		{CFE2FACB-4538-4B99-8A10-306F3882952D}.Ad-Hoc|x86.Build.0 = Debug|Any CPU
		{CFE2FACB-4538-4B99-8A10-306F3882952D}.AppStore|Any CPU.ActiveCfg = Debug|Any CPU
		{CFE2FACB-4538-4B99-8A10-306F3882952D}.AppStore|Any CPU.Build.0 = Debug|Any CPU
		{CFE2FACB-4538-4B99-8A10-306F3882952D}.AppStore|ARM.ActiveCfg = Debug|Any CPU
		{CFE2FACB-4538-4B99-8A10-306F3882952D}.AppStore|ARM.Build.0 = Debug|Any CPU
		{CFE2FACB-4538-4B99-8A10-306F3882952D}.AppStore|iPhone.ActiveCfg = Debug|Any CPU
		{CFE2FACB-4538-4B99-8A10-306F3882952D}.AppStore|iPhone.Build.0 = Debug|Any CPU
		{CFE2FACB-4538-4B99-8A10-306F3882952D}.AppStore|iPhoneSimulator.ActiveCfg = Debug|Any CPU
		{CFE2FACB-4538-4B99-8A10-306F3882952D}.AppStore|iPhoneSimulator.Build.0 = Debug|Any CPU
		{CFE2FACB-4538-4B99-8A10-306F3882952D}.AppStore|x64.ActiveCfg = Debug|Any CPU
		{CFE2FACB-4538-4B99-8A10-306F3882952D}.AppStore|x64.Build.0 = Debug|Any CPU
		{CFE2FACB-4538-4B99-8A10-306F3882952D}.AppStore|x86.ActiveCfg = Debug|Any CPU
		{CFE2FACB-4538-4B99-8A10-306F3882952D}.AppStore|x86.Build.0 = Debug|Any CPU
		{CFE2FACB-4538-4B99-8A10-306F3882952D}.Debug|Any CPU.ActiveCfg = Debug|Any CPU
		{CFE2FACB-4538-4B99-8A10-306F3882952D}.Debug|Any CPU.Build.0 = Debug|Any CPU
		{CFE2FACB-4538-4B99-8A10-306F3882952D}.Debug|ARM.ActiveCfg = Debug|Any CPU
		{CFE2FACB-4538-4B99-8A10-306F3882952D}.Debug|ARM.Build.0 = Debug|Any CPU
		{CFE2FACB-4538-4B99-8A10-306F3882952D}.Debug|iPhone.ActiveCfg = Debug|Any CPU
		{CFE2FACB-4538-4B99-8A10-306F3882952D}.Debug|iPhone.Build.0 = Debug|Any CPU
		{CFE2FACB-4538-4B99-8A10-306F3882952D}.Debug|iPhoneSimulator.ActiveCfg = Debug|Any CPU
		{CFE2FACB-4538-4B99-8A10-306F3882952D}.Debug|iPhoneSimulator.Build.0 = Debug|Any CPU
		{CFE2FACB-4538-4B99-8A10-306F3882952D}.Debug|x64.ActiveCfg = Debug|Any CPU
		{CFE2FACB-4538-4B99-8A10-306F3882952D}.Debug|x64.Build.0 = Debug|Any CPU
		{CFE2FACB-4538-4B99-8A10-306F3882952D}.Debug|x86.ActiveCfg = Debug|Any CPU
		{CFE2FACB-4538-4B99-8A10-306F3882952D}.Debug|x86.Build.0 = Debug|Any CPU
		{CFE2FACB-4538-4B99-8A10-306F3882952D}.Release|Any CPU.ActiveCfg = Release|Any CPU
		{CFE2FACB-4538-4B99-8A10-306F3882952D}.Release|Any CPU.Build.0 = Release|Any CPU
		{CFE2FACB-4538-4B99-8A10-306F3882952D}.Release|ARM.ActiveCfg = Release|Any CPU
		{CFE2FACB-4538-4B99-8A10-306F3882952D}.Release|ARM.Build.0 = Release|Any CPU
		{CFE2FACB-4538-4B99-8A10-306F3882952D}.Release|iPhone.ActiveCfg = Release|Any CPU
		{CFE2FACB-4538-4B99-8A10-306F3882952D}.Release|iPhone.Build.0 = Release|Any CPU
		{CFE2FACB-4538-4B99-8A10-306F3882952D}.Release|iPhoneSimulator.ActiveCfg = Release|Any CPU
		{CFE2FACB-4538-4B99-8A10-306F3882952D}.Release|iPhoneSimulator.Build.0 = Release|Any CPU
		{CFE2FACB-4538-4B99-8A10-306F3882952D}.Release|x64.ActiveCfg = Release|Any CPU
		{CFE2FACB-4538-4B99-8A10-306F3882952D}.Release|x64.Build.0 = Release|Any CPU
		{CFE2FACB-4538-4B99-8A10-306F3882952D}.Release|x86.ActiveCfg = Release|Any CPU
		{CFE2FACB-4538-4B99-8A10-306F3882952D}.Release|x86.Build.0 = Release|Any CPU
	EndGlobalSection
	GlobalSection(SolutionProperties) = preSolution
		HideSolutionNode = FALSE
	EndGlobalSection
	GlobalSection(NestedProjects) = preSolution
		{91CF7717-08AB-4E65-B10E-0B426F01E2E8} = {932D8224-11F6-4D07-B109-DA28AD288A63}
		{E279BF0F-7F66-4F3A-A3AB-2CDA66C1CD04} = {932D8224-11F6-4D07-B109-DA28AD288A63}
		{326A7FB3-5295-468C-A4FE-67DCB823E1E5} = {91CF7717-08AB-4E65-B10E-0B426F01E2E8}
		{BF3EF4F3-E4F5-41DA-9D2D-57223687D1A8} = {91CF7717-08AB-4E65-B10E-0B426F01E2E8}
		{0BD0DB92-2D98-44D9-9AC0-C59186D59B0B} = {91CF7717-08AB-4E65-B10E-0B426F01E2E8}
		{EF0337F2-ED00-4643-89FD-EE10863F1870} = {A857AD10-40FF-4303-BEC2-FF1C58D5735E}
		{24CD3B53-141E-4A07-9B0D-796641E1CF78} = {91CF7717-08AB-4E65-B10E-0B426F01E2E8}
		{2110CBB0-3B38-4EE4-A743-DF6968D80D90} = {BF3EF4F3-E4F5-41DA-9D2D-57223687D1A8}
		{42681D9D-750A-4DF7-BD9F-9292CFD5C253} = {326A7FB3-5295-468C-A4FE-67DCB823E1E5}
		{231226CE-690B-4979-8870-9A79D80928E2} = {0BD0DB92-2D98-44D9-9AC0-C59186D59B0B}
		{F5598DCB-6DDE-4661-AD9D-A55612DA7E76} = {0BD0DB92-2D98-44D9-9AC0-C59186D59B0B}
		{F0333D8E-0B27-42B7-B2C6-78F3657624E2} = {E279BF0F-7F66-4F3A-A3AB-2CDA66C1CD04}
		{95F1F07C-4D92-4742-BD07-E5B805AAB651} = {0BD0DB92-2D98-44D9-9AC0-C59186D59B0B}
		{7796F5D8-31FC-45A4-B673-19DE5BA194CF} = {EF0337F2-ED00-4643-89FD-EE10863F1870}
		{A579E108-5445-403D-A407-339AC4D1611B} = {24CD3B53-141E-4A07-9B0D-796641E1CF78}
		{F16E3C6A-1C94-4EAB-BE91-099618060B68} = {E279BF0F-7F66-4F3A-A3AB-2CDA66C1CD04}
		{5B810E3D-112E-4857-B197-F09D2FD41E27} = {EF0337F2-ED00-4643-89FD-EE10863F1870}
		{CFE2FACB-4538-4B99-8A10-306F3882952D} = {EF0337F2-ED00-4643-89FD-EE10863F1870}
	EndGlobalSection
EndGlobal
