{
  "requires": true,
  "lockfileVersion": 1,
  "dependencies": {
    "@aspnet/signalr": {
      "version": "1.0.0-preview1-update1",
      "resolved": "https://registry.npmjs.org/@aspnet/signalr/-/signalr-1.0.0-preview1-update1.tgz",
      "integrity": "sha512-TGFCoLa2svN37Ew5ue0kGFxbkmQzq2I9N5TMLFBWRrpTYF4txlE3yPX0EaPt/NToKBaK1A+VK8Q+1MGSYtnqUw=="
    }
  }
}
