
Microsoft Visual Studio Solution File, Format Version 12.00
# Visual Studio 15
VisualStudioVersion = 15.0.26228.0
MinimumVisualStudioVersion = 10.0.40219.1
Project("{FAE04EC0-301F-11D3-BF4B-00C04F79EFBC}") = "Catalog.WebForms", "Catalog.WebForms\Catalog.WebForms.csproj", "{07B42E24-32F8-4C10-99A8-0FB5AC6BFEBB}"
EndProject
Project("{E53339B2-1760-4266-BCC7-CA923CBCF16C}") = "docker-compose", "docker-compose.dcproj", "{7816BBB6-20B9-4D5A-864D-47B7C6E3D3D5}"
	ProjectSection(ProjectDependencies) = postProject
		{07B42E24-32F8-4C10-99A8-0FB5AC6BFEBB} = {07B42E24-32F8-4C10-99A8-0FB5AC6BFEBB}
		{9B92B9F2-0DB5-4294-8DBF-DE2F87AEADDD} = {9B92B9F2-0DB5-4294-8DBF-DE2F87AEADDD}
	EndProjectSection
EndProject
Project("{9A19103F-16F7-4668-BE54-9A1E7A4F7556}") = "Catalog.API", "..\..\Services\Catalog\Catalog.API\Catalog.API.csproj", "{9B92B9F2-0DB5-4294-8DBF-DE2F87AEADDD}"
EndProject
Global
	GlobalSection(SolutionConfigurationPlatforms) = preSolution
		Debug|Any CPU = Debug|Any CPU
		Release|Any CPU = Release|Any CPU
	EndGlobalSection
	GlobalSection(ProjectConfigurationPlatforms) = postSolution
		{07B42E24-32F8-4C10-99A8-0FB5AC6BFEBB}.Debug|Any CPU.ActiveCfg = Debug|Any CPU
		{07B42E24-32F8-4C10-99A8-0FB5AC6BFEBB}.Debug|Any CPU.Build.0 = Debug|Any CPU
		{07B42E24-32F8-4C10-99A8-0FB5AC6BFEBB}.Release|Any CPU.ActiveCfg = Release|Any CPU
		{07B42E24-32F8-4C10-99A8-0FB5AC6BFEBB}.Release|Any CPU.Build.0 = Release|Any CPU
		{7816BBB6-20B9-4D5A-864D-47B7C6E3D3D5}.Debug|Any CPU.ActiveCfg = Debug|Any CPU
		{7816BBB6-20B9-4D5A-864D-47B7C6E3D3D5}.Debug|Any CPU.Build.0 = Debug|Any CPU
		{7816BBB6-20B9-4D5A-864D-47B7C6E3D3D5}.Release|Any CPU.ActiveCfg = Release|Any CPU
		{7816BBB6-20B9-4D5A-864D-47B7C6E3D3D5}.Release|Any CPU.Build.0 = Release|Any CPU
		{9B92B9F2-0DB5-4294-8DBF-DE2F87AEADDD}.Debug|Any CPU.ActiveCfg = Debug|Any CPU
		{9B92B9F2-0DB5-4294-8DBF-DE2F87AEADDD}.Debug|Any CPU.Build.0 = Debug|Any CPU
		{9B92B9F2-0DB5-4294-8DBF-DE2F87AEADDD}.Release|Any CPU.ActiveCfg = Release|Any CPU
		{9B92B9F2-0DB5-4294-8DBF-DE2F87AEADDD}.Release|Any CPU.Build.0 = Release|Any CPU
	EndGlobalSection
	GlobalSection(SolutionProperties) = preSolution
		HideSolutionNode = FALSE
	EndGlobalSection
EndGlobal
