
Microsoft Visual Studio Solution File, Format Version 12.00
# Visual Studio 14
VisualStudioVersion = 14.0.25420.1
MinimumVisualStudioVersion = 10.0.40219.1
Project("{FAE04EC0-301F-11D3-BF4B-00C04F79EFBC}") = "eShopOnContainers.Droid", "eShopOnContainers\eShopOnContainers.Droid\eShopOnContainers.Droid.csproj", "{62DBB163-9CA9-4818-B48B-13233DF37C24}"
EndProject
Project("{FAE04EC0-301F-11D3-BF4B-00C04F79EFBC}") = "eShopOnContainers.iOS", "eShopOnContainers\eShopOnContainers.iOS\eShopOnContainers.iOS.csproj", "{6EEB23DC-7063-4444-9AF8-90DF24F549C0}"
EndProject
Project("{FAE04EC0-301F-11D3-BF4B-00C04F79EFBC}") = "eShopOnContainers.Core", "eShopOnContainers\eShopOnContainers.Core\eShopOnContainers.Core.csproj", "{65116D1C-145B-4693-ABDA-F0FB6F425191}"
EndProject
Project("{FAE04EC0-301F-11D3-BF4B-00C04F79EFBC}") = "eShopOnContainers.Windows", "eShopOnContainers\eShopOnContainers.Windows\eShopOnContainers.Windows.csproj", "{C3C1E2CF-B1F7-4654-BBDC-50143DB22E0B}"
EndProject
Project("{2150E333-8FDC-42A3-9474-1A3956D46DE8}") = "Shared Code", "Shared Code", "{65D002E7-E869-491C-ABA8-9650CEAF677A}"
EndProject
Project("{2150E333-8FDC-42A3-9474-1A3956D46DE8}") = "Targets", "Targets", "{8F848898-6B21-4905-AE2E-B3ABDEDA1963}"
EndProject
Global
	GlobalSection(SolutionConfigurationPlatforms) = preSolution
		Ad-Hoc|Any CPU = Ad-Hoc|Any CPU
		Ad-Hoc|ARM = Ad-Hoc|ARM
		Ad-Hoc|iPhone = Ad-Hoc|iPhone
		Ad-Hoc|iPhoneSimulator = Ad-Hoc|iPhoneSimulator
		Ad-Hoc|x64 = Ad-Hoc|x64
		Ad-Hoc|x86 = Ad-Hoc|x86
		AppStore|Any CPU = AppStore|Any CPU
		AppStore|ARM = AppStore|ARM
		AppStore|iPhone = AppStore|iPhone
		AppStore|iPhoneSimulator = AppStore|iPhoneSimulator
		AppStore|x64 = AppStore|x64
		AppStore|x86 = AppStore|x86
		Debug|Any CPU = Debug|Any CPU
		Debug|ARM = Debug|ARM
		Debug|iPhone = Debug|iPhone
		Debug|iPhoneSimulator = Debug|iPhoneSimulator
		Debug|x64 = Debug|x64
		Debug|x86 = Debug|x86
		Release|Any CPU = Release|Any CPU
		Release|ARM = Release|ARM
		Release|iPhone = Release|iPhone
		Release|iPhoneSimulator = Release|iPhoneSimulator
		Release|x64 = Release|x64
		Release|x86 = Release|x86
	EndGlobalSection
	GlobalSection(ProjectConfigurationPlatforms) = postSolution
		{62DBB163-9CA9-4818-B48B-13233DF37C24}.Ad-Hoc|Any CPU.ActiveCfg = Release|Any CPU
		{62DBB163-9CA9-4818-B48B-13233DF37C24}.Ad-Hoc|Any CPU.Build.0 = Release|Any CPU
		{62DBB163-9CA9-4818-B48B-13233DF37C24}.Ad-Hoc|Any CPU.Deploy.0 = Release|Any CPU
		{62DBB163-9CA9-4818-B48B-13233DF37C24}.Ad-Hoc|ARM.ActiveCfg = Release|Any CPU
		{62DBB163-9CA9-4818-B48B-13233DF37C24}.Ad-Hoc|ARM.Build.0 = Release|Any CPU
		{62DBB163-9CA9-4818-B48B-13233DF37C24}.Ad-Hoc|ARM.Deploy.0 = Release|Any CPU
		{62DBB163-9CA9-4818-B48B-13233DF37C24}.Ad-Hoc|iPhone.ActiveCfg = Release|Any CPU
		{62DBB163-9CA9-4818-B48B-13233DF37C24}.Ad-Hoc|iPhone.Build.0 = Release|Any CPU
		{62DBB163-9CA9-4818-B48B-13233DF37C24}.Ad-Hoc|iPhone.Deploy.0 = Release|Any CPU
		{62DBB163-9CA9-4818-B48B-13233DF37C24}.Ad-Hoc|iPhoneSimulator.ActiveCfg = Release|Any CPU
		{62DBB163-9CA9-4818-B48B-13233DF37C24}.Ad-Hoc|iPhoneSimulator.Build.0 = Release|Any CPU
		{62DBB163-9CA9-4818-B48B-13233DF37C24}.Ad-Hoc|iPhoneSimulator.Deploy.0 = Release|Any CPU
		{62DBB163-9CA9-4818-B48B-13233DF37C24}.Ad-Hoc|x64.ActiveCfg = Release|Any CPU
		{62DBB163-9CA9-4818-B48B-13233DF37C24}.Ad-Hoc|x64.Build.0 = Release|Any CPU
		{62DBB163-9CA9-4818-B48B-13233DF37C24}.Ad-Hoc|x64.Deploy.0 = Release|Any CPU
		{62DBB163-9CA9-4818-B48B-13233DF37C24}.Ad-Hoc|x86.ActiveCfg = Release|Any CPU
		{62DBB163-9CA9-4818-B48B-13233DF37C24}.Ad-Hoc|x86.Build.0 = Release|Any CPU
		{62DBB163-9CA9-4818-B48B-13233DF37C24}.Ad-Hoc|x86.Deploy.0 = Release|Any CPU
		{62DBB163-9CA9-4818-B48B-13233DF37C24}.AppStore|Any CPU.ActiveCfg = Release|Any CPU
		{62DBB163-9CA9-4818-B48B-13233DF37C24}.AppStore|Any CPU.Build.0 = Release|Any CPU
		{62DBB163-9CA9-4818-B48B-13233DF37C24}.AppStore|Any CPU.Deploy.0 = Release|Any CPU
		{62DBB163-9CA9-4818-B48B-13233DF37C24}.AppStore|ARM.ActiveCfg = Release|Any CPU
		{62DBB163-9CA9-4818-B48B-13233DF37C24}.AppStore|ARM.Build.0 = Release|Any CPU
		{62DBB163-9CA9-4818-B48B-13233DF37C24}.AppStore|ARM.Deploy.0 = Release|Any CPU
		{62DBB163-9CA9-4818-B48B-13233DF37C24}.AppStore|iPhone.ActiveCfg = Release|Any CPU
		{62DBB163-9CA9-4818-B48B-13233DF37C24}.AppStore|iPhone.Build.0 = Release|Any CPU
		{62DBB163-9CA9-4818-B48B-13233DF37C24}.AppStore|iPhone.Deploy.0 = Release|Any CPU
		{62DBB163-9CA9-4818-B48B-13233DF37C24}.AppStore|iPhoneSimulator.ActiveCfg = Release|Any CPU
		{62DBB163-9CA9-4818-B48B-13233DF37C24}.AppStore|iPhoneSimulator.Build.0 = Release|Any CPU
		{62DBB163-9CA9-4818-B48B-13233DF37C24}.AppStore|iPhoneSimulator.Deploy.0 = Release|Any CPU
		{62DBB163-9CA9-4818-B48B-13233DF37C24}.AppStore|x64.ActiveCfg = Release|Any CPU
		{62DBB163-9CA9-4818-B48B-13233DF37C24}.AppStore|x64.Build.0 = Release|Any CPU
		{62DBB163-9CA9-4818-B48B-13233DF37C24}.AppStore|x64.Deploy.0 = Release|Any CPU
		{62DBB163-9CA9-4818-B48B-13233DF37C24}.AppStore|x86.ActiveCfg = Release|Any CPU
		{62DBB163-9CA9-4818-B48B-13233DF37C24}.AppStore|x86.Build.0 = Release|Any CPU
		{62DBB163-9CA9-4818-B48B-13233DF37C24}.AppStore|x86.Deploy.0 = Release|Any CPU
		{62DBB163-9CA9-4818-B48B-13233DF37C24}.Debug|Any CPU.ActiveCfg = Debug|Any CPU
		{62DBB163-9CA9-4818-B48B-13233DF37C24}.Debug|Any CPU.Build.0 = Debug|Any CPU
		{62DBB163-9CA9-4818-B48B-13233DF37C24}.Debug|Any CPU.Deploy.0 = Debug|Any CPU
		{62DBB163-9CA9-4818-B48B-13233DF37C24}.Debug|ARM.ActiveCfg = Debug|Any CPU
		{62DBB163-9CA9-4818-B48B-13233DF37C24}.Debug|ARM.Build.0 = Debug|Any CPU
		{62DBB163-9CA9-4818-B48B-13233DF37C24}.Debug|ARM.Deploy.0 = Debug|Any CPU
		{62DBB163-9CA9-4818-B48B-13233DF37C24}.Debug|iPhone.ActiveCfg = Debug|Any CPU
		{62DBB163-9CA9-4818-B48B-13233DF37C24}.Debug|iPhone.Build.0 = Debug|Any CPU
		{62DBB163-9CA9-4818-B48B-13233DF37C24}.Debug|iPhone.Deploy.0 = Debug|Any CPU
		{62DBB163-9CA9-4818-B48B-13233DF37C24}.Debug|iPhoneSimulator.ActiveCfg = Debug|Any CPU
		{62DBB163-9CA9-4818-B48B-13233DF37C24}.Debug|iPhoneSimulator.Build.0 = Debug|Any CPU
		{62DBB163-9CA9-4818-B48B-13233DF37C24}.Debug|iPhoneSimulator.Deploy.0 = Debug|Any CPU
		{62DBB163-9CA9-4818-B48B-13233DF37C24}.Debug|x64.ActiveCfg = Debug|Any CPU
		{62DBB163-9CA9-4818-B48B-13233DF37C24}.Debug|x64.Build.0 = Debug|Any CPU
		{62DBB163-9CA9-4818-B48B-13233DF37C24}.Debug|x64.Deploy.0 = Debug|Any CPU
		{62DBB163-9CA9-4818-B48B-13233DF37C24}.Debug|x86.ActiveCfg = Debug|Any CPU
		{62DBB163-9CA9-4818-B48B-13233DF37C24}.Debug|x86.Build.0 = Debug|Any CPU
		{62DBB163-9CA9-4818-B48B-13233DF37C24}.Debug|x86.Deploy.0 = Debug|Any CPU
		{62DBB163-9CA9-4818-B48B-13233DF37C24}.Release|Any CPU.ActiveCfg = Release|Any CPU
		{62DBB163-9CA9-4818-B48B-13233DF37C24}.Release|Any CPU.Build.0 = Release|Any CPU
		{62DBB163-9CA9-4818-B48B-13233DF37C24}.Release|Any CPU.Deploy.0 = Release|Any CPU
		{62DBB163-9CA9-4818-B48B-13233DF37C24}.Release|ARM.ActiveCfg = Release|Any CPU
		{62DBB163-9CA9-4818-B48B-13233DF37C24}.Release|ARM.Build.0 = Release|Any CPU
		{62DBB163-9CA9-4818-B48B-13233DF37C24}.Release|ARM.Deploy.0 = Release|Any CPU
		{62DBB163-9CA9-4818-B48B-13233DF37C24}.Release|iPhone.ActiveCfg = Release|Any CPU
		{62DBB163-9CA9-4818-B48B-13233DF37C24}.Release|iPhone.Build.0 = Release|Any CPU
		{62DBB163-9CA9-4818-B48B-13233DF37C24}.Release|iPhone.Deploy.0 = Release|Any CPU
		{62DBB163-9CA9-4818-B48B-13233DF37C24}.Release|iPhoneSimulator.ActiveCfg = Release|Any CPU
		{62DBB163-9CA9-4818-B48B-13233DF37C24}.Release|iPhoneSimulator.Build.0 = Release|Any CPU
		{62DBB163-9CA9-4818-B48B-13233DF37C24}.Release|iPhoneSimulator.Deploy.0 = Release|Any CPU
		{62DBB163-9CA9-4818-B48B-13233DF37C24}.Release|x64.ActiveCfg = Release|Any CPU
		{62DBB163-9CA9-4818-B48B-13233DF37C24}.Release|x64.Build.0 = Release|Any CPU
		{62DBB163-9CA9-4818-B48B-13233DF37C24}.Release|x64.Deploy.0 = Release|Any CPU
		{62DBB163-9CA9-4818-B48B-13233DF37C24}.Release|x86.ActiveCfg = Release|Any CPU
		{62DBB163-9CA9-4818-B48B-13233DF37C24}.Release|x86.Build.0 = Release|Any CPU
		{62DBB163-9CA9-4818-B48B-13233DF37C24}.Release|x86.Deploy.0 = Release|Any CPU
		{6EEB23DC-7063-4444-9AF8-90DF24F549C0}.Ad-Hoc|Any CPU.ActiveCfg = Ad-Hoc|iPhone
		{6EEB23DC-7063-4444-9AF8-90DF24F549C0}.Ad-Hoc|ARM.ActiveCfg = Ad-Hoc|iPhone
		{6EEB23DC-7063-4444-9AF8-90DF24F549C0}.Ad-Hoc|iPhone.ActiveCfg = Ad-Hoc|iPhone
		{6EEB23DC-7063-4444-9AF8-90DF24F549C0}.Ad-Hoc|iPhone.Build.0 = Ad-Hoc|iPhone
		{6EEB23DC-7063-4444-9AF8-90DF24F549C0}.Ad-Hoc|iPhoneSimulator.ActiveCfg = Ad-Hoc|iPhoneSimulator
		{6EEB23DC-7063-4444-9AF8-90DF24F549C0}.Ad-Hoc|iPhoneSimulator.Build.0 = Ad-Hoc|iPhoneSimulator
		{6EEB23DC-7063-4444-9AF8-90DF24F549C0}.Ad-Hoc|x64.ActiveCfg = Ad-Hoc|iPhone
		{6EEB23DC-7063-4444-9AF8-90DF24F549C0}.Ad-Hoc|x86.ActiveCfg = Ad-Hoc|iPhone
		{6EEB23DC-7063-4444-9AF8-90DF24F549C0}.AppStore|Any CPU.ActiveCfg = AppStore|iPhone
		{6EEB23DC-7063-4444-9AF8-90DF24F549C0}.AppStore|ARM.ActiveCfg = AppStore|iPhone
		{6EEB23DC-7063-4444-9AF8-90DF24F549C0}.AppStore|iPhone.ActiveCfg = AppStore|iPhone
		{6EEB23DC-7063-4444-9AF8-90DF24F549C0}.AppStore|iPhone.Build.0 = AppStore|iPhone
		{6EEB23DC-7063-4444-9AF8-90DF24F549C0}.AppStore|iPhoneSimulator.ActiveCfg = AppStore|iPhoneSimulator
		{6EEB23DC-7063-4444-9AF8-90DF24F549C0}.AppStore|iPhoneSimulator.Build.0 = AppStore|iPhoneSimulator
		{6EEB23DC-7063-4444-9AF8-90DF24F549C0}.AppStore|x64.ActiveCfg = AppStore|iPhone
		{6EEB23DC-7063-4444-9AF8-90DF24F549C0}.AppStore|x86.ActiveCfg = AppStore|iPhone
		{6EEB23DC-7063-4444-9AF8-90DF24F549C0}.Debug|Any CPU.ActiveCfg = Debug|iPhone
		{6EEB23DC-7063-4444-9AF8-90DF24F549C0}.Debug|Any CPU.Build.0 = Debug|iPhone
		{6EEB23DC-7063-4444-9AF8-90DF24F549C0}.Debug|ARM.ActiveCfg = Debug|iPhone
		{6EEB23DC-7063-4444-9AF8-90DF24F549C0}.Debug|iPhone.ActiveCfg = Debug|iPhone
		{6EEB23DC-7063-4444-9AF8-90DF24F549C0}.Debug|iPhone.Build.0 = Debug|iPhone
		{6EEB23DC-7063-4444-9AF8-90DF24F549C0}.Debug|iPhoneSimulator.ActiveCfg = Debug|iPhoneSimulator
		{6EEB23DC-7063-4444-9AF8-90DF24F549C0}.Debug|iPhoneSimulator.Build.0 = Debug|iPhoneSimulator
		{6EEB23DC-7063-4444-9AF8-90DF24F549C0}.Debug|x64.ActiveCfg = Debug|iPhone
		{6EEB23DC-7063-4444-9AF8-90DF24F549C0}.Debug|x86.ActiveCfg = Debug|iPhone
		{6EEB23DC-7063-4444-9AF8-90DF24F549C0}.Release|Any CPU.ActiveCfg = Release|iPhone
		{6EEB23DC-7063-4444-9AF8-90DF24F549C0}.Release|ARM.ActiveCfg = Release|iPhone
		{6EEB23DC-7063-4444-9AF8-90DF24F549C0}.Release|iPhone.ActiveCfg = Release|iPhone
		{6EEB23DC-7063-4444-9AF8-90DF24F549C0}.Release|iPhone.Build.0 = Release|iPhone
		{6EEB23DC-7063-4444-9AF8-90DF24F549C0}.Release|iPhoneSimulator.ActiveCfg = Release|iPhoneSimulator
		{6EEB23DC-7063-4444-9AF8-90DF24F549C0}.Release|iPhoneSimulator.Build.0 = Release|iPhoneSimulator
		{6EEB23DC-7063-4444-9AF8-90DF24F549C0}.Release|x64.ActiveCfg = Release|iPhone
		{6EEB23DC-7063-4444-9AF8-90DF24F549C0}.Release|x86.ActiveCfg = Release|iPhone
		{65116D1C-145B-4693-ABDA-F0FB6F425191}.Ad-Hoc|Any CPU.ActiveCfg = Release|Any CPU
		{65116D1C-145B-4693-ABDA-F0FB6F425191}.Ad-Hoc|Any CPU.Build.0 = Release|Any CPU
		{65116D1C-145B-4693-ABDA-F0FB6F425191}.Ad-Hoc|ARM.ActiveCfg = Release|Any CPU
		{65116D1C-145B-4693-ABDA-F0FB6F425191}.Ad-Hoc|ARM.Build.0 = Release|Any CPU
		{65116D1C-145B-4693-ABDA-F0FB6F425191}.Ad-Hoc|iPhone.ActiveCfg = Release|Any CPU
		{65116D1C-145B-4693-ABDA-F0FB6F425191}.Ad-Hoc|iPhone.Build.0 = Release|Any CPU
		{65116D1C-145B-4693-ABDA-F0FB6F425191}.Ad-Hoc|iPhoneSimulator.ActiveCfg = Release|Any CPU
		{65116D1C-145B-4693-ABDA-F0FB6F425191}.Ad-Hoc|iPhoneSimulator.Build.0 = Release|Any CPU
		{65116D1C-145B-4693-ABDA-F0FB6F425191}.Ad-Hoc|x64.ActiveCfg = Release|Any CPU
		{65116D1C-145B-4693-ABDA-F0FB6F425191}.Ad-Hoc|x64.Build.0 = Release|Any CPU
		{65116D1C-145B-4693-ABDA-F0FB6F425191}.Ad-Hoc|x86.ActiveCfg = Release|Any CPU
		{65116D1C-145B-4693-ABDA-F0FB6F425191}.Ad-Hoc|x86.Build.0 = Release|Any CPU
		{65116D1C-145B-4693-ABDA-F0FB6F425191}.AppStore|Any CPU.ActiveCfg = Release|Any CPU
		{65116D1C-145B-4693-ABDA-F0FB6F425191}.AppStore|Any CPU.Build.0 = Release|Any CPU
		{65116D1C-145B-4693-ABDA-F0FB6F425191}.AppStore|ARM.ActiveCfg = Release|Any CPU
		{65116D1C-145B-4693-ABDA-F0FB6F425191}.AppStore|ARM.Build.0 = Release|Any CPU
		{65116D1C-145B-4693-ABDA-F0FB6F425191}.AppStore|iPhone.ActiveCfg = Release|Any CPU
		{65116D1C-145B-4693-ABDA-F0FB6F425191}.AppStore|iPhone.Build.0 = Release|Any CPU
		{65116D1C-145B-4693-ABDA-F0FB6F425191}.AppStore|iPhoneSimulator.ActiveCfg = Release|Any CPU
		{65116D1C-145B-4693-ABDA-F0FB6F425191}.AppStore|iPhoneSimulator.Build.0 = Release|Any CPU
		{65116D1C-145B-4693-ABDA-F0FB6F425191}.AppStore|x64.ActiveCfg = Release|Any CPU
		{65116D1C-145B-4693-ABDA-F0FB6F425191}.AppStore|x64.Build.0 = Release|Any CPU
		{65116D1C-145B-4693-ABDA-F0FB6F425191}.AppStore|x86.ActiveCfg = Release|Any CPU
		{65116D1C-145B-4693-ABDA-F0FB6F425191}.AppStore|x86.Build.0 = Release|Any CPU
		{65116D1C-145B-4693-ABDA-F0FB6F425191}.Debug|Any CPU.ActiveCfg = Debug|Any CPU
		{65116D1C-145B-4693-ABDA-F0FB6F425191}.Debug|Any CPU.Build.0 = Debug|Any CPU
		{65116D1C-145B-4693-ABDA-F0FB6F425191}.Debug|ARM.ActiveCfg = Debug|Any CPU
		{65116D1C-145B-4693-ABDA-F0FB6F425191}.Debug|ARM.Build.0 = Debug|Any CPU
		{65116D1C-145B-4693-ABDA-F0FB6F425191}.Debug|iPhone.ActiveCfg = Debug|Any CPU
		{65116D1C-145B-4693-ABDA-F0FB6F425191}.Debug|iPhone.Build.0 = Debug|Any CPU
		{65116D1C-145B-4693-ABDA-F0FB6F425191}.Debug|iPhoneSimulator.ActiveCfg = Debug|Any CPU
		{65116D1C-145B-4693-ABDA-F0FB6F425191}.Debug|iPhoneSimulator.Build.0 = Debug|Any CPU
		{65116D1C-145B-4693-ABDA-F0FB6F425191}.Debug|x64.ActiveCfg = Debug|Any CPU
		{65116D1C-145B-4693-ABDA-F0FB6F425191}.Debug|x64.Build.0 = Debug|Any CPU
		{65116D1C-145B-4693-ABDA-F0FB6F425191}.Debug|x86.ActiveCfg = Debug|Any CPU
		{65116D1C-145B-4693-ABDA-F0FB6F425191}.Debug|x86.Build.0 = Debug|Any CPU
		{65116D1C-145B-4693-ABDA-F0FB6F425191}.Release|Any CPU.ActiveCfg = Release|Any CPU
		{65116D1C-145B-4693-ABDA-F0FB6F425191}.Release|Any CPU.Build.0 = Release|Any CPU
		{65116D1C-145B-4693-ABDA-F0FB6F425191}.Release|ARM.ActiveCfg = Release|Any CPU
		{65116D1C-145B-4693-ABDA-F0FB6F425191}.Release|ARM.Build.0 = Release|Any CPU
		{65116D1C-145B-4693-ABDA-F0FB6F425191}.Release|iPhone.ActiveCfg = Release|Any CPU
		{65116D1C-145B-4693-ABDA-F0FB6F425191}.Release|iPhone.Build.0 = Release|Any CPU
		{65116D1C-145B-4693-ABDA-F0FB6F425191}.Release|iPhoneSimulator.ActiveCfg = Release|Any CPU
		{65116D1C-145B-4693-ABDA-F0FB6F425191}.Release|iPhoneSimulator.Build.0 = Release|Any CPU
		{65116D1C-145B-4693-ABDA-F0FB6F425191}.Release|x64.ActiveCfg = Release|Any CPU
		{65116D1C-145B-4693-ABDA-F0FB6F425191}.Release|x64.Build.0 = Release|Any CPU
		{65116D1C-145B-4693-ABDA-F0FB6F425191}.Release|x86.ActiveCfg = Release|Any CPU
		{65116D1C-145B-4693-ABDA-F0FB6F425191}.Release|x86.Build.0 = Release|Any CPU
		{C3C1E2CF-B1F7-4654-BBDC-50143DB22E0B}.Ad-Hoc|Any CPU.ActiveCfg = Release|x86
		{C3C1E2CF-B1F7-4654-BBDC-50143DB22E0B}.Ad-Hoc|Any CPU.Build.0 = Release|x86
		{C3C1E2CF-B1F7-4654-BBDC-50143DB22E0B}.Ad-Hoc|Any CPU.Deploy.0 = Release|x86
		{C3C1E2CF-B1F7-4654-BBDC-50143DB22E0B}.Ad-Hoc|ARM.ActiveCfg = Release|ARM
		{C3C1E2CF-B1F7-4654-BBDC-50143DB22E0B}.Ad-Hoc|ARM.Build.0 = Release|ARM
		{C3C1E2CF-B1F7-4654-BBDC-50143DB22E0B}.Ad-Hoc|ARM.Deploy.0 = Release|ARM
		{C3C1E2CF-B1F7-4654-BBDC-50143DB22E0B}.Ad-Hoc|iPhone.ActiveCfg = Release|x86
		{C3C1E2CF-B1F7-4654-BBDC-50143DB22E0B}.Ad-Hoc|iPhone.Build.0 = Release|x86
		{C3C1E2CF-B1F7-4654-BBDC-50143DB22E0B}.Ad-Hoc|iPhone.Deploy.0 = Release|x86
		{C3C1E2CF-B1F7-4654-BBDC-50143DB22E0B}.Ad-Hoc|iPhoneSimulator.ActiveCfg = Release|x86
		{C3C1E2CF-B1F7-4654-BBDC-50143DB22E0B}.Ad-Hoc|iPhoneSimulator.Build.0 = Release|x86
		{C3C1E2CF-B1F7-4654-BBDC-50143DB22E0B}.Ad-Hoc|iPhoneSimulator.Deploy.0 = Release|x86
		{C3C1E2CF-B1F7-4654-BBDC-50143DB22E0B}.Ad-Hoc|x64.ActiveCfg = Release|x64
		{C3C1E2CF-B1F7-4654-BBDC-50143DB22E0B}.Ad-Hoc|x64.Build.0 = Release|x64
		{C3C1E2CF-B1F7-4654-BBDC-50143DB22E0B}.Ad-Hoc|x64.Deploy.0 = Release|x64
		{C3C1E2CF-B1F7-4654-BBDC-50143DB22E0B}.Ad-Hoc|x86.ActiveCfg = Release|x86
		{C3C1E2CF-B1F7-4654-BBDC-50143DB22E0B}.Ad-Hoc|x86.Build.0 = Release|x86
		{C3C1E2CF-B1F7-4654-BBDC-50143DB22E0B}.Ad-Hoc|x86.Deploy.0 = Release|x86
		{C3C1E2CF-B1F7-4654-BBDC-50143DB22E0B}.AppStore|Any CPU.ActiveCfg = Release|x86
		{C3C1E2CF-B1F7-4654-BBDC-50143DB22E0B}.AppStore|Any CPU.Build.0 = Release|x86
		{C3C1E2CF-B1F7-4654-BBDC-50143DB22E0B}.AppStore|Any CPU.Deploy.0 = Release|x86
		{C3C1E2CF-B1F7-4654-BBDC-50143DB22E0B}.AppStore|ARM.ActiveCfg = Release|ARM
		{C3C1E2CF-B1F7-4654-BBDC-50143DB22E0B}.AppStore|ARM.Build.0 = Release|ARM
		{C3C1E2CF-B1F7-4654-BBDC-50143DB22E0B}.AppStore|ARM.Deploy.0 = Release|ARM
		{C3C1E2CF-B1F7-4654-BBDC-50143DB22E0B}.AppStore|iPhone.ActiveCfg = Release|x86
		{C3C1E2CF-B1F7-4654-BBDC-50143DB22E0B}.AppStore|iPhone.Build.0 = Release|x86
		{C3C1E2CF-B1F7-4654-BBDC-50143DB22E0B}.AppStore|iPhone.Deploy.0 = Release|x86
		{C3C1E2CF-B1F7-4654-BBDC-50143DB22E0B}.AppStore|iPhoneSimulator.ActiveCfg = Release|x86
		{C3C1E2CF-B1F7-4654-BBDC-50143DB22E0B}.AppStore|iPhoneSimulator.Build.0 = Release|x86
		{C3C1E2CF-B1F7-4654-BBDC-50143DB22E0B}.AppStore|iPhoneSimulator.Deploy.0 = Release|x86
		{C3C1E2CF-B1F7-4654-BBDC-50143DB22E0B}.AppStore|x64.ActiveCfg = Release|x64
		{C3C1E2CF-B1F7-4654-BBDC-50143DB22E0B}.AppStore|x64.Build.0 = Release|x64
		{C3C1E2CF-B1F7-4654-BBDC-50143DB22E0B}.AppStore|x64.Deploy.0 = Release|x64
		{C3C1E2CF-B1F7-4654-BBDC-50143DB22E0B}.AppStore|x86.ActiveCfg = Release|x86
		{C3C1E2CF-B1F7-4654-BBDC-50143DB22E0B}.AppStore|x86.Build.0 = Release|x86
		{C3C1E2CF-B1F7-4654-BBDC-50143DB22E0B}.AppStore|x86.Deploy.0 = Release|x86
		{C3C1E2CF-B1F7-4654-BBDC-50143DB22E0B}.Debug|Any CPU.ActiveCfg = Debug|x86
		{C3C1E2CF-B1F7-4654-BBDC-50143DB22E0B}.Debug|Any CPU.Build.0 = Debug|x86
		{C3C1E2CF-B1F7-4654-BBDC-50143DB22E0B}.Debug|Any CPU.Deploy.0 = Debug|x86
		{C3C1E2CF-B1F7-4654-BBDC-50143DB22E0B}.Debug|ARM.ActiveCfg = Debug|ARM
		{C3C1E2CF-B1F7-4654-BBDC-50143DB22E0B}.Debug|ARM.Build.0 = Debug|ARM
		{C3C1E2CF-B1F7-4654-BBDC-50143DB22E0B}.Debug|ARM.Deploy.0 = Debug|ARM
		{C3C1E2CF-B1F7-4654-BBDC-50143DB22E0B}.Debug|iPhone.ActiveCfg = Debug|x86
		{C3C1E2CF-B1F7-4654-BBDC-50143DB22E0B}.Debug|iPhone.Build.0 = Debug|x86
		{C3C1E2CF-B1F7-4654-BBDC-50143DB22E0B}.Debug|iPhone.Deploy.0 = Debug|x86
		{C3C1E2CF-B1F7-4654-BBDC-50143DB22E0B}.Debug|iPhoneSimulator.ActiveCfg = Debug|x86
		{C3C1E2CF-B1F7-4654-BBDC-50143DB22E0B}.Debug|iPhoneSimulator.Build.0 = Debug|x86
		{C3C1E2CF-B1F7-4654-BBDC-50143DB22E0B}.Debug|iPhoneSimulator.Deploy.0 = Debug|x86
		{C3C1E2CF-B1F7-4654-BBDC-50143DB22E0B}.Debug|x64.ActiveCfg = Debug|x64
		{C3C1E2CF-B1F7-4654-BBDC-50143DB22E0B}.Debug|x64.Build.0 = Debug|x64
		{C3C1E2CF-B1F7-4654-BBDC-50143DB22E0B}.Debug|x64.Deploy.0 = Debug|x64
		{C3C1E2CF-B1F7-4654-BBDC-50143DB22E0B}.Debug|x86.ActiveCfg = Debug|x86
		{C3C1E2CF-B1F7-4654-BBDC-50143DB22E0B}.Debug|x86.Build.0 = Debug|x86
		{C3C1E2CF-B1F7-4654-BBDC-50143DB22E0B}.Debug|x86.Deploy.0 = Debug|x86
		{C3C1E2CF-B1F7-4654-BBDC-50143DB22E0B}.Release|Any CPU.ActiveCfg = Release|x86
		{C3C1E2CF-B1F7-4654-BBDC-50143DB22E0B}.Release|ARM.ActiveCfg = Release|ARM
		{C3C1E2CF-B1F7-4654-BBDC-50143DB22E0B}.Release|ARM.Build.0 = Release|ARM
		{C3C1E2CF-B1F7-4654-BBDC-50143DB22E0B}.Release|ARM.Deploy.0 = Release|ARM
		{C3C1E2CF-B1F7-4654-BBDC-50143DB22E0B}.Release|iPhone.ActiveCfg = Release|x86
		{C3C1E2CF-B1F7-4654-BBDC-50143DB22E0B}.Release|iPhoneSimulator.ActiveCfg = Release|x86
		{C3C1E2CF-B1F7-4654-BBDC-50143DB22E0B}.Release|x64.ActiveCfg = Release|x64
		{C3C1E2CF-B1F7-4654-BBDC-50143DB22E0B}.Release|x64.Build.0 = Release|x64
		{C3C1E2CF-B1F7-4654-BBDC-50143DB22E0B}.Release|x64.Deploy.0 = Release|x64
		{C3C1E2CF-B1F7-4654-BBDC-50143DB22E0B}.Release|x86.ActiveCfg = Release|x86
		{C3C1E2CF-B1F7-4654-BBDC-50143DB22E0B}.Release|x86.Build.0 = Release|x86
		{C3C1E2CF-B1F7-4654-BBDC-50143DB22E0B}.Release|x86.Deploy.0 = Release|x86
	EndGlobalSection
	GlobalSection(SolutionProperties) = preSolution
		HideSolutionNode = FALSE
	EndGlobalSection
	GlobalSection(NestedProjects) = preSolution
		{62DBB163-9CA9-4818-B48B-13233DF37C24} = {8F848898-6B21-4905-AE2E-B3ABDEDA1963}
		{6EEB23DC-7063-4444-9AF8-90DF24F549C0} = {8F848898-6B21-4905-AE2E-B3ABDEDA1963}
		{65116D1C-145B-4693-ABDA-F0FB6F425191} = {65D002E7-E869-491C-ABA8-9650CEAF677A}
		{C3C1E2CF-B1F7-4654-BBDC-50143DB22E0B} = {8F848898-6B21-4905-AE2E-B3ABDEDA1963}
	EndGlobalSection
EndGlobal
