
Microsoft Visual Studio Solution File, Format Version 12.00
# Visual Studio 15
VisualStudioVersion = 15.0.26730.8
MinimumVisualStudioVersion = 10.0.40219.1
Project("{2150E333-8FDC-42A3-9474-1A3956D46DE8}") = "src", "src", "{932D8224-11F6-4D07-B109-DA28AD288A63}"
EndProject
Project("{2150E333-8FDC-42A3-9474-1A3956D46DE8}") = "Solution Items", "Solution Items", "{3AF739CD-81D8-428D-A08A-0A58372DEBF6}"
	ProjectSection(SolutionItems) = preProject
		docker-compose.yml = docker-compose.yml
		global.json = global.json
		NuGet.config = NuGet.config
	EndProjectSection
EndProject
Project("{2150E333-8FDC-42A3-9474-1A3956D46DE8}") = "Mobile Apps", "Mobile Apps", "{F61357CE-1CC2-410E-8776-B16EEBC98EB8}"
EndProject
Project("{2150E333-8FDC-42A3-9474-1A3956D46DE8}") = "test", "test", "{A857AD10-40FF-4303-BEC2-FF1C58D5735E}"
EndProject
Project("{FAE04EC0-301F-11D3-BF4B-00C04F79EFBC}") = "eShopOnContainers.Core", "eShopOnContainers\eShopOnContainers.Core\eShopOnContainers.Core.csproj", "{67F9D3A8-F71E-4428-913F-C37AE82CDB24}"
EndProject
Project("{FAE04EC0-301F-11D3-BF4B-00C04F79EFBC}") = "eShopOnContainers.iOS", "eShopOnContainers\eShopOnContainers.iOS\eShopOnContainers.iOS.csproj", "{6EEB23DC-7063-4444-9AF8-90DF24F549C0}"
EndProject
Project("{2150E333-8FDC-42A3-9474-1A3956D46DE8}") = "Shared Code", "Shared Code", "{778289CA-31F7-4464-8C2A-612EE846F8A7}"
EndProject
Project("{2150E333-8FDC-42A3-9474-1A3956D46DE8}") = "Targets", "Targets", "{9CC7814B-72A6-465B-A61C-57B512DEE303}"
EndProject
Project("{2150E333-8FDC-42A3-9474-1A3956D46DE8}") = "Mobile Apps", "Mobile Apps", "{B7B1D395-4E06-4036-BE86-C216756B9367}"
EndProject
Project("{FAE04EC0-301F-11D3-BF4B-00C04F79EFBC}") = "eShopOnContainers.UnitTests", "eShopOnContainers\eShopOnContainers.UnitTests\eShopOnContainers.UnitTests.csproj", "{F7B6A162-BC4D-4924-B16A-713F9B0344E7}"
EndProject
Project("{FAE04EC0-301F-11D3-BF4B-00C04F79EFBC}") = "eShopOnContainers.TestRunner.iOS", "eShopOnContainers\eShopOnContainers.TestRunner.iOS\eShopOnContainers.TestRunner.iOS.csproj", "{B68C2B56-7581-46AE-B55D-D25DDFD3BFE3}"
EndProject
Global
	GlobalSection(SolutionConfigurationPlatforms) = preSolution
		Ad-Hoc|Any CPU = Ad-Hoc|Any CPU
		Ad-Hoc|ARM = Ad-Hoc|ARM
		Ad-Hoc|iPhone = Ad-Hoc|iPhone
		Ad-Hoc|iPhoneSimulator = Ad-Hoc|iPhoneSimulator
		Ad-Hoc|x64 = Ad-Hoc|x64
		Ad-Hoc|x86 = Ad-Hoc|x86
		AppStore|Any CPU = AppStore|Any CPU
		AppStore|ARM = AppStore|ARM
		AppStore|iPhone = AppStore|iPhone
		AppStore|iPhoneSimulator = AppStore|iPhoneSimulator
		AppStore|x64 = AppStore|x64
		AppStore|x86 = AppStore|x86
		Debug|Any CPU = Debug|Any CPU
		Debug|ARM = Debug|ARM
		Debug|iPhone = Debug|iPhone
		Debug|iPhoneSimulator = Debug|iPhoneSimulator
		Debug|x64 = Debug|x64
		Debug|x86 = Debug|x86
		Release|Any CPU = Release|Any CPU
		Release|ARM = Release|ARM
		Release|iPhone = Release|iPhone
		Release|iPhoneSimulator = Release|iPhoneSimulator
		Release|x64 = Release|x64
		Release|x86 = Release|x86
	EndGlobalSection
	GlobalSection(ProjectConfigurationPlatforms) = postSolution
		{67F9D3A8-F71E-4428-913F-C37AE82CDB24}.Ad-Hoc|Any CPU.ActiveCfg = Release|Any CPU
		{67F9D3A8-F71E-4428-913F-C37AE82CDB24}.Ad-Hoc|Any CPU.Build.0 = Release|Any CPU
		{67F9D3A8-F71E-4428-913F-C37AE82CDB24}.Ad-Hoc|ARM.ActiveCfg = Release|Any CPU
		{67F9D3A8-F71E-4428-913F-C37AE82CDB24}.Ad-Hoc|ARM.Build.0 = Release|Any CPU
		{67F9D3A8-F71E-4428-913F-C37AE82CDB24}.Ad-Hoc|iPhone.ActiveCfg = Release|Any CPU
		{67F9D3A8-F71E-4428-913F-C37AE82CDB24}.Ad-Hoc|iPhone.Build.0 = Release|Any CPU
		{67F9D3A8-F71E-4428-913F-C37AE82CDB24}.Ad-Hoc|iPhoneSimulator.ActiveCfg = Release|Any CPU
		{67F9D3A8-F71E-4428-913F-C37AE82CDB24}.Ad-Hoc|iPhoneSimulator.Build.0 = Release|Any CPU
		{67F9D3A8-F71E-4428-913F-C37AE82CDB24}.Ad-Hoc|x64.ActiveCfg = Release|Any CPU
		{67F9D3A8-F71E-4428-913F-C37AE82CDB24}.Ad-Hoc|x64.Build.0 = Release|Any CPU
		{67F9D3A8-F71E-4428-913F-C37AE82CDB24}.Ad-Hoc|x86.ActiveCfg = Release|Any CPU
		{67F9D3A8-F71E-4428-913F-C37AE82CDB24}.Ad-Hoc|x86.Build.0 = Release|Any CPU
		{67F9D3A8-F71E-4428-913F-C37AE82CDB24}.AppStore|Any CPU.ActiveCfg = Release|Any CPU
		{67F9D3A8-F71E-4428-913F-C37AE82CDB24}.AppStore|Any CPU.Build.0 = Release|Any CPU
		{67F9D3A8-F71E-4428-913F-C37AE82CDB24}.AppStore|ARM.ActiveCfg = Release|Any CPU
		{67F9D3A8-F71E-4428-913F-C37AE82CDB24}.AppStore|ARM.Build.0 = Release|Any CPU
		{67F9D3A8-F71E-4428-913F-C37AE82CDB24}.AppStore|iPhone.ActiveCfg = Release|Any CPU
		{67F9D3A8-F71E-4428-913F-C37AE82CDB24}.AppStore|iPhone.Build.0 = Release|Any CPU
		{67F9D3A8-F71E-4428-913F-C37AE82CDB24}.AppStore|iPhoneSimulator.ActiveCfg = Release|Any CPU
		{67F9D3A8-F71E-4428-913F-C37AE82CDB24}.AppStore|iPhoneSimulator.Build.0 = Release|Any CPU
		{67F9D3A8-F71E-4428-913F-C37AE82CDB24}.AppStore|x64.ActiveCfg = Release|Any CPU
		{67F9D3A8-F71E-4428-913F-C37AE82CDB24}.AppStore|x64.Build.0 = Release|Any CPU
		{67F9D3A8-F71E-4428-913F-C37AE82CDB24}.AppStore|x86.ActiveCfg = Release|Any CPU
		{67F9D3A8-F71E-4428-913F-C37AE82CDB24}.AppStore|x86.Build.0 = Release|Any CPU
		{67F9D3A8-F71E-4428-913F-C37AE82CDB24}.Debug|Any CPU.ActiveCfg = Debug|Any CPU
		{67F9D3A8-F71E-4428-913F-C37AE82CDB24}.Debug|Any CPU.Build.0 = Debug|Any CPU
		{67F9D3A8-F71E-4428-913F-C37AE82CDB24}.Debug|ARM.ActiveCfg = Debug|Any CPU
		{67F9D3A8-F71E-4428-913F-C37AE82CDB24}.Debug|ARM.Build.0 = Debug|Any CPU
		{67F9D3A8-F71E-4428-913F-C37AE82CDB24}.Debug|iPhone.ActiveCfg = Debug|Any CPU
		{67F9D3A8-F71E-4428-913F-C37AE82CDB24}.Debug|iPhone.Build.0 = Debug|Any CPU
		{67F9D3A8-F71E-4428-913F-C37AE82CDB24}.Debug|iPhoneSimulator.ActiveCfg = Debug|Any CPU
		{67F9D3A8-F71E-4428-913F-C37AE82CDB24}.Debug|iPhoneSimulator.Build.0 = Debug|Any CPU
		{67F9D3A8-F71E-4428-913F-C37AE82CDB24}.Debug|x64.ActiveCfg = Debug|Any CPU
		{67F9D3A8-F71E-4428-913F-C37AE82CDB24}.Debug|x64.Build.0 = Debug|Any CPU
		{67F9D3A8-F71E-4428-913F-C37AE82CDB24}.Debug|x86.ActiveCfg = Debug|Any CPU
		{67F9D3A8-F71E-4428-913F-C37AE82CDB24}.Debug|x86.Build.0 = Debug|Any CPU
		{67F9D3A8-F71E-4428-913F-C37AE82CDB24}.Release|Any CPU.ActiveCfg = Release|Any CPU
		{67F9D3A8-F71E-4428-913F-C37AE82CDB24}.Release|Any CPU.Build.0 = Release|Any CPU
		{67F9D3A8-F71E-4428-913F-C37AE82CDB24}.Release|ARM.ActiveCfg = Release|Any CPU
		{67F9D3A8-F71E-4428-913F-C37AE82CDB24}.Release|ARM.Build.0 = Release|Any CPU
		{67F9D3A8-F71E-4428-913F-C37AE82CDB24}.Release|iPhone.ActiveCfg = Release|Any CPU
		{67F9D3A8-F71E-4428-913F-C37AE82CDB24}.Release|iPhone.Build.0 = Release|Any CPU
		{67F9D3A8-F71E-4428-913F-C37AE82CDB24}.Release|iPhoneSimulator.ActiveCfg = Release|Any CPU
		{67F9D3A8-F71E-4428-913F-C37AE82CDB24}.Release|iPhoneSimulator.Build.0 = Release|Any CPU
		{67F9D3A8-F71E-4428-913F-C37AE82CDB24}.Release|x64.ActiveCfg = Release|Any CPU
		{67F9D3A8-F71E-4428-913F-C37AE82CDB24}.Release|x64.Build.0 = Release|Any CPU
		{67F9D3A8-F71E-4428-913F-C37AE82CDB24}.Release|x86.ActiveCfg = Release|Any CPU
		{67F9D3A8-F71E-4428-913F-C37AE82CDB24}.Release|x86.Build.0 = Release|Any CPU
		{6EEB23DC-7063-4444-9AF8-90DF24F549C0}.Ad-Hoc|Any CPU.ActiveCfg = Ad-Hoc|iPhone
		{6EEB23DC-7063-4444-9AF8-90DF24F549C0}.Ad-Hoc|ARM.ActiveCfg = Ad-Hoc|iPhone
		{6EEB23DC-7063-4444-9AF8-90DF24F549C0}.Ad-Hoc|iPhone.ActiveCfg = Ad-Hoc|iPhone
		{6EEB23DC-7063-4444-9AF8-90DF24F549C0}.Ad-Hoc|iPhone.Build.0 = Ad-Hoc|iPhone
		{6EEB23DC-7063-4444-9AF8-90DF24F549C0}.Ad-Hoc|iPhoneSimulator.ActiveCfg = Ad-Hoc|iPhoneSimulator
		{6EEB23DC-7063-4444-9AF8-90DF24F549C0}.Ad-Hoc|iPhoneSimulator.Build.0 = Ad-Hoc|iPhoneSimulator
		{6EEB23DC-7063-4444-9AF8-90DF24F549C0}.Ad-Hoc|x64.ActiveCfg = Ad-Hoc|iPhone
		{6EEB23DC-7063-4444-9AF8-90DF24F549C0}.Ad-Hoc|x86.ActiveCfg = Ad-Hoc|iPhone
		{6EEB23DC-7063-4444-9AF8-90DF24F549C0}.AppStore|Any CPU.ActiveCfg = AppStore|iPhone
		{6EEB23DC-7063-4444-9AF8-90DF24F549C0}.AppStore|ARM.ActiveCfg = AppStore|iPhone
		{6EEB23DC-7063-4444-9AF8-90DF24F549C0}.AppStore|iPhone.ActiveCfg = AppStore|iPhone
		{6EEB23DC-7063-4444-9AF8-90DF24F549C0}.AppStore|iPhone.Build.0 = AppStore|iPhone
		{6EEB23DC-7063-4444-9AF8-90DF24F549C0}.AppStore|iPhoneSimulator.ActiveCfg = AppStore|iPhoneSimulator
		{6EEB23DC-7063-4444-9AF8-90DF24F549C0}.AppStore|iPhoneSimulator.Build.0 = AppStore|iPhoneSimulator
		{6EEB23DC-7063-4444-9AF8-90DF24F549C0}.AppStore|x64.ActiveCfg = AppStore|iPhone
		{6EEB23DC-7063-4444-9AF8-90DF24F549C0}.AppStore|x86.ActiveCfg = AppStore|iPhone
		{6EEB23DC-7063-4444-9AF8-90DF24F549C0}.Debug|Any CPU.ActiveCfg = Debug|iPhone
		{6EEB23DC-7063-4444-9AF8-90DF24F549C0}.Debug|Any CPU.Build.0 = Debug|iPhone
		{6EEB23DC-7063-4444-9AF8-90DF24F549C0}.Debug|ARM.ActiveCfg = Debug|iPhone
		{6EEB23DC-7063-4444-9AF8-90DF24F549C0}.Debug|iPhone.ActiveCfg = Debug|iPhone
		{6EEB23DC-7063-4444-9AF8-90DF24F549C0}.Debug|iPhone.Build.0 = Debug|iPhone
		{6EEB23DC-7063-4444-9AF8-90DF24F549C0}.Debug|iPhoneSimulator.ActiveCfg = Debug|iPhoneSimulator
		{6EEB23DC-7063-4444-9AF8-90DF24F549C0}.Debug|iPhoneSimulator.Build.0 = Debug|iPhoneSimulator
		{6EEB23DC-7063-4444-9AF8-90DF24F549C0}.Debug|x64.ActiveCfg = Debug|iPhone
		{6EEB23DC-7063-4444-9AF8-90DF24F549C0}.Debug|x86.ActiveCfg = Debug|iPhone
		{6EEB23DC-7063-4444-9AF8-90DF24F549C0}.Release|Any CPU.ActiveCfg = Release|iPhone
		{6EEB23DC-7063-4444-9AF8-90DF24F549C0}.Release|ARM.ActiveCfg = Release|iPhone
		{6EEB23DC-7063-4444-9AF8-90DF24F549C0}.Release|iPhone.ActiveCfg = Release|iPhone
		{6EEB23DC-7063-4444-9AF8-90DF24F549C0}.Release|iPhone.Build.0 = Release|iPhone
		{6EEB23DC-7063-4444-9AF8-90DF24F549C0}.Release|iPhoneSimulator.ActiveCfg = Release|iPhoneSimulator
		{6EEB23DC-7063-4444-9AF8-90DF24F549C0}.Release|iPhoneSimulator.Build.0 = Release|iPhoneSimulator
		{6EEB23DC-7063-4444-9AF8-90DF24F549C0}.Release|x64.ActiveCfg = Release|iPhone
		{6EEB23DC-7063-4444-9AF8-90DF24F549C0}.Release|x86.ActiveCfg = Release|iPhone
		{F7B6A162-BC4D-4924-B16A-713F9B0344E7}.Ad-Hoc|Any CPU.ActiveCfg = Release|Any CPU
		{F7B6A162-BC4D-4924-B16A-713F9B0344E7}.Ad-Hoc|Any CPU.Build.0 = Release|Any CPU
		{F7B6A162-BC4D-4924-B16A-713F9B0344E7}.Ad-Hoc|ARM.ActiveCfg = Release|Any CPU
		{F7B6A162-BC4D-4924-B16A-713F9B0344E7}.Ad-Hoc|ARM.Build.0 = Release|Any CPU
		{F7B6A162-BC4D-4924-B16A-713F9B0344E7}.Ad-Hoc|iPhone.ActiveCfg = Release|Any CPU
		{F7B6A162-BC4D-4924-B16A-713F9B0344E7}.Ad-Hoc|iPhone.Build.0 = Release|Any CPU
		{F7B6A162-BC4D-4924-B16A-713F9B0344E7}.Ad-Hoc|iPhoneSimulator.ActiveCfg = Release|Any CPU
		{F7B6A162-BC4D-4924-B16A-713F9B0344E7}.Ad-Hoc|iPhoneSimulator.Build.0 = Release|Any CPU
		{F7B6A162-BC4D-4924-B16A-713F9B0344E7}.Ad-Hoc|x64.ActiveCfg = Release|Any CPU
		{F7B6A162-BC4D-4924-B16A-713F9B0344E7}.Ad-Hoc|x64.Build.0 = Release|Any CPU
		{F7B6A162-BC4D-4924-B16A-713F9B0344E7}.Ad-Hoc|x86.ActiveCfg = Release|Any CPU
		{F7B6A162-BC4D-4924-B16A-713F9B0344E7}.Ad-Hoc|x86.Build.0 = Release|Any CPU
		{F7B6A162-BC4D-4924-B16A-713F9B0344E7}.AppStore|Any CPU.ActiveCfg = Release|Any CPU
		{F7B6A162-BC4D-4924-B16A-713F9B0344E7}.AppStore|Any CPU.Build.0 = Release|Any CPU
		{F7B6A162-BC4D-4924-B16A-713F9B0344E7}.AppStore|ARM.ActiveCfg = Release|Any CPU
		{F7B6A162-BC4D-4924-B16A-713F9B0344E7}.AppStore|ARM.Build.0 = Release|Any CPU
		{F7B6A162-BC4D-4924-B16A-713F9B0344E7}.AppStore|iPhone.ActiveCfg = Release|Any CPU
		{F7B6A162-BC4D-4924-B16A-713F9B0344E7}.AppStore|iPhone.Build.0 = Release|Any CPU
		{F7B6A162-BC4D-4924-B16A-713F9B0344E7}.AppStore|iPhoneSimulator.ActiveCfg = Release|Any CPU
		{F7B6A162-BC4D-4924-B16A-713F9B0344E7}.AppStore|iPhoneSimulator.Build.0 = Release|Any CPU
		{F7B6A162-BC4D-4924-B16A-713F9B0344E7}.AppStore|x64.ActiveCfg = Release|Any CPU
		{F7B6A162-BC4D-4924-B16A-713F9B0344E7}.AppStore|x64.Build.0 = Release|Any CPU
		{F7B6A162-BC4D-4924-B16A-713F9B0344E7}.AppStore|x86.ActiveCfg = Release|Any CPU
		{F7B6A162-BC4D-4924-B16A-713F9B0344E7}.AppStore|x86.Build.0 = Release|Any CPU
		{F7B6A162-BC4D-4924-B16A-713F9B0344E7}.Debug|Any CPU.ActiveCfg = Debug|Any CPU
		{F7B6A162-BC4D-4924-B16A-713F9B0344E7}.Debug|Any CPU.Build.0 = Debug|Any CPU
		{F7B6A162-BC4D-4924-B16A-713F9B0344E7}.Debug|ARM.ActiveCfg = Debug|Any CPU
		{F7B6A162-BC4D-4924-B16A-713F9B0344E7}.Debug|ARM.Build.0 = Debug|Any CPU
		{F7B6A162-BC4D-4924-B16A-713F9B0344E7}.Debug|iPhone.ActiveCfg = Debug|Any CPU
		{F7B6A162-BC4D-4924-B16A-713F9B0344E7}.Debug|iPhone.Build.0 = Debug|Any CPU
		{F7B6A162-BC4D-4924-B16A-713F9B0344E7}.Debug|iPhoneSimulator.ActiveCfg = Debug|Any CPU
		{F7B6A162-BC4D-4924-B16A-713F9B0344E7}.Debug|iPhoneSimulator.Build.0 = Debug|Any CPU
		{F7B6A162-BC4D-4924-B16A-713F9B0344E7}.Debug|x64.ActiveCfg = Debug|Any CPU
		{F7B6A162-BC4D-4924-B16A-713F9B0344E7}.Debug|x64.Build.0 = Debug|Any CPU
		{F7B6A162-BC4D-4924-B16A-713F9B0344E7}.Debug|x86.ActiveCfg = Debug|Any CPU
		{F7B6A162-BC4D-4924-B16A-713F9B0344E7}.Debug|x86.Build.0 = Debug|Any CPU
		{F7B6A162-BC4D-4924-B16A-713F9B0344E7}.Release|Any CPU.ActiveCfg = Release|Any CPU
		{F7B6A162-BC4D-4924-B16A-713F9B0344E7}.Release|Any CPU.Build.0 = Release|Any CPU
		{F7B6A162-BC4D-4924-B16A-713F9B0344E7}.Release|ARM.ActiveCfg = Release|Any CPU
		{F7B6A162-BC4D-4924-B16A-713F9B0344E7}.Release|ARM.Build.0 = Release|Any CPU
		{F7B6A162-BC4D-4924-B16A-713F9B0344E7}.Release|iPhone.ActiveCfg = Release|Any CPU
		{F7B6A162-BC4D-4924-B16A-713F9B0344E7}.Release|iPhone.Build.0 = Release|Any CPU
		{F7B6A162-BC4D-4924-B16A-713F9B0344E7}.Release|iPhoneSimulator.ActiveCfg = Release|Any CPU
		{F7B6A162-BC4D-4924-B16A-713F9B0344E7}.Release|iPhoneSimulator.Build.0 = Release|Any CPU
		{F7B6A162-BC4D-4924-B16A-713F9B0344E7}.Release|x64.ActiveCfg = Release|Any CPU
		{F7B6A162-BC4D-4924-B16A-713F9B0344E7}.Release|x64.Build.0 = Release|Any CPU
		{F7B6A162-BC4D-4924-B16A-713F9B0344E7}.Release|x86.ActiveCfg = Release|Any CPU
		{F7B6A162-BC4D-4924-B16A-713F9B0344E7}.Release|x86.Build.0 = Release|Any CPU
		{B68C2B56-7581-46AE-B55D-D25DDFD3BFE3}.Ad-Hoc|Any CPU.ActiveCfg = Ad-Hoc|iPhone
		{B68C2B56-7581-46AE-B55D-D25DDFD3BFE3}.Ad-Hoc|ARM.ActiveCfg = Ad-Hoc|iPhone
		{B68C2B56-7581-46AE-B55D-D25DDFD3BFE3}.Ad-Hoc|iPhone.ActiveCfg = Ad-Hoc|iPhone
		{B68C2B56-7581-46AE-B55D-D25DDFD3BFE3}.Ad-Hoc|iPhone.Build.0 = Ad-Hoc|iPhone
		{B68C2B56-7581-46AE-B55D-D25DDFD3BFE3}.Ad-Hoc|iPhoneSimulator.ActiveCfg = Ad-Hoc|iPhoneSimulator
		{B68C2B56-7581-46AE-B55D-D25DDFD3BFE3}.Ad-Hoc|iPhoneSimulator.Build.0 = Ad-Hoc|iPhoneSimulator
		{B68C2B56-7581-46AE-B55D-D25DDFD3BFE3}.Ad-Hoc|x64.ActiveCfg = Ad-Hoc|iPhone
		{B68C2B56-7581-46AE-B55D-D25DDFD3BFE3}.Ad-Hoc|x86.ActiveCfg = Ad-Hoc|iPhone
		{B68C2B56-7581-46AE-B55D-D25DDFD3BFE3}.AppStore|Any CPU.ActiveCfg = AppStore|iPhone
		{B68C2B56-7581-46AE-B55D-D25DDFD3BFE3}.AppStore|ARM.ActiveCfg = AppStore|iPhone
		{B68C2B56-7581-46AE-B55D-D25DDFD3BFE3}.AppStore|iPhone.ActiveCfg = AppStore|iPhone
		{B68C2B56-7581-46AE-B55D-D25DDFD3BFE3}.AppStore|iPhone.Build.0 = AppStore|iPhone
		{B68C2B56-7581-46AE-B55D-D25DDFD3BFE3}.AppStore|iPhoneSimulator.ActiveCfg = AppStore|iPhoneSimulator
		{B68C2B56-7581-46AE-B55D-D25DDFD3BFE3}.AppStore|iPhoneSimulator.Build.0 = AppStore|iPhoneSimulator
		{B68C2B56-7581-46AE-B55D-D25DDFD3BFE3}.AppStore|x64.ActiveCfg = AppStore|iPhone
		{B68C2B56-7581-46AE-B55D-D25DDFD3BFE3}.AppStore|x86.ActiveCfg = AppStore|iPhone
		{B68C2B56-7581-46AE-B55D-D25DDFD3BFE3}.Debug|Any CPU.ActiveCfg = Debug|iPhone
		{B68C2B56-7581-46AE-B55D-D25DDFD3BFE3}.Debug|Any CPU.Build.0 = Debug|iPhone
		{B68C2B56-7581-46AE-B55D-D25DDFD3BFE3}.Debug|ARM.ActiveCfg = Debug|iPhone
		{B68C2B56-7581-46AE-B55D-D25DDFD3BFE3}.Debug|iPhone.ActiveCfg = Debug|iPhone
		{B68C2B56-7581-46AE-B55D-D25DDFD3BFE3}.Debug|iPhone.Build.0 = Debug|iPhone
		{B68C2B56-7581-46AE-B55D-D25DDFD3BFE3}.Debug|iPhoneSimulator.ActiveCfg = Debug|iPhoneSimulator
		{B68C2B56-7581-46AE-B55D-D25DDFD3BFE3}.Debug|iPhoneSimulator.Build.0 = Debug|iPhoneSimulator
		{B68C2B56-7581-46AE-B55D-D25DDFD3BFE3}.Debug|x64.ActiveCfg = Debug|iPhone
		{B68C2B56-7581-46AE-B55D-D25DDFD3BFE3}.Debug|x86.ActiveCfg = Debug|iPhone
		{B68C2B56-7581-46AE-B55D-D25DDFD3BFE3}.Release|Any CPU.ActiveCfg = Release|iPhone
		{B68C2B56-7581-46AE-B55D-D25DDFD3BFE3}.Release|ARM.ActiveCfg = Release|iPhone
		{B68C2B56-7581-46AE-B55D-D25DDFD3BFE3}.Release|iPhone.ActiveCfg = Release|iPhone
		{B68C2B56-7581-46AE-B55D-D25DDFD3BFE3}.Release|iPhone.Build.0 = Release|iPhone
		{B68C2B56-7581-46AE-B55D-D25DDFD3BFE3}.Release|iPhoneSimulator.ActiveCfg = Release|iPhoneSimulator
		{B68C2B56-7581-46AE-B55D-D25DDFD3BFE3}.Release|iPhoneSimulator.Build.0 = Release|iPhoneSimulator
		{B68C2B56-7581-46AE-B55D-D25DDFD3BFE3}.Release|x64.ActiveCfg = Release|iPhone
		{B68C2B56-7581-46AE-B55D-D25DDFD3BFE3}.Release|x86.ActiveCfg = Release|iPhone
	EndGlobalSection
	GlobalSection(SolutionProperties) = preSolution
		HideSolutionNode = FALSE
	EndGlobalSection
	GlobalSection(NestedProjects) = preSolution
		{F61357CE-1CC2-410E-8776-B16EEBC98EB8} = {932D8224-11F6-4D07-B109-DA28AD288A63}
		{67F9D3A8-F71E-4428-913F-C37AE82CDB24} = {778289CA-31F7-4464-8C2A-612EE846F8A7}
		{6EEB23DC-7063-4444-9AF8-90DF24F549C0} = {9CC7814B-72A6-465B-A61C-57B512DEE303}
		{778289CA-31F7-4464-8C2A-612EE846F8A7} = {F61357CE-1CC2-410E-8776-B16EEBC98EB8}
		{9CC7814B-72A6-465B-A61C-57B512DEE303} = {F61357CE-1CC2-410E-8776-B16EEBC98EB8}
		{B7B1D395-4E06-4036-BE86-C216756B9367} = {A857AD10-40FF-4303-BEC2-FF1C58D5735E}
		{F7B6A162-BC4D-4924-B16A-713F9B0344E7} = {B7B1D395-4E06-4036-BE86-C216756B9367}
		{B68C2B56-7581-46AE-B55D-D25DDFD3BFE3} = {B7B1D395-4E06-4036-BE86-C216756B9367}
	EndGlobalSection
EndGlobal
