
Microsoft Visual Studio Solution File, Format Version 12.00
# Visual Studio Version 16
VisualStudioVersion = 16.0.29020.237
MinimumVisualStudioVersion = 10.0.40219.1
Project("{E53339B2-1760-4266-BCC7-CA923CBCF16C}") = "docker-compose", "docker-compose.dcproj", "{FEA0C318-FFED-4D39-8781-265718CA43DD}"
EndProject
Project("{2150E333-8FDC-42A3-9474-1A3956D46DE8}") = "src", "src", "{932D8224-11F6-4D07-B109-DA28AD288A63}"
EndProject
Project("{2150E333-8FDC-42A3-9474-1A3956D46DE8}") = "Solution Items", "Solution Items", "{3AF739CD-81D8-428D-A08A-0A58372DEBF6}"
	ProjectSection(SolutionItems) = preProject
		.env = .env
		NuGet.config = NuGet.config
	EndProjectSection
EndProject
Project("{2150E333-8FDC-42A3-9474-1A3956D46DE8}") = "Services", "Services", "{91CF7717-08AB-4E65-B10E-0B426F01E2E8}"
EndProject
Project("{2150E333-8FDC-42A3-9474-1A3956D46DE8}") = "Ordering", "Ordering", "{0BD0DB92-2D98-44D9-9AC0-C59186D59B0B}"
EndProject
Project("{9A19103F-16F7-4668-BE54-9A1E7A4F7556}") = "Ordering.API", "Services\Ordering\Ordering.API\Ordering.API.csproj", "{231226CE-690B-4979-8870-9A79D80928E2}"
EndProject
Project("{9A19103F-16F7-4668-BE54-9A1E7A4F7556}") = "Ordering.Domain", "Services\Ordering\Ordering.Domain\Ordering.Domain.csproj", "{F5598DCB-6DDE-4661-AD9D-A55612DA7E76}"
EndProject
Project("{9A19103F-16F7-4668-BE54-9A1E7A4F7556}") = "Ordering.Infrastructure", "Services\Ordering\Ordering.Infrastructure\Ordering.Infrastructure.csproj", "{95F1F07C-4D92-4742-BD07-E5B805AAB651}"
EndProject
Project("{2150E333-8FDC-42A3-9474-1A3956D46DE8}") = "BuildingBlocks", "BuildingBlocks", "{DB0EFB20-B024-4E5E-A75C-52143C131D25}"
EndProject
Project("{2150E333-8FDC-42A3-9474-1A3956D46DE8}") = "EventBus", "EventBus", "{807BB76E-B2BB-47A2-A57B-3D1B20FF5E7F}"
EndProject
Project("{9A19103F-16F7-4668-BE54-9A1E7A4F7556}") = "EventBus", "BuildingBlocks\EventBus\EventBus\EventBus.csproj", "{0044B293-1DCC-4224-B948-00CF6DC7F510}"
EndProject
Project("{9A19103F-16F7-4668-BE54-9A1E7A4F7556}") = "EventBusRabbitMQ", "BuildingBlocks\EventBus\EventBusRabbitMQ\EventBusRabbitMQ.csproj", "{8088F3FC-6787-45FA-A924-816EC81CBFAC}"
EndProject
Project("{9A19103F-16F7-4668-BE54-9A1E7A4F7556}") = "IntegrationEventLogEF", "BuildingBlocks\EventBus\IntegrationEventLogEF\IntegrationEventLogEF.csproj", "{9EE28E45-1533-472B-8267-56C48855BA0E}"
EndProject
Project("{9A19103F-16F7-4668-BE54-9A1E7A4F7556}") = "EventBusServiceBus", "BuildingBlocks\EventBus\EventBusServiceBus\EventBusServiceBus.csproj", "{69AF10D3-AA76-4FF7-B187-EC7E8CC5F5B8}"
EndProject
Project("{2150E333-8FDC-42A3-9474-1A3956D46DE8}") = "WebHost", "WebHost", "{1815B651-941C-466B-AE33-D1D7EEB8F77F}"
EndProject
Project("{9A19103F-16F7-4668-BE54-9A1E7A4F7556}") = "WebHost.Customization", "BuildingBlocks\WebHostCustomization\WebHost.Customization\WebHost.Customization.csproj", "{15F4B3AA-89B6-4A0D-9051-414305974781}"
EndProject
Project("{9A19103F-16F7-4668-BE54-9A1E7A4F7556}") = "Ordering.SignalrHub", "Services\Ordering\Ordering.SignalrHub\Ordering.SignalrHub.csproj", "{E1D2B260-4E7F-4A88-BC13-9910F7C44623}"
EndProject
Project("{9A19103F-16F7-4668-BE54-9A1E7A4F7556}") = "Ordering.UnitTests", "Services\Ordering\Ordering.UnitTests\Ordering.UnitTests.csproj", "{B1182FD9-C245-4018-8412-C66F290C7F4C}"
EndProject
Project("{2150E333-8FDC-42A3-9474-1A3956D46DE8}") = "tests", "tests", "{120CABB3-0FEA-4B40-B4B5-2D3041798C80}"
EndProject
Project("{9A19103F-16F7-4668-BE54-9A1E7A4F7556}") = "Ordering.BackgroundTasks", "Services\Ordering\Ordering.BackgroundTasks\Ordering.BackgroundTasks.csproj", "{D4DBA4A3-E4A5-4D9D-8ACF-F38F7D506191}"
EndProject
Global
	GlobalSection(SolutionConfigurationPlatforms) = preSolution
		Ad-Hoc|Any CPU = Ad-Hoc|Any CPU
		Ad-Hoc|ARM = Ad-Hoc|ARM
		Ad-Hoc|iPhone = Ad-Hoc|iPhone
		Ad-Hoc|iPhoneSimulator = Ad-Hoc|iPhoneSimulator
		Ad-Hoc|x64 = Ad-Hoc|x64
		Ad-Hoc|x86 = Ad-Hoc|x86
		AppStore|Any CPU = AppStore|Any CPU
		AppStore|ARM = AppStore|ARM
		AppStore|iPhone = AppStore|iPhone
		AppStore|iPhoneSimulator = AppStore|iPhoneSimulator
		AppStore|x64 = AppStore|x64
		AppStore|x86 = AppStore|x86
		Debug|Any CPU = Debug|Any CPU
		Debug|ARM = Debug|ARM
		Debug|iPhone = Debug|iPhone
		Debug|iPhoneSimulator = Debug|iPhoneSimulator
		Debug|x64 = Debug|x64
		Debug|x86 = Debug|x86
		Release|Any CPU = Release|Any CPU
		Release|ARM = Release|ARM
		Release|iPhone = Release|iPhone
		Release|iPhoneSimulator = Release|iPhoneSimulator
		Release|x64 = Release|x64
		Release|x86 = Release|x86
	EndGlobalSection
	GlobalSection(ProjectConfigurationPlatforms) = postSolution
		{FEA0C318-FFED-4D39-8781-265718CA43DD}.Ad-Hoc|Any CPU.ActiveCfg = Debug|Any CPU
		{FEA0C318-FFED-4D39-8781-265718CA43DD}.Ad-Hoc|Any CPU.Build.0 = Debug|Any CPU
		{FEA0C318-FFED-4D39-8781-265718CA43DD}.Ad-Hoc|ARM.ActiveCfg = Debug|Any CPU
		{FEA0C318-FFED-4D39-8781-265718CA43DD}.Ad-Hoc|ARM.Build.0 = Debug|Any CPU
		{FEA0C318-FFED-4D39-8781-265718CA43DD}.Ad-Hoc|iPhone.ActiveCfg = Debug|Any CPU
		{FEA0C318-FFED-4D39-8781-265718CA43DD}.Ad-Hoc|iPhone.Build.0 = Debug|Any CPU
		{FEA0C318-FFED-4D39-8781-265718CA43DD}.Ad-Hoc|iPhoneSimulator.ActiveCfg = Debug|Any CPU
		{FEA0C318-FFED-4D39-8781-265718CA43DD}.Ad-Hoc|iPhoneSimulator.Build.0 = Debug|Any CPU
		{FEA0C318-FFED-4D39-8781-265718CA43DD}.Ad-Hoc|x64.ActiveCfg = Debug|Any CPU
		{FEA0C318-FFED-4D39-8781-265718CA43DD}.Ad-Hoc|x64.Build.0 = Debug|Any CPU
		{FEA0C318-FFED-4D39-8781-265718CA43DD}.Ad-Hoc|x86.ActiveCfg = Debug|Any CPU
		{FEA0C318-FFED-4D39-8781-265718CA43DD}.Ad-Hoc|x86.Build.0 = Debug|Any CPU
		{FEA0C318-FFED-4D39-8781-265718CA43DD}.AppStore|Any CPU.ActiveCfg = Debug|Any CPU
		{FEA0C318-FFED-4D39-8781-265718CA43DD}.AppStore|Any CPU.Build.0 = Debug|Any CPU
		{FEA0C318-FFED-4D39-8781-265718CA43DD}.AppStore|ARM.ActiveCfg = Debug|Any CPU
		{FEA0C318-FFED-4D39-8781-265718CA43DD}.AppStore|ARM.Build.0 = Debug|Any CPU
		{FEA0C318-FFED-4D39-8781-265718CA43DD}.AppStore|iPhone.ActiveCfg = Debug|Any CPU
		{FEA0C318-FFED-4D39-8781-265718CA43DD}.AppStore|iPhone.Build.0 = Debug|Any CPU
		{FEA0C318-FFED-4D39-8781-265718CA43DD}.AppStore|iPhoneSimulator.ActiveCfg = Debug|Any CPU
		{FEA0C318-FFED-4D39-8781-265718CA43DD}.AppStore|iPhoneSimulator.Build.0 = Debug|Any CPU
		{FEA0C318-FFED-4D39-8781-265718CA43DD}.AppStore|x64.ActiveCfg = Debug|Any CPU
		{FEA0C318-FFED-4D39-8781-265718CA43DD}.AppStore|x64.Build.0 = Debug|Any CPU
		{FEA0C318-FFED-4D39-8781-265718CA43DD}.AppStore|x86.ActiveCfg = Debug|Any CPU
		{FEA0C318-FFED-4D39-8781-265718CA43DD}.AppStore|x86.Build.0 = Debug|Any CPU
		{FEA0C318-FFED-4D39-8781-265718CA43DD}.Debug|Any CPU.ActiveCfg = Debug|Any CPU
		{FEA0C318-FFED-4D39-8781-265718CA43DD}.Debug|Any CPU.Build.0 = Debug|Any CPU
		{FEA0C318-FFED-4D39-8781-265718CA43DD}.Debug|ARM.ActiveCfg = Debug|Any CPU
		{FEA0C318-FFED-4D39-8781-265718CA43DD}.Debug|ARM.Build.0 = Debug|Any CPU
		{FEA0C318-FFED-4D39-8781-265718CA43DD}.Debug|iPhone.ActiveCfg = Debug|Any CPU
		{FEA0C318-FFED-4D39-8781-265718CA43DD}.Debug|iPhone.Build.0 = Debug|Any CPU
		{FEA0C318-FFED-4D39-8781-265718CA43DD}.Debug|iPhoneSimulator.ActiveCfg = Debug|Any CPU
		{FEA0C318-FFED-4D39-8781-265718CA43DD}.Debug|iPhoneSimulator.Build.0 = Debug|Any CPU
		{FEA0C318-FFED-4D39-8781-265718CA43DD}.Debug|x64.ActiveCfg = Debug|Any CPU
		{FEA0C318-FFED-4D39-8781-265718CA43DD}.Debug|x64.Build.0 = Debug|Any CPU
		{FEA0C318-FFED-4D39-8781-265718CA43DD}.Debug|x86.ActiveCfg = Debug|Any CPU
		{FEA0C318-FFED-4D39-8781-265718CA43DD}.Debug|x86.Build.0 = Debug|Any CPU
		{FEA0C318-FFED-4D39-8781-265718CA43DD}.Release|Any CPU.ActiveCfg = Release|Any CPU
		{FEA0C318-FFED-4D39-8781-265718CA43DD}.Release|Any CPU.Build.0 = Release|Any CPU
		{FEA0C318-FFED-4D39-8781-265718CA43DD}.Release|ARM.ActiveCfg = Release|Any CPU
		{FEA0C318-FFED-4D39-8781-265718CA43DD}.Release|ARM.Build.0 = Release|Any CPU
		{FEA0C318-FFED-4D39-8781-265718CA43DD}.Release|iPhone.ActiveCfg = Release|Any CPU
		{FEA0C318-FFED-4D39-8781-265718CA43DD}.Release|iPhone.Build.0 = Release|Any CPU
		{FEA0C318-FFED-4D39-8781-265718CA43DD}.Release|iPhoneSimulator.ActiveCfg = Release|Any CPU
		{FEA0C318-FFED-4D39-8781-265718CA43DD}.Release|iPhoneSimulator.Build.0 = Release|Any CPU
		{FEA0C318-FFED-4D39-8781-265718CA43DD}.Release|x64.ActiveCfg = Release|Any CPU
		{FEA0C318-FFED-4D39-8781-265718CA43DD}.Release|x64.Build.0 = Release|Any CPU
		{FEA0C318-FFED-4D39-8781-265718CA43DD}.Release|x86.ActiveCfg = Release|Any CPU
		{FEA0C318-FFED-4D39-8781-265718CA43DD}.Release|x86.Build.0 = Release|Any CPU
		{231226CE-690B-4979-8870-9A79D80928E2}.Ad-Hoc|Any CPU.ActiveCfg = Release|Any CPU
		{231226CE-690B-4979-8870-9A79D80928E2}.Ad-Hoc|ARM.ActiveCfg = Release|Any CPU
		{231226CE-690B-4979-8870-9A79D80928E2}.Ad-Hoc|iPhone.ActiveCfg = Release|Any CPU
		{231226CE-690B-4979-8870-9A79D80928E2}.Ad-Hoc|iPhoneSimulator.ActiveCfg = Release|Any CPU
		{231226CE-690B-4979-8870-9A79D80928E2}.Ad-Hoc|x64.ActiveCfg = Release|Any CPU
		{231226CE-690B-4979-8870-9A79D80928E2}.Ad-Hoc|x86.ActiveCfg = Release|Any CPU
		{231226CE-690B-4979-8870-9A79D80928E2}.AppStore|Any CPU.ActiveCfg = Release|Any CPU
		{231226CE-690B-4979-8870-9A79D80928E2}.AppStore|ARM.ActiveCfg = Release|Any CPU
		{231226CE-690B-4979-8870-9A79D80928E2}.AppStore|iPhone.ActiveCfg = Release|Any CPU
		{231226CE-690B-4979-8870-9A79D80928E2}.AppStore|iPhoneSimulator.ActiveCfg = Release|Any CPU
		{231226CE-690B-4979-8870-9A79D80928E2}.AppStore|x64.ActiveCfg = Release|Any CPU
		{231226CE-690B-4979-8870-9A79D80928E2}.AppStore|x86.ActiveCfg = Release|Any CPU
		{231226CE-690B-4979-8870-9A79D80928E2}.Debug|Any CPU.ActiveCfg = Debug|Any CPU
		{231226CE-690B-4979-8870-9A79D80928E2}.Debug|Any CPU.Build.0 = Debug|Any CPU
		{231226CE-690B-4979-8870-9A79D80928E2}.Debug|ARM.ActiveCfg = Debug|Any CPU
		{231226CE-690B-4979-8870-9A79D80928E2}.Debug|iPhone.ActiveCfg = Debug|Any CPU
		{231226CE-690B-4979-8870-9A79D80928E2}.Debug|iPhoneSimulator.ActiveCfg = Debug|Any CPU
		{231226CE-690B-4979-8870-9A79D80928E2}.Debug|x64.ActiveCfg = Debug|Any CPU
		{231226CE-690B-4979-8870-9A79D80928E2}.Debug|x86.ActiveCfg = Debug|Any CPU
		{231226CE-690B-4979-8870-9A79D80928E2}.Release|Any CPU.ActiveCfg = Release|Any CPU
		{231226CE-690B-4979-8870-9A79D80928E2}.Release|Any CPU.Build.0 = Release|Any CPU
		{231226CE-690B-4979-8870-9A79D80928E2}.Release|ARM.ActiveCfg = Release|Any CPU
		{231226CE-690B-4979-8870-9A79D80928E2}.Release|iPhone.ActiveCfg = Release|Any CPU
		{231226CE-690B-4979-8870-9A79D80928E2}.Release|iPhoneSimulator.ActiveCfg = Release|Any CPU
		{231226CE-690B-4979-8870-9A79D80928E2}.Release|x64.ActiveCfg = Release|Any CPU
		{231226CE-690B-4979-8870-9A79D80928E2}.Release|x86.ActiveCfg = Release|Any CPU
		{F5598DCB-6DDE-4661-AD9D-A55612DA7E76}.Ad-Hoc|Any CPU.ActiveCfg = Release|Any CPU
		{F5598DCB-6DDE-4661-AD9D-A55612DA7E76}.Ad-Hoc|ARM.ActiveCfg = Release|Any CPU
		{F5598DCB-6DDE-4661-AD9D-A55612DA7E76}.Ad-Hoc|iPhone.ActiveCfg = Release|Any CPU
		{F5598DCB-6DDE-4661-AD9D-A55612DA7E76}.Ad-Hoc|iPhoneSimulator.ActiveCfg = Release|Any CPU
		{F5598DCB-6DDE-4661-AD9D-A55612DA7E76}.Ad-Hoc|x64.ActiveCfg = Release|Any CPU
		{F5598DCB-6DDE-4661-AD9D-A55612DA7E76}.Ad-Hoc|x86.ActiveCfg = Release|Any CPU
		{F5598DCB-6DDE-4661-AD9D-A55612DA7E76}.AppStore|Any CPU.ActiveCfg = Release|Any CPU
		{F5598DCB-6DDE-4661-AD9D-A55612DA7E76}.AppStore|ARM.ActiveCfg = Release|Any CPU
		{F5598DCB-6DDE-4661-AD9D-A55612DA7E76}.AppStore|iPhone.ActiveCfg = Release|Any CPU
		{F5598DCB-6DDE-4661-AD9D-A55612DA7E76}.AppStore|iPhoneSimulator.ActiveCfg = Release|Any CPU
		{F5598DCB-6DDE-4661-AD9D-A55612DA7E76}.AppStore|x64.ActiveCfg = Release|Any CPU
		{F5598DCB-6DDE-4661-AD9D-A55612DA7E76}.AppStore|x86.ActiveCfg = Release|Any CPU
		{F5598DCB-6DDE-4661-AD9D-A55612DA7E76}.Debug|Any CPU.ActiveCfg = Debug|Any CPU
		{F5598DCB-6DDE-4661-AD9D-A55612DA7E76}.Debug|Any CPU.Build.0 = Debug|Any CPU
		{F5598DCB-6DDE-4661-AD9D-A55612DA7E76}.Debug|ARM.ActiveCfg = Debug|Any CPU
		{F5598DCB-6DDE-4661-AD9D-A55612DA7E76}.Debug|iPhone.ActiveCfg = Debug|Any CPU
		{F5598DCB-6DDE-4661-AD9D-A55612DA7E76}.Debug|iPhoneSimulator.ActiveCfg = Debug|Any CPU
		{F5598DCB-6DDE-4661-AD9D-A55612DA7E76}.Debug|x64.ActiveCfg = Debug|Any CPU
		{F5598DCB-6DDE-4661-AD9D-A55612DA7E76}.Debug|x86.ActiveCfg = Debug|Any CPU
		{F5598DCB-6DDE-4661-AD9D-A55612DA7E76}.Release|Any CPU.ActiveCfg = Release|Any CPU
		{F5598DCB-6DDE-4661-AD9D-A55612DA7E76}.Release|Any CPU.Build.0 = Release|Any CPU
		{F5598DCB-6DDE-4661-AD9D-A55612DA7E76}.Release|ARM.ActiveCfg = Release|Any CPU
		{F5598DCB-6DDE-4661-AD9D-A55612DA7E76}.Release|iPhone.ActiveCfg = Release|Any CPU
		{F5598DCB-6DDE-4661-AD9D-A55612DA7E76}.Release|iPhoneSimulator.ActiveCfg = Release|Any CPU
		{F5598DCB-6DDE-4661-AD9D-A55612DA7E76}.Release|x64.ActiveCfg = Release|Any CPU
		{F5598DCB-6DDE-4661-AD9D-A55612DA7E76}.Release|x86.ActiveCfg = Release|Any CPU
		{95F1F07C-4D92-4742-BD07-E5B805AAB651}.Ad-Hoc|Any CPU.ActiveCfg = Debug|Any CPU
		{95F1F07C-4D92-4742-BD07-E5B805AAB651}.Ad-Hoc|Any CPU.Build.0 = Debug|Any CPU
		{95F1F07C-4D92-4742-BD07-E5B805AAB651}.Ad-Hoc|ARM.ActiveCfg = Debug|Any CPU
		{95F1F07C-4D92-4742-BD07-E5B805AAB651}.Ad-Hoc|ARM.Build.0 = Debug|Any CPU
		{95F1F07C-4D92-4742-BD07-E5B805AAB651}.Ad-Hoc|iPhone.ActiveCfg = Debug|Any CPU
		{95F1F07C-4D92-4742-BD07-E5B805AAB651}.Ad-Hoc|iPhone.Build.0 = Debug|Any CPU
		{95F1F07C-4D92-4742-BD07-E5B805AAB651}.Ad-Hoc|iPhoneSimulator.ActiveCfg = Debug|Any CPU
		{95F1F07C-4D92-4742-BD07-E5B805AAB651}.Ad-Hoc|iPhoneSimulator.Build.0 = Debug|Any CPU
		{95F1F07C-4D92-4742-BD07-E5B805AAB651}.Ad-Hoc|x64.ActiveCfg = Debug|Any CPU
		{95F1F07C-4D92-4742-BD07-E5B805AAB651}.Ad-Hoc|x64.Build.0 = Debug|Any CPU
		{95F1F07C-4D92-4742-BD07-E5B805AAB651}.Ad-Hoc|x86.ActiveCfg = Debug|Any CPU
		{95F1F07C-4D92-4742-BD07-E5B805AAB651}.Ad-Hoc|x86.Build.0 = Debug|Any CPU
		{95F1F07C-4D92-4742-BD07-E5B805AAB651}.AppStore|Any CPU.ActiveCfg = Debug|Any CPU
		{95F1F07C-4D92-4742-BD07-E5B805AAB651}.AppStore|Any CPU.Build.0 = Debug|Any CPU
		{95F1F07C-4D92-4742-BD07-E5B805AAB651}.AppStore|ARM.ActiveCfg = Debug|Any CPU
		{95F1F07C-4D92-4742-BD07-E5B805AAB651}.AppStore|ARM.Build.0 = Debug|Any CPU
		{95F1F07C-4D92-4742-BD07-E5B805AAB651}.AppStore|iPhone.ActiveCfg = Debug|Any CPU
		{95F1F07C-4D92-4742-BD07-E5B805AAB651}.AppStore|iPhone.Build.0 = Debug|Any CPU
		{95F1F07C-4D92-4742-BD07-E5B805AAB651}.AppStore|iPhoneSimulator.ActiveCfg = Debug|Any CPU
		{95F1F07C-4D92-4742-BD07-E5B805AAB651}.AppStore|iPhoneSimulator.Build.0 = Debug|Any CPU
		{95F1F07C-4D92-4742-BD07-E5B805AAB651}.AppStore|x64.ActiveCfg = Debug|Any CPU
		{95F1F07C-4D92-4742-BD07-E5B805AAB651}.AppStore|x64.Build.0 = Debug|Any CPU
		{95F1F07C-4D92-4742-BD07-E5B805AAB651}.AppStore|x86.ActiveCfg = Debug|Any CPU
		{95F1F07C-4D92-4742-BD07-E5B805AAB651}.AppStore|x86.Build.0 = Debug|Any CPU
		{95F1F07C-4D92-4742-BD07-E5B805AAB651}.Debug|Any CPU.ActiveCfg = Debug|Any CPU
		{95F1F07C-4D92-4742-BD07-E5B805AAB651}.Debug|Any CPU.Build.0 = Debug|Any CPU
		{95F1F07C-4D92-4742-BD07-E5B805AAB651}.Debug|ARM.ActiveCfg = Debug|Any CPU
		{95F1F07C-4D92-4742-BD07-E5B805AAB651}.Debug|ARM.Build.0 = Debug|Any CPU
		{95F1F07C-4D92-4742-BD07-E5B805AAB651}.Debug|iPhone.ActiveCfg = Debug|Any CPU
		{95F1F07C-4D92-4742-BD07-E5B805AAB651}.Debug|iPhone.Build.0 = Debug|Any CPU
		{95F1F07C-4D92-4742-BD07-E5B805AAB651}.Debug|iPhoneSimulator.ActiveCfg = Debug|Any CPU
		{95F1F07C-4D92-4742-BD07-E5B805AAB651}.Debug|iPhoneSimulator.Build.0 = Debug|Any CPU
		{95F1F07C-4D92-4742-BD07-E5B805AAB651}.Debug|x64.ActiveCfg = Debug|Any CPU
		{95F1F07C-4D92-4742-BD07-E5B805AAB651}.Debug|x64.Build.0 = Debug|Any CPU
		{95F1F07C-4D92-4742-BD07-E5B805AAB651}.Debug|x86.ActiveCfg = Debug|Any CPU
		{95F1F07C-4D92-4742-BD07-E5B805AAB651}.Debug|x86.Build.0 = Debug|Any CPU
		{95F1F07C-4D92-4742-BD07-E5B805AAB651}.Release|Any CPU.ActiveCfg = Release|Any CPU
		{95F1F07C-4D92-4742-BD07-E5B805AAB651}.Release|Any CPU.Build.0 = Release|Any CPU
		{95F1F07C-4D92-4742-BD07-E5B805AAB651}.Release|ARM.ActiveCfg = Release|Any CPU
		{95F1F07C-4D92-4742-BD07-E5B805AAB651}.Release|ARM.Build.0 = Release|Any CPU
		{95F1F07C-4D92-4742-BD07-E5B805AAB651}.Release|iPhone.ActiveCfg = Release|Any CPU
		{95F1F07C-4D92-4742-BD07-E5B805AAB651}.Release|iPhone.Build.0 = Release|Any CPU
		{95F1F07C-4D92-4742-BD07-E5B805AAB651}.Release|iPhoneSimulator.ActiveCfg = Release|Any CPU
		{95F1F07C-4D92-4742-BD07-E5B805AAB651}.Release|iPhoneSimulator.Build.0 = Release|Any CPU
		{95F1F07C-4D92-4742-BD07-E5B805AAB651}.Release|x64.ActiveCfg = Release|Any CPU
		{95F1F07C-4D92-4742-BD07-E5B805AAB651}.Release|x64.Build.0 = Release|Any CPU
		{95F1F07C-4D92-4742-BD07-E5B805AAB651}.Release|x86.ActiveCfg = Release|Any CPU
		{95F1F07C-4D92-4742-BD07-E5B805AAB651}.Release|x86.Build.0 = Release|Any CPU
		{0044B293-1DCC-4224-B948-00CF6DC7F510}.Ad-Hoc|Any CPU.ActiveCfg = Debug|Any CPU
		{0044B293-1DCC-4224-B948-00CF6DC7F510}.Ad-Hoc|Any CPU.Build.0 = Debug|Any CPU
		{0044B293-1DCC-4224-B948-00CF6DC7F510}.Ad-Hoc|ARM.ActiveCfg = Debug|Any CPU
		{0044B293-1DCC-4224-B948-00CF6DC7F510}.Ad-Hoc|ARM.Build.0 = Debug|Any CPU
		{0044B293-1DCC-4224-B948-00CF6DC7F510}.Ad-Hoc|iPhone.ActiveCfg = Debug|Any CPU
		{0044B293-1DCC-4224-B948-00CF6DC7F510}.Ad-Hoc|iPhone.Build.0 = Debug|Any CPU
		{0044B293-1DCC-4224-B948-00CF6DC7F510}.Ad-Hoc|iPhoneSimulator.ActiveCfg = Debug|Any CPU
		{0044B293-1DCC-4224-B948-00CF6DC7F510}.Ad-Hoc|iPhoneSimulator.Build.0 = Debug|Any CPU
		{0044B293-1DCC-4224-B948-00CF6DC7F510}.Ad-Hoc|x64.ActiveCfg = Debug|Any CPU
		{0044B293-1DCC-4224-B948-00CF6DC7F510}.Ad-Hoc|x64.Build.0 = Debug|Any CPU
		{0044B293-1DCC-4224-B948-00CF6DC7F510}.Ad-Hoc|x86.ActiveCfg = Debug|Any CPU
		{0044B293-1DCC-4224-B948-00CF6DC7F510}.Ad-Hoc|x86.Build.0 = Debug|Any CPU
		{0044B293-1DCC-4224-B948-00CF6DC7F510}.AppStore|Any CPU.ActiveCfg = Debug|Any CPU
		{0044B293-1DCC-4224-B948-00CF6DC7F510}.AppStore|Any CPU.Build.0 = Debug|Any CPU
		{0044B293-1DCC-4224-B948-00CF6DC7F510}.AppStore|ARM.ActiveCfg = Debug|Any CPU
		{0044B293-1DCC-4224-B948-00CF6DC7F510}.AppStore|ARM.Build.0 = Debug|Any CPU
		{0044B293-1DCC-4224-B948-00CF6DC7F510}.AppStore|iPhone.ActiveCfg = Debug|Any CPU
		{0044B293-1DCC-4224-B948-00CF6DC7F510}.AppStore|iPhone.Build.0 = Debug|Any CPU
		{0044B293-1DCC-4224-B948-00CF6DC7F510}.AppStore|iPhoneSimulator.ActiveCfg = Debug|Any CPU
		{0044B293-1DCC-4224-B948-00CF6DC7F510}.AppStore|iPhoneSimulator.Build.0 = Debug|Any CPU
		{0044B293-1DCC-4224-B948-00CF6DC7F510}.AppStore|x64.ActiveCfg = Debug|Any CPU
		{0044B293-1DCC-4224-B948-00CF6DC7F510}.AppStore|x64.Build.0 = Debug|Any CPU
		{0044B293-1DCC-4224-B948-00CF6DC7F510}.AppStore|x86.ActiveCfg = Debug|Any CPU
		{0044B293-1DCC-4224-B948-00CF6DC7F510}.AppStore|x86.Build.0 = Debug|Any CPU
		{0044B293-1DCC-4224-B948-00CF6DC7F510}.Debug|Any CPU.ActiveCfg = Debug|Any CPU
		{0044B293-1DCC-4224-B948-00CF6DC7F510}.Debug|Any CPU.Build.0 = Debug|Any CPU
		{0044B293-1DCC-4224-B948-00CF6DC7F510}.Debug|ARM.ActiveCfg = Debug|Any CPU
		{0044B293-1DCC-4224-B948-00CF6DC7F510}.Debug|ARM.Build.0 = Debug|Any CPU
		{0044B293-1DCC-4224-B948-00CF6DC7F510}.Debug|iPhone.ActiveCfg = Debug|Any CPU
		{0044B293-1DCC-4224-B948-00CF6DC7F510}.Debug|iPhone.Build.0 = Debug|Any CPU
		{0044B293-1DCC-4224-B948-00CF6DC7F510}.Debug|iPhoneSimulator.ActiveCfg = Debug|Any CPU
		{0044B293-1DCC-4224-B948-00CF6DC7F510}.Debug|iPhoneSimulator.Build.0 = Debug|Any CPU
		{0044B293-1DCC-4224-B948-00CF6DC7F510}.Debug|x64.ActiveCfg = Debug|Any CPU
		{0044B293-1DCC-4224-B948-00CF6DC7F510}.Debug|x64.Build.0 = Debug|Any CPU
		{0044B293-1DCC-4224-B948-00CF6DC7F510}.Debug|x86.ActiveCfg = Debug|Any CPU
		{0044B293-1DCC-4224-B948-00CF6DC7F510}.Debug|x86.Build.0 = Debug|Any CPU
		{0044B293-1DCC-4224-B948-00CF6DC7F510}.Release|Any CPU.ActiveCfg = Release|Any CPU
		{0044B293-1DCC-4224-B948-00CF6DC7F510}.Release|Any CPU.Build.0 = Release|Any CPU
		{0044B293-1DCC-4224-B948-00CF6DC7F510}.Release|ARM.ActiveCfg = Release|Any CPU
		{0044B293-1DCC-4224-B948-00CF6DC7F510}.Release|ARM.Build.0 = Release|Any CPU
		{0044B293-1DCC-4224-B948-00CF6DC7F510}.Release|iPhone.ActiveCfg = Release|Any CPU
		{0044B293-1DCC-4224-B948-00CF6DC7F510}.Release|iPhone.Build.0 = Release|Any CPU
		{0044B293-1DCC-4224-B948-00CF6DC7F510}.Release|iPhoneSimulator.ActiveCfg = Release|Any CPU
		{0044B293-1DCC-4224-B948-00CF6DC7F510}.Release|iPhoneSimulator.Build.0 = Release|Any CPU
		{0044B293-1DCC-4224-B948-00CF6DC7F510}.Release|x64.ActiveCfg = Release|Any CPU
		{0044B293-1DCC-4224-B948-00CF6DC7F510}.Release|x64.Build.0 = Release|Any CPU
		{0044B293-1DCC-4224-B948-00CF6DC7F510}.Release|x86.ActiveCfg = Release|Any CPU
		{0044B293-1DCC-4224-B948-00CF6DC7F510}.Release|x86.Build.0 = Release|Any CPU
		{8088F3FC-6787-45FA-A924-816EC81CBFAC}.Ad-Hoc|Any CPU.ActiveCfg = Debug|Any CPU
		{8088F3FC-6787-45FA-A924-816EC81CBFAC}.Ad-Hoc|Any CPU.Build.0 = Debug|Any CPU
		{8088F3FC-6787-45FA-A924-816EC81CBFAC}.Ad-Hoc|ARM.ActiveCfg = Debug|Any CPU
		{8088F3FC-6787-45FA-A924-816EC81CBFAC}.Ad-Hoc|ARM.Build.0 = Debug|Any CPU
		{8088F3FC-6787-45FA-A924-816EC81CBFAC}.Ad-Hoc|iPhone.ActiveCfg = Debug|Any CPU
		{8088F3FC-6787-45FA-A924-816EC81CBFAC}.Ad-Hoc|iPhone.Build.0 = Debug|Any CPU
		{8088F3FC-6787-45FA-A924-816EC81CBFAC}.Ad-Hoc|iPhoneSimulator.ActiveCfg = Debug|Any CPU
		{8088F3FC-6787-45FA-A924-816EC81CBFAC}.Ad-Hoc|iPhoneSimulator.Build.0 = Debug|Any CPU
		{8088F3FC-6787-45FA-A924-816EC81CBFAC}.Ad-Hoc|x64.ActiveCfg = Debug|Any CPU
		{8088F3FC-6787-45FA-A924-816EC81CBFAC}.Ad-Hoc|x64.Build.0 = Debug|Any CPU
		{8088F3FC-6787-45FA-A924-816EC81CBFAC}.Ad-Hoc|x86.ActiveCfg = Debug|Any CPU
		{8088F3FC-6787-45FA-A924-816EC81CBFAC}.Ad-Hoc|x86.Build.0 = Debug|Any CPU
		{8088F3FC-6787-45FA-A924-816EC81CBFAC}.AppStore|Any CPU.ActiveCfg = Debug|Any CPU
		{8088F3FC-6787-45FA-A924-816EC81CBFAC}.AppStore|Any CPU.Build.0 = Debug|Any CPU
		{8088F3FC-6787-45FA-A924-816EC81CBFAC}.AppStore|ARM.ActiveCfg = Debug|Any CPU
		{8088F3FC-6787-45FA-A924-816EC81CBFAC}.AppStore|ARM.Build.0 = Debug|Any CPU
		{8088F3FC-6787-45FA-A924-816EC81CBFAC}.AppStore|iPhone.ActiveCfg = Debug|Any CPU
		{8088F3FC-6787-45FA-A924-816EC81CBFAC}.AppStore|iPhone.Build.0 = Debug|Any CPU
		{8088F3FC-6787-45FA-A924-816EC81CBFAC}.AppStore|iPhoneSimulator.ActiveCfg = Debug|Any CPU
		{8088F3FC-6787-45FA-A924-816EC81CBFAC}.AppStore|iPhoneSimulator.Build.0 = Debug|Any CPU
		{8088F3FC-6787-45FA-A924-816EC81CBFAC}.AppStore|x64.ActiveCfg = Debug|Any CPU
		{8088F3FC-6787-45FA-A924-816EC81CBFAC}.AppStore|x64.Build.0 = Debug|Any CPU
		{8088F3FC-6787-45FA-A924-816EC81CBFAC}.AppStore|x86.ActiveCfg = Debug|Any CPU
		{8088F3FC-6787-45FA-A924-816EC81CBFAC}.AppStore|x86.Build.0 = Debug|Any CPU
		{8088F3FC-6787-45FA-A924-816EC81CBFAC}.Debug|Any CPU.ActiveCfg = Debug|Any CPU
		{8088F3FC-6787-45FA-A924-816EC81CBFAC}.Debug|Any CPU.Build.0 = Debug|Any CPU
		{8088F3FC-6787-45FA-A924-816EC81CBFAC}.Debug|ARM.ActiveCfg = Debug|Any CPU
		{8088F3FC-6787-45FA-A924-816EC81CBFAC}.Debug|ARM.Build.0 = Debug|Any CPU
		{8088F3FC-6787-45FA-A924-816EC81CBFAC}.Debug|iPhone.ActiveCfg = Debug|Any CPU
		{8088F3FC-6787-45FA-A924-816EC81CBFAC}.Debug|iPhone.Build.0 = Debug|Any CPU
		{8088F3FC-6787-45FA-A924-816EC81CBFAC}.Debug|iPhoneSimulator.ActiveCfg = Debug|Any CPU
		{8088F3FC-6787-45FA-A924-816EC81CBFAC}.Debug|iPhoneSimulator.Build.0 = Debug|Any CPU
		{8088F3FC-6787-45FA-A924-816EC81CBFAC}.Debug|x64.ActiveCfg = Debug|Any CPU
		{8088F3FC-6787-45FA-A924-816EC81CBFAC}.Debug|x64.Build.0 = Debug|Any CPU
		{8088F3FC-6787-45FA-A924-816EC81CBFAC}.Debug|x86.ActiveCfg = Debug|Any CPU
		{8088F3FC-6787-45FA-A924-816EC81CBFAC}.Debug|x86.Build.0 = Debug|Any CPU
		{8088F3FC-6787-45FA-A924-816EC81CBFAC}.Release|Any CPU.ActiveCfg = Release|Any CPU
		{8088F3FC-6787-45FA-A924-816EC81CBFAC}.Release|Any CPU.Build.0 = Release|Any CPU
		{8088F3FC-6787-45FA-A924-816EC81CBFAC}.Release|ARM.ActiveCfg = Release|Any CPU
		{8088F3FC-6787-45FA-A924-816EC81CBFAC}.Release|ARM.Build.0 = Release|Any CPU
		{8088F3FC-6787-45FA-A924-816EC81CBFAC}.Release|iPhone.ActiveCfg = Release|Any CPU
		{8088F3FC-6787-45FA-A924-816EC81CBFAC}.Release|iPhone.Build.0 = Release|Any CPU
		{8088F3FC-6787-45FA-A924-816EC81CBFAC}.Release|iPhoneSimulator.ActiveCfg = Release|Any CPU
		{8088F3FC-6787-45FA-A924-816EC81CBFAC}.Release|iPhoneSimulator.Build.0 = Release|Any CPU
		{8088F3FC-6787-45FA-A924-816EC81CBFAC}.Release|x64.ActiveCfg = Release|Any CPU
		{8088F3FC-6787-45FA-A924-816EC81CBFAC}.Release|x64.Build.0 = Release|Any CPU
		{8088F3FC-6787-45FA-A924-816EC81CBFAC}.Release|x86.ActiveCfg = Release|Any CPU
		{8088F3FC-6787-45FA-A924-816EC81CBFAC}.Release|x86.Build.0 = Release|Any CPU
		{9EE28E45-1533-472B-8267-56C48855BA0E}.Ad-Hoc|Any CPU.ActiveCfg = Debug|Any CPU
		{9EE28E45-1533-472B-8267-56C48855BA0E}.Ad-Hoc|Any CPU.Build.0 = Debug|Any CPU
		{9EE28E45-1533-472B-8267-56C48855BA0E}.Ad-Hoc|ARM.ActiveCfg = Debug|Any CPU
		{9EE28E45-1533-472B-8267-56C48855BA0E}.Ad-Hoc|ARM.Build.0 = Debug|Any CPU
		{9EE28E45-1533-472B-8267-56C48855BA0E}.Ad-Hoc|iPhone.ActiveCfg = Debug|Any CPU
		{9EE28E45-1533-472B-8267-56C48855BA0E}.Ad-Hoc|iPhone.Build.0 = Debug|Any CPU
		{9EE28E45-1533-472B-8267-56C48855BA0E}.Ad-Hoc|iPhoneSimulator.ActiveCfg = Debug|Any CPU
		{9EE28E45-1533-472B-8267-56C48855BA0E}.Ad-Hoc|iPhoneSimulator.Build.0 = Debug|Any CPU
		{9EE28E45-1533-472B-8267-56C48855BA0E}.Ad-Hoc|x64.ActiveCfg = Debug|Any CPU
		{9EE28E45-1533-472B-8267-56C48855BA0E}.Ad-Hoc|x64.Build.0 = Debug|Any CPU
		{9EE28E45-1533-472B-8267-56C48855BA0E}.Ad-Hoc|x86.ActiveCfg = Debug|Any CPU
		{9EE28E45-1533-472B-8267-56C48855BA0E}.Ad-Hoc|x86.Build.0 = Debug|Any CPU
		{9EE28E45-1533-472B-8267-56C48855BA0E}.AppStore|Any CPU.ActiveCfg = Debug|Any CPU
		{9EE28E45-1533-472B-8267-56C48855BA0E}.AppStore|Any CPU.Build.0 = Debug|Any CPU
		{9EE28E45-1533-472B-8267-56C48855BA0E}.AppStore|ARM.ActiveCfg = Debug|Any CPU
		{9EE28E45-1533-472B-8267-56C48855BA0E}.AppStore|ARM.Build.0 = Debug|Any CPU
		{9EE28E45-1533-472B-8267-56C48855BA0E}.AppStore|iPhone.ActiveCfg = Debug|Any CPU
		{9EE28E45-1533-472B-8267-56C48855BA0E}.AppStore|iPhone.Build.0 = Debug|Any CPU
		{9EE28E45-1533-472B-8267-56C48855BA0E}.AppStore|iPhoneSimulator.ActiveCfg = Debug|Any CPU
		{9EE28E45-1533-472B-8267-56C48855BA0E}.AppStore|iPhoneSimulator.Build.0 = Debug|Any CPU
		{9EE28E45-1533-472B-8267-56C48855BA0E}.AppStore|x64.ActiveCfg = Debug|Any CPU
		{9EE28E45-1533-472B-8267-56C48855BA0E}.AppStore|x64.Build.0 = Debug|Any CPU
		{9EE28E45-1533-472B-8267-56C48855BA0E}.AppStore|x86.ActiveCfg = Debug|Any CPU
		{9EE28E45-1533-472B-8267-56C48855BA0E}.AppStore|x86.Build.0 = Debug|Any CPU
		{9EE28E45-1533-472B-8267-56C48855BA0E}.Debug|Any CPU.ActiveCfg = Debug|Any CPU
		{9EE28E45-1533-472B-8267-56C48855BA0E}.Debug|Any CPU.Build.0 = Debug|Any CPU
		{9EE28E45-1533-472B-8267-56C48855BA0E}.Debug|ARM.ActiveCfg = Debug|Any CPU
		{9EE28E45-1533-472B-8267-56C48855BA0E}.Debug|ARM.Build.0 = Debug|Any CPU
		{9EE28E45-1533-472B-8267-56C48855BA0E}.Debug|iPhone.ActiveCfg = Debug|Any CPU
		{9EE28E45-1533-472B-8267-56C48855BA0E}.Debug|iPhone.Build.0 = Debug|Any CPU
		{9EE28E45-1533-472B-8267-56C48855BA0E}.Debug|iPhoneSimulator.ActiveCfg = Debug|Any CPU
		{9EE28E45-1533-472B-8267-56C48855BA0E}.Debug|iPhoneSimulator.Build.0 = Debug|Any CPU
		{9EE28E45-1533-472B-8267-56C48855BA0E}.Debug|x64.ActiveCfg = Debug|Any CPU
		{9EE28E45-1533-472B-8267-56C48855BA0E}.Debug|x64.Build.0 = Debug|Any CPU
		{9EE28E45-1533-472B-8267-56C48855BA0E}.Debug|x86.ActiveCfg = Debug|Any CPU
		{9EE28E45-1533-472B-8267-56C48855BA0E}.Debug|x86.Build.0 = Debug|Any CPU
		{9EE28E45-1533-472B-8267-56C48855BA0E}.Release|Any CPU.ActiveCfg = Release|Any CPU
		{9EE28E45-1533-472B-8267-56C48855BA0E}.Release|Any CPU.Build.0 = Release|Any CPU
		{9EE28E45-1533-472B-8267-56C48855BA0E}.Release|ARM.ActiveCfg = Release|Any CPU
		{9EE28E45-1533-472B-8267-56C48855BA0E}.Release|ARM.Build.0 = Release|Any CPU
		{9EE28E45-1533-472B-8267-56C48855BA0E}.Release|iPhone.ActiveCfg = Release|Any CPU
		{9EE28E45-1533-472B-8267-56C48855BA0E}.Release|iPhone.Build.0 = Release|Any CPU
		{9EE28E45-1533-472B-8267-56C48855BA0E}.Release|iPhoneSimulator.ActiveCfg = Release|Any CPU
		{9EE28E45-1533-472B-8267-56C48855BA0E}.Release|iPhoneSimulator.Build.0 = Release|Any CPU
		{9EE28E45-1533-472B-8267-56C48855BA0E}.Release|x64.ActiveCfg = Release|Any CPU
		{9EE28E45-1533-472B-8267-56C48855BA0E}.Release|x64.Build.0 = Release|Any CPU
		{9EE28E45-1533-472B-8267-56C48855BA0E}.Release|x86.ActiveCfg = Release|Any CPU
		{9EE28E45-1533-472B-8267-56C48855BA0E}.Release|x86.Build.0 = Release|Any CPU
		{69AF10D3-AA76-4FF7-B187-EC7E8CC5F5B8}.Ad-Hoc|Any CPU.ActiveCfg = Debug|Any CPU
		{69AF10D3-AA76-4FF7-B187-EC7E8CC5F5B8}.Ad-Hoc|Any CPU.Build.0 = Debug|Any CPU
		{69AF10D3-AA76-4FF7-B187-EC7E8CC5F5B8}.Ad-Hoc|ARM.ActiveCfg = Debug|Any CPU
		{69AF10D3-AA76-4FF7-B187-EC7E8CC5F5B8}.Ad-Hoc|ARM.Build.0 = Debug|Any CPU
		{69AF10D3-AA76-4FF7-B187-EC7E8CC5F5B8}.Ad-Hoc|iPhone.ActiveCfg = Debug|Any CPU
		{69AF10D3-AA76-4FF7-B187-EC7E8CC5F5B8}.Ad-Hoc|iPhone.Build.0 = Debug|Any CPU
		{69AF10D3-AA76-4FF7-B187-EC7E8CC5F5B8}.Ad-Hoc|iPhoneSimulator.ActiveCfg = Debug|Any CPU
		{69AF10D3-AA76-4FF7-B187-EC7E8CC5F5B8}.Ad-Hoc|iPhoneSimulator.Build.0 = Debug|Any CPU
		{69AF10D3-AA76-4FF7-B187-EC7E8CC5F5B8}.Ad-Hoc|x64.ActiveCfg = Debug|Any CPU
		{69AF10D3-AA76-4FF7-B187-EC7E8CC5F5B8}.Ad-Hoc|x64.Build.0 = Debug|Any CPU
		{69AF10D3-AA76-4FF7-B187-EC7E8CC5F5B8}.Ad-Hoc|x86.ActiveCfg = Debug|Any CPU
		{69AF10D3-AA76-4FF7-B187-EC7E8CC5F5B8}.Ad-Hoc|x86.Build.0 = Debug|Any CPU
		{69AF10D3-AA76-4FF7-B187-EC7E8CC5F5B8}.AppStore|Any CPU.ActiveCfg = Debug|Any CPU
		{69AF10D3-AA76-4FF7-B187-EC7E8CC5F5B8}.AppStore|Any CPU.Build.0 = Debug|Any CPU
		{69AF10D3-AA76-4FF7-B187-EC7E8CC5F5B8}.AppStore|ARM.ActiveCfg = Debug|Any CPU
		{69AF10D3-AA76-4FF7-B187-EC7E8CC5F5B8}.AppStore|ARM.Build.0 = Debug|Any CPU
		{69AF10D3-AA76-4FF7-B187-EC7E8CC5F5B8}.AppStore|iPhone.ActiveCfg = Debug|Any CPU
		{69AF10D3-AA76-4FF7-B187-EC7E8CC5F5B8}.AppStore|iPhone.Build.0 = Debug|Any CPU
		{69AF10D3-AA76-4FF7-B187-EC7E8CC5F5B8}.AppStore|iPhoneSimulator.ActiveCfg = Debug|Any CPU
		{69AF10D3-AA76-4FF7-B187-EC7E8CC5F5B8}.AppStore|iPhoneSimulator.Build.0 = Debug|Any CPU
		{69AF10D3-AA76-4FF7-B187-EC7E8CC5F5B8}.AppStore|x64.ActiveCfg = Debug|Any CPU
		{69AF10D3-AA76-4FF7-B187-EC7E8CC5F5B8}.AppStore|x64.Build.0 = Debug|Any CPU
		{69AF10D3-AA76-4FF7-B187-EC7E8CC5F5B8}.AppStore|x86.ActiveCfg = Debug|Any CPU
		{69AF10D3-AA76-4FF7-B187-EC7E8CC5F5B8}.AppStore|x86.Build.0 = Debug|Any CPU
		{69AF10D3-AA76-4FF7-B187-EC7E8CC5F5B8}.Debug|Any CPU.ActiveCfg = Debug|Any CPU
		{69AF10D3-AA76-4FF7-B187-EC7E8CC5F5B8}.Debug|Any CPU.Build.0 = Debug|Any CPU
		{69AF10D3-AA76-4FF7-B187-EC7E8CC5F5B8}.Debug|ARM.ActiveCfg = Debug|Any CPU
		{69AF10D3-AA76-4FF7-B187-EC7E8CC5F5B8}.Debug|ARM.Build.0 = Debug|Any CPU
		{69AF10D3-AA76-4FF7-B187-EC7E8CC5F5B8}.Debug|iPhone.ActiveCfg = Debug|Any CPU
		{69AF10D3-AA76-4FF7-B187-EC7E8CC5F5B8}.Debug|iPhone.Build.0 = Debug|Any CPU
		{69AF10D3-AA76-4FF7-B187-EC7E8CC5F5B8}.Debug|iPhoneSimulator.ActiveCfg = Debug|Any CPU
		{69AF10D3-AA76-4FF7-B187-EC7E8CC5F5B8}.Debug|iPhoneSimulator.Build.0 = Debug|Any CPU
		{69AF10D3-AA76-4FF7-B187-EC7E8CC5F5B8}.Debug|x64.ActiveCfg = Debug|Any CPU
		{69AF10D3-AA76-4FF7-B187-EC7E8CC5F5B8}.Debug|x64.Build.0 = Debug|Any CPU
		{69AF10D3-AA76-4FF7-B187-EC7E8CC5F5B8}.Debug|x86.ActiveCfg = Debug|Any CPU
		{69AF10D3-AA76-4FF7-B187-EC7E8CC5F5B8}.Debug|x86.Build.0 = Debug|Any CPU
		{69AF10D3-AA76-4FF7-B187-EC7E8CC5F5B8}.Release|Any CPU.ActiveCfg = Release|Any CPU
		{69AF10D3-AA76-4FF7-B187-EC7E8CC5F5B8}.Release|Any CPU.Build.0 = Release|Any CPU
		{69AF10D3-AA76-4FF7-B187-EC7E8CC5F5B8}.Release|ARM.ActiveCfg = Release|Any CPU
		{69AF10D3-AA76-4FF7-B187-EC7E8CC5F5B8}.Release|ARM.Build.0 = Release|Any CPU
		{69AF10D3-AA76-4FF7-B187-EC7E8CC5F5B8}.Release|iPhone.ActiveCfg = Release|Any CPU
		{69AF10D3-AA76-4FF7-B187-EC7E8CC5F5B8}.Release|iPhone.Build.0 = Release|Any CPU
		{69AF10D3-AA76-4FF7-B187-EC7E8CC5F5B8}.Release|iPhoneSimulator.ActiveCfg = Release|Any CPU
		{69AF10D3-AA76-4FF7-B187-EC7E8CC5F5B8}.Release|iPhoneSimulator.Build.0 = Release|Any CPU
		{69AF10D3-AA76-4FF7-B187-EC7E8CC5F5B8}.Release|x64.ActiveCfg = Release|Any CPU
		{69AF10D3-AA76-4FF7-B187-EC7E8CC5F5B8}.Release|x64.Build.0 = Release|Any CPU
		{69AF10D3-AA76-4FF7-B187-EC7E8CC5F5B8}.Release|x86.ActiveCfg = Release|Any CPU
		{69AF10D3-AA76-4FF7-B187-EC7E8CC5F5B8}.Release|x86.Build.0 = Release|Any CPU
		{15F4B3AA-89B6-4A0D-9051-414305974781}.Ad-Hoc|Any CPU.ActiveCfg = Debug|Any CPU
		{15F4B3AA-89B6-4A0D-9051-414305974781}.Ad-Hoc|Any CPU.Build.0 = Debug|Any CPU
		{15F4B3AA-89B6-4A0D-9051-414305974781}.Ad-Hoc|ARM.ActiveCfg = Debug|Any CPU
		{15F4B3AA-89B6-4A0D-9051-414305974781}.Ad-Hoc|ARM.Build.0 = Debug|Any CPU
		{15F4B3AA-89B6-4A0D-9051-414305974781}.Ad-Hoc|iPhone.ActiveCfg = Debug|Any CPU
		{15F4B3AA-89B6-4A0D-9051-414305974781}.Ad-Hoc|iPhone.Build.0 = Debug|Any CPU
		{15F4B3AA-89B6-4A0D-9051-414305974781}.Ad-Hoc|iPhoneSimulator.ActiveCfg = Debug|Any CPU
		{15F4B3AA-89B6-4A0D-9051-414305974781}.Ad-Hoc|iPhoneSimulator.Build.0 = Debug|Any CPU
		{15F4B3AA-89B6-4A0D-9051-414305974781}.Ad-Hoc|x64.ActiveCfg = Debug|Any CPU
		{15F4B3AA-89B6-4A0D-9051-414305974781}.Ad-Hoc|x64.Build.0 = Debug|Any CPU
		{15F4B3AA-89B6-4A0D-9051-414305974781}.Ad-Hoc|x86.ActiveCfg = Debug|Any CPU
		{15F4B3AA-89B6-4A0D-9051-414305974781}.Ad-Hoc|x86.Build.0 = Debug|Any CPU
		{15F4B3AA-89B6-4A0D-9051-414305974781}.AppStore|Any CPU.ActiveCfg = Debug|Any CPU
		{15F4B3AA-89B6-4A0D-9051-414305974781}.AppStore|Any CPU.Build.0 = Debug|Any CPU
		{15F4B3AA-89B6-4A0D-9051-414305974781}.AppStore|ARM.ActiveCfg = Debug|Any CPU
		{15F4B3AA-89B6-4A0D-9051-414305974781}.AppStore|ARM.Build.0 = Debug|Any CPU
		{15F4B3AA-89B6-4A0D-9051-414305974781}.AppStore|iPhone.ActiveCfg = Debug|Any CPU
		{15F4B3AA-89B6-4A0D-9051-414305974781}.AppStore|iPhone.Build.0 = Debug|Any CPU
		{15F4B3AA-89B6-4A0D-9051-414305974781}.AppStore|iPhoneSimulator.ActiveCfg = Debug|Any CPU
		{15F4B3AA-89B6-4A0D-9051-414305974781}.AppStore|iPhoneSimulator.Build.0 = Debug|Any CPU
		{15F4B3AA-89B6-4A0D-9051-414305974781}.AppStore|x64.ActiveCfg = Debug|Any CPU
		{15F4B3AA-89B6-4A0D-9051-414305974781}.AppStore|x64.Build.0 = Debug|Any CPU
		{15F4B3AA-89B6-4A0D-9051-414305974781}.AppStore|x86.ActiveCfg = Debug|Any CPU
		{15F4B3AA-89B6-4A0D-9051-414305974781}.AppStore|x86.Build.0 = Debug|Any CPU
		{15F4B3AA-89B6-4A0D-9051-414305974781}.Debug|Any CPU.ActiveCfg = Debug|Any CPU
		{15F4B3AA-89B6-4A0D-9051-414305974781}.Debug|Any CPU.Build.0 = Debug|Any CPU
		{15F4B3AA-89B6-4A0D-9051-414305974781}.Debug|ARM.ActiveCfg = Debug|Any CPU
		{15F4B3AA-89B6-4A0D-9051-414305974781}.Debug|ARM.Build.0 = Debug|Any CPU
		{15F4B3AA-89B6-4A0D-9051-414305974781}.Debug|iPhone.ActiveCfg = Debug|Any CPU
		{15F4B3AA-89B6-4A0D-9051-414305974781}.Debug|iPhone.Build.0 = Debug|Any CPU
		{15F4B3AA-89B6-4A0D-9051-414305974781}.Debug|iPhoneSimulator.ActiveCfg = Debug|Any CPU
		{15F4B3AA-89B6-4A0D-9051-414305974781}.Debug|iPhoneSimulator.Build.0 = Debug|Any CPU
		{15F4B3AA-89B6-4A0D-9051-414305974781}.Debug|x64.ActiveCfg = Debug|Any CPU
		{15F4B3AA-89B6-4A0D-9051-414305974781}.Debug|x64.Build.0 = Debug|Any CPU
		{15F4B3AA-89B6-4A0D-9051-414305974781}.Debug|x86.ActiveCfg = Debug|Any CPU
		{15F4B3AA-89B6-4A0D-9051-414305974781}.Debug|x86.Build.0 = Debug|Any CPU
		{15F4B3AA-89B6-4A0D-9051-414305974781}.Release|Any CPU.ActiveCfg = Release|Any CPU
		{15F4B3AA-89B6-4A0D-9051-414305974781}.Release|Any CPU.Build.0 = Release|Any CPU
		{15F4B3AA-89B6-4A0D-9051-414305974781}.Release|ARM.ActiveCfg = Release|Any CPU
		{15F4B3AA-89B6-4A0D-9051-414305974781}.Release|ARM.Build.0 = Release|Any CPU
		{15F4B3AA-89B6-4A0D-9051-414305974781}.Release|iPhone.ActiveCfg = Release|Any CPU
		{15F4B3AA-89B6-4A0D-9051-414305974781}.Release|iPhone.Build.0 = Release|Any CPU
		{15F4B3AA-89B6-4A0D-9051-414305974781}.Release|iPhoneSimulator.ActiveCfg = Release|Any CPU
		{15F4B3AA-89B6-4A0D-9051-414305974781}.Release|iPhoneSimulator.Build.0 = Release|Any CPU
		{15F4B3AA-89B6-4A0D-9051-414305974781}.Release|x64.ActiveCfg = Release|Any CPU
		{15F4B3AA-89B6-4A0D-9051-414305974781}.Release|x64.Build.0 = Release|Any CPU
		{15F4B3AA-89B6-4A0D-9051-414305974781}.Release|x86.ActiveCfg = Release|Any CPU
		{15F4B3AA-89B6-4A0D-9051-414305974781}.Release|x86.Build.0 = Release|Any CPU
		{E1D2B260-4E7F-4A88-BC13-9910F7C44623}.Ad-Hoc|Any CPU.ActiveCfg = Debug|Any CPU
		{E1D2B260-4E7F-4A88-BC13-9910F7C44623}.Ad-Hoc|Any CPU.Build.0 = Debug|Any CPU
		{E1D2B260-4E7F-4A88-BC13-9910F7C44623}.Ad-Hoc|ARM.ActiveCfg = Debug|Any CPU
		{E1D2B260-4E7F-4A88-BC13-9910F7C44623}.Ad-Hoc|ARM.Build.0 = Debug|Any CPU
		{E1D2B260-4E7F-4A88-BC13-9910F7C44623}.Ad-Hoc|iPhone.ActiveCfg = Debug|Any CPU
		{E1D2B260-4E7F-4A88-BC13-9910F7C44623}.Ad-Hoc|iPhone.Build.0 = Debug|Any CPU
		{E1D2B260-4E7F-4A88-BC13-9910F7C44623}.Ad-Hoc|iPhoneSimulator.ActiveCfg = Debug|Any CPU
		{E1D2B260-4E7F-4A88-BC13-9910F7C44623}.Ad-Hoc|iPhoneSimulator.Build.0 = Debug|Any CPU
		{E1D2B260-4E7F-4A88-BC13-9910F7C44623}.Ad-Hoc|x64.ActiveCfg = Debug|Any CPU
		{E1D2B260-4E7F-4A88-BC13-9910F7C44623}.Ad-Hoc|x64.Build.0 = Debug|Any CPU
		{E1D2B260-4E7F-4A88-BC13-9910F7C44623}.Ad-Hoc|x86.ActiveCfg = Debug|Any CPU
		{E1D2B260-4E7F-4A88-BC13-9910F7C44623}.Ad-Hoc|x86.Build.0 = Debug|Any CPU
		{E1D2B260-4E7F-4A88-BC13-9910F7C44623}.AppStore|Any CPU.ActiveCfg = Debug|Any CPU
		{E1D2B260-4E7F-4A88-BC13-9910F7C44623}.AppStore|Any CPU.Build.0 = Debug|Any CPU
		{E1D2B260-4E7F-4A88-BC13-9910F7C44623}.AppStore|ARM.ActiveCfg = Debug|Any CPU
		{E1D2B260-4E7F-4A88-BC13-9910F7C44623}.AppStore|ARM.Build.0 = Debug|Any CPU
		{E1D2B260-4E7F-4A88-BC13-9910F7C44623}.AppStore|iPhone.ActiveCfg = Debug|Any CPU
		{E1D2B260-4E7F-4A88-BC13-9910F7C44623}.AppStore|iPhone.Build.0 = Debug|Any CPU
		{E1D2B260-4E7F-4A88-BC13-9910F7C44623}.AppStore|iPhoneSimulator.ActiveCfg = Debug|Any CPU
		{E1D2B260-4E7F-4A88-BC13-9910F7C44623}.AppStore|iPhoneSimulator.Build.0 = Debug|Any CPU
		{E1D2B260-4E7F-4A88-BC13-9910F7C44623}.AppStore|x64.ActiveCfg = Debug|Any CPU
		{E1D2B260-4E7F-4A88-BC13-9910F7C44623}.AppStore|x64.Build.0 = Debug|Any CPU
		{E1D2B260-4E7F-4A88-BC13-9910F7C44623}.AppStore|x86.ActiveCfg = Debug|Any CPU
		{E1D2B260-4E7F-4A88-BC13-9910F7C44623}.AppStore|x86.Build.0 = Debug|Any CPU
		{E1D2B260-4E7F-4A88-BC13-9910F7C44623}.Debug|Any CPU.ActiveCfg = Debug|Any CPU
		{E1D2B260-4E7F-4A88-BC13-9910F7C44623}.Debug|Any CPU.Build.0 = Debug|Any CPU
		{E1D2B260-4E7F-4A88-BC13-9910F7C44623}.Debug|ARM.ActiveCfg = Debug|Any CPU
		{E1D2B260-4E7F-4A88-BC13-9910F7C44623}.Debug|ARM.Build.0 = Debug|Any CPU
		{E1D2B260-4E7F-4A88-BC13-9910F7C44623}.Debug|iPhone.ActiveCfg = Debug|Any CPU
		{E1D2B260-4E7F-4A88-BC13-9910F7C44623}.Debug|iPhone.Build.0 = Debug|Any CPU
		{E1D2B260-4E7F-4A88-BC13-9910F7C44623}.Debug|iPhoneSimulator.ActiveCfg = Debug|Any CPU
		{E1D2B260-4E7F-4A88-BC13-9910F7C44623}.Debug|iPhoneSimulator.Build.0 = Debug|Any CPU
		{E1D2B260-4E7F-4A88-BC13-9910F7C44623}.Debug|x64.ActiveCfg = Debug|Any CPU
		{E1D2B260-4E7F-4A88-BC13-9910F7C44623}.Debug|x64.Build.0 = Debug|Any CPU
		{E1D2B260-4E7F-4A88-BC13-9910F7C44623}.Debug|x86.ActiveCfg = Debug|Any CPU
		{E1D2B260-4E7F-4A88-BC13-9910F7C44623}.Debug|x86.Build.0 = Debug|Any CPU
		{E1D2B260-4E7F-4A88-BC13-9910F7C44623}.Release|Any CPU.ActiveCfg = Release|Any CPU
		{E1D2B260-4E7F-4A88-BC13-9910F7C44623}.Release|Any CPU.Build.0 = Release|Any CPU
		{E1D2B260-4E7F-4A88-BC13-9910F7C44623}.Release|ARM.ActiveCfg = Release|Any CPU
		{E1D2B260-4E7F-4A88-BC13-9910F7C44623}.Release|ARM.Build.0 = Release|Any CPU
		{E1D2B260-4E7F-4A88-BC13-9910F7C44623}.Release|iPhone.ActiveCfg = Release|Any CPU
		{E1D2B260-4E7F-4A88-BC13-9910F7C44623}.Release|iPhone.Build.0 = Release|Any CPU
		{E1D2B260-4E7F-4A88-BC13-9910F7C44623}.Release|iPhoneSimulator.ActiveCfg = Release|Any CPU
		{E1D2B260-4E7F-4A88-BC13-9910F7C44623}.Release|iPhoneSimulator.Build.0 = Release|Any CPU
		{E1D2B260-4E7F-4A88-BC13-9910F7C44623}.Release|x64.ActiveCfg = Release|Any CPU
		{E1D2B260-4E7F-4A88-BC13-9910F7C44623}.Release|x64.Build.0 = Release|Any CPU
		{E1D2B260-4E7F-4A88-BC13-9910F7C44623}.Release|x86.ActiveCfg = Release|Any CPU
		{E1D2B260-4E7F-4A88-BC13-9910F7C44623}.Release|x86.Build.0 = Release|Any CPU
		{B1182FD9-C245-4018-8412-C66F290C7F4C}.Ad-Hoc|Any CPU.ActiveCfg = Debug|Any CPU
		{B1182FD9-C245-4018-8412-C66F290C7F4C}.Ad-Hoc|Any CPU.Build.0 = Debug|Any CPU
		{B1182FD9-C245-4018-8412-C66F290C7F4C}.Ad-Hoc|ARM.ActiveCfg = Debug|Any CPU
		{B1182FD9-C245-4018-8412-C66F290C7F4C}.Ad-Hoc|ARM.Build.0 = Debug|Any CPU
		{B1182FD9-C245-4018-8412-C66F290C7F4C}.Ad-Hoc|iPhone.ActiveCfg = Debug|Any CPU
		{B1182FD9-C245-4018-8412-C66F290C7F4C}.Ad-Hoc|iPhone.Build.0 = Debug|Any CPU
		{B1182FD9-C245-4018-8412-C66F290C7F4C}.Ad-Hoc|iPhoneSimulator.ActiveCfg = Debug|Any CPU
		{B1182FD9-C245-4018-8412-C66F290C7F4C}.Ad-Hoc|iPhoneSimulator.Build.0 = Debug|Any CPU
		{B1182FD9-C245-4018-8412-C66F290C7F4C}.Ad-Hoc|x64.ActiveCfg = Debug|Any CPU
		{B1182FD9-C245-4018-8412-C66F290C7F4C}.Ad-Hoc|x64.Build.0 = Debug|Any CPU
		{B1182FD9-C245-4018-8412-C66F290C7F4C}.Ad-Hoc|x86.ActiveCfg = Debug|Any CPU
		{B1182FD9-C245-4018-8412-C66F290C7F4C}.Ad-Hoc|x86.Build.0 = Debug|Any CPU
		{B1182FD9-C245-4018-8412-C66F290C7F4C}.AppStore|Any CPU.ActiveCfg = Debug|Any CPU
		{B1182FD9-C245-4018-8412-C66F290C7F4C}.AppStore|Any CPU.Build.0 = Debug|Any CPU
		{B1182FD9-C245-4018-8412-C66F290C7F4C}.AppStore|ARM.ActiveCfg = Debug|Any CPU
		{B1182FD9-C245-4018-8412-C66F290C7F4C}.AppStore|ARM.Build.0 = Debug|Any CPU
		{B1182FD9-C245-4018-8412-C66F290C7F4C}.AppStore|iPhone.ActiveCfg = Debug|Any CPU
		{B1182FD9-C245-4018-8412-C66F290C7F4C}.AppStore|iPhone.Build.0 = Debug|Any CPU
		{B1182FD9-C245-4018-8412-C66F290C7F4C}.AppStore|iPhoneSimulator.ActiveCfg = Debug|Any CPU
		{B1182FD9-C245-4018-8412-C66F290C7F4C}.AppStore|iPhoneSimulator.Build.0 = Debug|Any CPU
		{B1182FD9-C245-4018-8412-C66F290C7F4C}.AppStore|x64.ActiveCfg = Debug|Any CPU
		{B1182FD9-C245-4018-8412-C66F290C7F4C}.AppStore|x64.Build.0 = Debug|Any CPU
		{B1182FD9-C245-4018-8412-C66F290C7F4C}.AppStore|x86.ActiveCfg = Debug|Any CPU
		{B1182FD9-C245-4018-8412-C66F290C7F4C}.AppStore|x86.Build.0 = Debug|Any CPU
		{B1182FD9-C245-4018-8412-C66F290C7F4C}.Debug|Any CPU.ActiveCfg = Debug|Any CPU
		{B1182FD9-C245-4018-8412-C66F290C7F4C}.Debug|Any CPU.Build.0 = Debug|Any CPU
		{B1182FD9-C245-4018-8412-C66F290C7F4C}.Debug|ARM.ActiveCfg = Debug|Any CPU
		{B1182FD9-C245-4018-8412-C66F290C7F4C}.Debug|ARM.Build.0 = Debug|Any CPU
		{B1182FD9-C245-4018-8412-C66F290C7F4C}.Debug|iPhone.ActiveCfg = Debug|Any CPU
		{B1182FD9-C245-4018-8412-C66F290C7F4C}.Debug|iPhone.Build.0 = Debug|Any CPU
		{B1182FD9-C245-4018-8412-C66F290C7F4C}.Debug|iPhoneSimulator.ActiveCfg = Debug|Any CPU
		{B1182FD9-C245-4018-8412-C66F290C7F4C}.Debug|iPhoneSimulator.Build.0 = Debug|Any CPU
		{B1182FD9-C245-4018-8412-C66F290C7F4C}.Debug|x64.ActiveCfg = Debug|Any CPU
		{B1182FD9-C245-4018-8412-C66F290C7F4C}.Debug|x64.Build.0 = Debug|Any CPU
		{B1182FD9-C245-4018-8412-C66F290C7F4C}.Debug|x86.ActiveCfg = Debug|Any CPU
		{B1182FD9-C245-4018-8412-C66F290C7F4C}.Debug|x86.Build.0 = Debug|Any CPU
		{B1182FD9-C245-4018-8412-C66F290C7F4C}.Release|Any CPU.ActiveCfg = Release|Any CPU
		{B1182FD9-C245-4018-8412-C66F290C7F4C}.Release|Any CPU.Build.0 = Release|Any CPU
		{B1182FD9-C245-4018-8412-C66F290C7F4C}.Release|ARM.ActiveCfg = Release|Any CPU
		{B1182FD9-C245-4018-8412-C66F290C7F4C}.Release|ARM.Build.0 = Release|Any CPU
		{B1182FD9-C245-4018-8412-C66F290C7F4C}.Release|iPhone.ActiveCfg = Release|Any CPU
		{B1182FD9-C245-4018-8412-C66F290C7F4C}.Release|iPhone.Build.0 = Release|Any CPU
		{B1182FD9-C245-4018-8412-C66F290C7F4C}.Release|iPhoneSimulator.ActiveCfg = Release|Any CPU
		{B1182FD9-C245-4018-8412-C66F290C7F4C}.Release|iPhoneSimulator.Build.0 = Release|Any CPU
		{B1182FD9-C245-4018-8412-C66F290C7F4C}.Release|x64.ActiveCfg = Release|Any CPU
		{B1182FD9-C245-4018-8412-C66F290C7F4C}.Release|x64.Build.0 = Release|Any CPU
		{B1182FD9-C245-4018-8412-C66F290C7F4C}.Release|x86.ActiveCfg = Release|Any CPU
		{B1182FD9-C245-4018-8412-C66F290C7F4C}.Release|x86.Build.0 = Release|Any CPU
		{D4DBA4A3-E4A5-4D9D-8ACF-F38F7D506191}.Ad-Hoc|Any CPU.ActiveCfg = Debug|Any CPU
		{D4DBA4A3-E4A5-4D9D-8ACF-F38F7D506191}.Ad-Hoc|Any CPU.Build.0 = Debug|Any CPU
		{D4DBA4A3-E4A5-4D9D-8ACF-F38F7D506191}.Ad-Hoc|ARM.ActiveCfg = Debug|Any CPU
		{D4DBA4A3-E4A5-4D9D-8ACF-F38F7D506191}.Ad-Hoc|ARM.Build.0 = Debug|Any CPU
		{D4DBA4A3-E4A5-4D9D-8ACF-F38F7D506191}.Ad-Hoc|iPhone.ActiveCfg = Debug|Any CPU
		{D4DBA4A3-E4A5-4D9D-8ACF-F38F7D506191}.Ad-Hoc|iPhone.Build.0 = Debug|Any CPU
		{D4DBA4A3-E4A5-4D9D-8ACF-F38F7D506191}.Ad-Hoc|iPhoneSimulator.ActiveCfg = Debug|Any CPU
		{D4DBA4A3-E4A5-4D9D-8ACF-F38F7D506191}.Ad-Hoc|iPhoneSimulator.Build.0 = Debug|Any CPU
		{D4DBA4A3-E4A5-4D9D-8ACF-F38F7D506191}.Ad-Hoc|x64.ActiveCfg = Debug|Any CPU
		{D4DBA4A3-E4A5-4D9D-8ACF-F38F7D506191}.Ad-Hoc|x64.Build.0 = Debug|Any CPU
		{D4DBA4A3-E4A5-4D9D-8ACF-F38F7D506191}.Ad-Hoc|x86.ActiveCfg = Debug|Any CPU
		{D4DBA4A3-E4A5-4D9D-8ACF-F38F7D506191}.Ad-Hoc|x86.Build.0 = Debug|Any CPU
		{D4DBA4A3-E4A5-4D9D-8ACF-F38F7D506191}.AppStore|Any CPU.ActiveCfg = Debug|Any CPU
		{D4DBA4A3-E4A5-4D9D-8ACF-F38F7D506191}.AppStore|Any CPU.Build.0 = Debug|Any CPU
		{D4DBA4A3-E4A5-4D9D-8ACF-F38F7D506191}.AppStore|ARM.ActiveCfg = Debug|Any CPU
		{D4DBA4A3-E4A5-4D9D-8ACF-F38F7D506191}.AppStore|ARM.Build.0 = Debug|Any CPU
		{D4DBA4A3-E4A5-4D9D-8ACF-F38F7D506191}.AppStore|iPhone.ActiveCfg = Debug|Any CPU
		{D4DBA4A3-E4A5-4D9D-8ACF-F38F7D506191}.AppStore|iPhone.Build.0 = Debug|Any CPU
		{D4DBA4A3-E4A5-4D9D-8ACF-F38F7D506191}.AppStore|iPhoneSimulator.ActiveCfg = Debug|Any CPU
		{D4DBA4A3-E4A5-4D9D-8ACF-F38F7D506191}.AppStore|iPhoneSimulator.Build.0 = Debug|Any CPU
		{D4DBA4A3-E4A5-4D9D-8ACF-F38F7D506191}.AppStore|x64.ActiveCfg = Debug|Any CPU
		{D4DBA4A3-E4A5-4D9D-8ACF-F38F7D506191}.AppStore|x64.Build.0 = Debug|Any CPU
		{D4DBA4A3-E4A5-4D9D-8ACF-F38F7D506191}.AppStore|x86.ActiveCfg = Debug|Any CPU
		{D4DBA4A3-E4A5-4D9D-8ACF-F38F7D506191}.AppStore|x86.Build.0 = Debug|Any CPU
		{D4DBA4A3-E4A5-4D9D-8ACF-F38F7D506191}.Debug|Any CPU.ActiveCfg = Debug|Any CPU
		{D4DBA4A3-E4A5-4D9D-8ACF-F38F7D506191}.Debug|Any CPU.Build.0 = Debug|Any CPU
		{D4DBA4A3-E4A5-4D9D-8ACF-F38F7D506191}.Debug|ARM.ActiveCfg = Debug|Any CPU
		{D4DBA4A3-E4A5-4D9D-8ACF-F38F7D506191}.Debug|ARM.Build.0 = Debug|Any CPU
		{D4DBA4A3-E4A5-4D9D-8ACF-F38F7D506191}.Debug|iPhone.ActiveCfg = Debug|Any CPU
		{D4DBA4A3-E4A5-4D9D-8ACF-F38F7D506191}.Debug|iPhone.Build.0 = Debug|Any CPU
		{D4DBA4A3-E4A5-4D9D-8ACF-F38F7D506191}.Debug|iPhoneSimulator.ActiveCfg = Debug|Any CPU
		{D4DBA4A3-E4A5-4D9D-8ACF-F38F7D506191}.Debug|iPhoneSimulator.Build.0 = Debug|Any CPU
		{D4DBA4A3-E4A5-4D9D-8ACF-F38F7D506191}.Debug|x64.ActiveCfg = Debug|Any CPU
		{D4DBA4A3-E4A5-4D9D-8ACF-F38F7D506191}.Debug|x64.Build.0 = Debug|Any CPU
		{D4DBA4A3-E4A5-4D9D-8ACF-F38F7D506191}.Debug|x86.ActiveCfg = Debug|Any CPU
		{D4DBA4A3-E4A5-4D9D-8ACF-F38F7D506191}.Debug|x86.Build.0 = Debug|Any CPU
		{D4DBA4A3-E4A5-4D9D-8ACF-F38F7D506191}.Release|Any CPU.ActiveCfg = Release|Any CPU
		{D4DBA4A3-E4A5-4D9D-8ACF-F38F7D506191}.Release|Any CPU.Build.0 = Release|Any CPU
		{D4DBA4A3-E4A5-4D9D-8ACF-F38F7D506191}.Release|ARM.ActiveCfg = Release|Any CPU
		{D4DBA4A3-E4A5-4D9D-8ACF-F38F7D506191}.Release|ARM.Build.0 = Release|Any CPU
		{D4DBA4A3-E4A5-4D9D-8ACF-F38F7D506191}.Release|iPhone.ActiveCfg = Release|Any CPU
		{D4DBA4A3-E4A5-4D9D-8ACF-F38F7D506191}.Release|iPhone.Build.0 = Release|Any CPU
		{D4DBA4A3-E4A5-4D9D-8ACF-F38F7D506191}.Release|iPhoneSimulator.ActiveCfg = Release|Any CPU
		{D4DBA4A3-E4A5-4D9D-8ACF-F38F7D506191}.Release|iPhoneSimulator.Build.0 = Release|Any CPU
		{D4DBA4A3-E4A5-4D9D-8ACF-F38F7D506191}.Release|x64.ActiveCfg = Release|Any CPU
		{D4DBA4A3-E4A5-4D9D-8ACF-F38F7D506191}.Release|x64.Build.0 = Release|Any CPU
		{D4DBA4A3-E4A5-4D9D-8ACF-F38F7D506191}.Release|x86.ActiveCfg = Release|Any CPU
		{D4DBA4A3-E4A5-4D9D-8ACF-F38F7D506191}.Release|x86.Build.0 = Release|Any CPU
	EndGlobalSection
	GlobalSection(SolutionProperties) = preSolution
		HideSolutionNode = FALSE
	EndGlobalSection
	GlobalSection(NestedProjects) = preSolution
		{91CF7717-08AB-4E65-B10E-0B426F01E2E8} = {932D8224-11F6-4D07-B109-DA28AD288A63}
		{0BD0DB92-2D98-44D9-9AC0-C59186D59B0B} = {91CF7717-08AB-4E65-B10E-0B426F01E2E8}
		{231226CE-690B-4979-8870-9A79D80928E2} = {0BD0DB92-2D98-44D9-9AC0-C59186D59B0B}
		{F5598DCB-6DDE-4661-AD9D-A55612DA7E76} = {0BD0DB92-2D98-44D9-9AC0-C59186D59B0B}
		{95F1F07C-4D92-4742-BD07-E5B805AAB651} = {0BD0DB92-2D98-44D9-9AC0-C59186D59B0B}
		{DB0EFB20-B024-4E5E-A75C-52143C131D25} = {932D8224-11F6-4D07-B109-DA28AD288A63}
		{807BB76E-B2BB-47A2-A57B-3D1B20FF5E7F} = {DB0EFB20-B024-4E5E-A75C-52143C131D25}
		{0044B293-1DCC-4224-B948-00CF6DC7F510} = {807BB76E-B2BB-47A2-A57B-3D1B20FF5E7F}
		{8088F3FC-6787-45FA-A924-816EC81CBFAC} = {807BB76E-B2BB-47A2-A57B-3D1B20FF5E7F}
		{9EE28E45-1533-472B-8267-56C48855BA0E} = {807BB76E-B2BB-47A2-A57B-3D1B20FF5E7F}
		{69AF10D3-AA76-4FF7-B187-EC7E8CC5F5B8} = {807BB76E-B2BB-47A2-A57B-3D1B20FF5E7F}
		{1815B651-941C-466B-AE33-D1D7EEB8F77F} = {DB0EFB20-B024-4E5E-A75C-52143C131D25}
		{15F4B3AA-89B6-4A0D-9051-414305974781} = {1815B651-941C-466B-AE33-D1D7EEB8F77F}
		{E1D2B260-4E7F-4A88-BC13-9910F7C44623} = {0BD0DB92-2D98-44D9-9AC0-C59186D59B0B}
		{B1182FD9-C245-4018-8412-C66F290C7F4C} = {120CABB3-0FEA-4B40-B4B5-2D3041798C80}
		{120CABB3-0FEA-4B40-B4B5-2D3041798C80} = {0BD0DB92-2D98-44D9-9AC0-C59186D59B0B}
		{D4DBA4A3-E4A5-4D9D-8ACF-F38F7D506191} = {0BD0DB92-2D98-44D9-9AC0-C59186D59B0B}
	EndGlobalSection
	GlobalSection(ExtensibilityGlobals) = postSolution
		SolutionGuid = {25728519-5F0F-4973-8A64-0A81EB4EA8D9}
	EndGlobalSection
EndGlobal
